// !$*UTF8*$!
{
	archiveVersion = 1;
	classes = {
	};
	objectVersion = 55;
	objects = {

/* Begin PBXBuildFile section */
		0E50B35EF309D9DD368ECEEA /* Pods_ObjectiveCHelperTests.framework in Frameworks */ = {isa = PBXBuildFile; fileRef = 6688CD4700FD6598AE22AFDC /* Pods_ObjectiveCHelperTests.framework */; };
		1876AD3228E450BE00DA0387 /* OCHTabbarViewController.m in Sources */ = {isa = PBXBuildFile; fileRef = 1876AD3128E450BE00DA0387 /* OCHTabbarViewController.m */; };
		1876AD3628E452A100DA0387 /* OCHCollectionViewDemoController.m in Sources */ = {isa = PBXBuildFile; fileRef = 1876AD3528E452A100DA0387 /* OCHCollectionViewDemoController.m */; };
		1876AD3A28E464E500DA0387 /* OCHSection.m in Sources */ = {isa = PBXBuildFile; fileRef = 1876AD3928E464E500DA0387 /* OCHSection.m */; };
		1876AD4728E4730400DA0387 /* UIColor+OCH.m in Sources */ = {isa = PBXBuildFile; fileRef = 1876AD4628E4730400DA0387 /* UIColor+OCH.m */; };
		18E4174328E44E720035BDA7 /* AppDelegate.m in Sources */ = {isa = PBXBuildFile; fileRef = 18E4174228E44E720035BDA7 /* AppDelegate.m */; };
		18E4174628E44E720035BDA7 /* SceneDelegate.m in Sources */ = {isa = PBXBuildFile; fileRef = 18E4174528E44E720035BDA7 /* SceneDelegate.m */; };
		18E4174E28E44E740035BDA7 /* Assets.xcassets in Resources */ = {isa = PBXBuildFile; fileRef = 18E4174D28E44E740035BDA7 /* Assets.xcassets */; };
		18E4175128E44E740035BDA7 /* LaunchScreen.storyboard in Resources */ = {isa = PBXBuildFile; fileRef = 18E4174F28E44E740035BDA7 /* LaunchScreen.storyboard */; };
		18E4175428E44E740035BDA7 /* main.m in Sources */ = {isa = PBXBuildFile; fileRef = 18E4175328E44E740035BDA7 /* main.m */; };
		18E4175E28E44E740035BDA7 /* ObjectiveCHelperTests.m in Sources */ = {isa = PBXBuildFile; fileRef = 18E4175D28E44E740035BDA7 /* ObjectiveCHelperTests.m */; };
		18E4176828E44E740035BDA7 /* ObjectiveCHelperUITests.m in Sources */ = {isa = PBXBuildFile; fileRef = 18E4176728E44E740035BDA7 /* ObjectiveCHelperUITests.m */; };
		18E4176A28E44E740035BDA7 /* ObjectiveCHelperUITestsLaunchTests.m in Sources */ = {isa = PBXBuildFile; fileRef = 18E4176928E44E740035BDA7 /* ObjectiveCHelperUITestsLaunchTests.m */; };
		3093019FEA4D19C1BB7DF45E /* Pods_ObjectiveCHelper_ObjectiveCHelperUITests.framework in Frameworks */ = {isa = PBXBuildFile; fileRef = 9299767C1AA87BE14B447F63 /* Pods_ObjectiveCHelper_ObjectiveCHelperUITests.framework */; };
		9164520C4FA8147686A4074F /* Pods_ObjectiveCHelper.framework in Frameworks */ = {isa = PBXBuildFile; fileRef = 72160D0D716E20EEB2158EE7 /* Pods_ObjectiveCHelper.framework */; };
/* End PBXBuildFile section */

/* Begin PBXContainerItemProxy section */
		18E4175A28E44E740035BDA7 /* PBXContainerItemProxy */ = {
			isa = PBXContainerItemProxy;
			containerPortal = 18E4173628E44E720035BDA7 /* Project object */;
			proxyType = 1;
			remoteGlobalIDString = 18E4173D28E44E720035BDA7;
			remoteInfo = ObjectiveCHelper;
		};
		18E4176428E44E740035BDA7 /* PBXContainerItemProxy */ = {
			isa = PBXContainerItemProxy;
			containerPortal = 18E4173628E44E720035BDA7 /* Project object */;
			proxyType = 1;
			remoteGlobalIDString = 18E4173D28E44E720035BDA7;
			remoteInfo = ObjectiveCHelper;
		};
/* End PBXContainerItemProxy section */

/* Begin PBXFileReference section */
		1876AD3028E450BE00DA0387 /* OCHTabbarViewController.h */ = {isa = PBXFileReference; lastKnownFileType = sourcecode.c.h; path = OCHTabbarViewController.h; sourceTree = "<group>"; };
		1876AD3128E450BE00DA0387 /* OCHTabbarViewController.m */ = {isa = PBXFileReference; lastKnownFileType = sourcecode.c.objc; path = OCHTabbarViewController.m; sourceTree = "<group>"; };
		1876AD3428E452A100DA0387 /* OCHCollectionViewDemoController.h */ = {isa = PBXFileReference; lastKnownFileType = sourcecode.c.h; path = OCHCollectionViewDemoController.h; sourceTree = "<group>"; };
		1876AD3528E452A100DA0387 /* OCHCollectionViewDemoController.m */ = {isa = PBXFileReference; lastKnownFileType = sourcecode.c.objc; path = OCHCollectionViewDemoController.m; sourceTree = "<group>"; };
		1876AD3828E464E500DA0387 /* OCHSection.h */ = {isa = PBXFileReference; lastKnownFileType = sourcecode.c.h; path = OCHSection.h; sourceTree = "<group>"; };
		1876AD3928E464E500DA0387 /* OCHSection.m */ = {isa = PBXFileReference; lastKnownFileType = sourcecode.c.objc; path = OCHSection.m; sourceTree = "<group>"; };
		1876AD4528E4730400DA0387 /* UIColor+OCH.h */ = {isa = PBXFileReference; lastKnownFileType = sourcecode.c.h; path = "UIColor+OCH.h"; sourceTree = "<group>"; };
		1876AD4628E4730400DA0387 /* UIColor+OCH.m */ = {isa = PBXFileReference; lastKnownFileType = sourcecode.c.objc; path = "UIColor+OCH.m"; sourceTree = "<group>"; };
		1876AD4828E4748A00DA0387 /* OCHPrefixHeader.pch */ = {isa = PBXFileReference; lastKnownFileType = sourcecode.c.h; path = OCHPrefixHeader.pch; sourceTree = "<group>"; };
		18E4173E28E44E720035BDA7 /* ObjectiveCHelper.app */ = {isa = PBXFileReference; explicitFileType = wrapper.application; includeInIndex = 0; path = ObjectiveCHelper.app; sourceTree = BUILT_PRODUCTS_DIR; };
		18E4174128E44E720035BDA7 /* AppDelegate.h */ = {isa = PBXFileReference; lastKnownFileType = sourcecode.c.h; path = AppDelegate.h; sourceTree = "<group>"; };
		18E4174228E44E720035BDA7 /* AppDelegate.m */ = {isa = PBXFileReference; lastKnownFileType = sourcecode.c.objc; path = AppDelegate.m; sourceTree = "<group>"; };
		18E4174428E44E720035BDA7 /* SceneDelegate.h */ = {isa = PBXFileReference; lastKnownFileType = sourcecode.c.h; path = SceneDelegate.h; sourceTree = "<group>"; };
		18E4174528E44E720035BDA7 /* SceneDelegate.m */ = {isa = PBXFileReference; lastKnownFileType = sourcecode.c.objc; path = SceneDelegate.m; sourceTree = "<group>"; };
		18E4174D28E44E740035BDA7 /* Assets.xcassets */ = {isa = PBXFileReference; lastKnownFileType = folder.assetcatalog; path = Assets.xcassets; sourceTree = "<group>"; };
		18E4175028E44E740035BDA7 /* Base */ = {isa = PBXFileReference; lastKnownFileType = file.storyboard; name = Base; path = Base.lproj/LaunchScreen.storyboard; sourceTree = "<group>"; };
		18E4175228E44E740035BDA7 /* Info.plist */ = {isa = PBXFileReference; lastKnownFileType = text.plist.xml; path = Info.plist; sourceTree = "<group>"; };
		18E4175328E44E740035BDA7 /* main.m */ = {isa = PBXFileReference; lastKnownFileType = sourcecode.c.objc; path = main.m; sourceTree = "<group>"; };
		18E4175928E44E740035BDA7 /* ObjectiveCHelperTests.xctest */ = {isa = PBXFileReference; explicitFileType = wrapper.cfbundle; includeInIndex = 0; path = ObjectiveCHelperTests.xctest; sourceTree = BUILT_PRODUCTS_DIR; };
		18E4175D28E44E740035BDA7 /* ObjectiveCHelperTests.m */ = {isa = PBXFileReference; lastKnownFileType = sourcecode.c.objc; path = ObjectiveCHelperTests.m; sourceTree = "<group>"; };
		18E4176328E44E740035BDA7 /* ObjectiveCHelperUITests.xctest */ = {isa = PBXFileReference; explicitFileType = wrapper.cfbundle; includeInIndex = 0; path = ObjectiveCHelperUITests.xctest; sourceTree = BUILT_PRODUCTS_DIR; };
		18E4176728E44E740035BDA7 /* ObjectiveCHelperUITests.m */ = {isa = PBXFileReference; lastKnownFileType = sourcecode.c.objc; path = ObjectiveCHelperUITests.m; sourceTree = "<group>"; };
		18E4176928E44E740035BDA7 /* ObjectiveCHelperUITestsLaunchTests.m */ = {isa = PBXFileReference; lastKnownFileType = sourcecode.c.objc; path = ObjectiveCHelperUITestsLaunchTests.m; sourceTree = "<group>"; };
		365375EE3E48A83C249D7C5C /* Pods-ObjectiveCHelperTests.debug.xcconfig */ = {isa = PBXFileReference; includeInIndex = 1; lastKnownFileType = text.xcconfig; name = "Pods-ObjectiveCHelperTests.debug.xcconfig"; path = "Target Support Files/Pods-ObjectiveCHelperTests/Pods-ObjectiveCHelperTests.debug.xcconfig"; sourceTree = "<group>"; };
		6688CD4700FD6598AE22AFDC /* Pods_ObjectiveCHelperTests.framework */ = {isa = PBXFileReference; explicitFileType = wrapper.framework; includeInIndex = 0; path = Pods_ObjectiveCHelperTests.framework; sourceTree = BUILT_PRODUCTS_DIR; };
		72160D0D716E20EEB2158EE7 /* Pods_ObjectiveCHelper.framework */ = {isa = PBXFileReference; explicitFileType = wrapper.framework; includeInIndex = 0; path = Pods_ObjectiveCHelper.framework; sourceTree = BUILT_PRODUCTS_DIR; };
		9299767C1AA87BE14B447F63 /* Pods_ObjectiveCHelper_ObjectiveCHelperUITests.framework */ = {isa = PBXFileReference; explicitFileType = wrapper.framework; includeInIndex = 0; path = Pods_ObjectiveCHelper_ObjectiveCHelperUITests.framework; sourceTree = BUILT_PRODUCTS_DIR; };
		A99D8F424D160311A5B86A3A /* Pods-ObjectiveCHelper.release.xcconfig */ = {isa = PBXFileReference; includeInIndex = 1; lastKnownFileType = text.xcconfig; name = "Pods-ObjectiveCHelper.release.xcconfig"; path = "Target Support Files/Pods-ObjectiveCHelper/Pods-ObjectiveCHelper.release.xcconfig"; sourceTree = "<group>"; };
		AB1338BD3FFDE0A3A0580670 /* Pods-ObjectiveCHelper-ObjectiveCHelperUITests.release.xcconfig */ = {isa = PBXFileReference; includeInIndex = 1; lastKnownFileType = text.xcconfig; name = "Pods-ObjectiveCHelper-ObjectiveCHelperUITests.release.xcconfig"; path = "Target Support Files/Pods-ObjectiveCHelper-ObjectiveCHelperUITests/Pods-ObjectiveCHelper-ObjectiveCHelperUITests.release.xcconfig"; sourceTree = "<group>"; };
		B3A9A30B7024EFB729FD4138 /* Pods-ObjectiveCHelper.debug.xcconfig */ = {isa = PBXFileReference; includeInIndex = 1; lastKnownFileType = text.xcconfig; name = "Pods-ObjectiveCHelper.debug.xcconfig"; path = "Target Support Files/Pods-ObjectiveCHelper/Pods-ObjectiveCHelper.debug.xcconfig"; sourceTree = "<group>"; };
		E42F9BC40553364C53236AEA /* Pods-ObjectiveCHelper-ObjectiveCHelperUITests.debug.xcconfig */ = {isa = PBXFileReference; includeInIndex = 1; lastKnownFileType = text.xcconfig; name = "Pods-ObjectiveCHelper-ObjectiveCHelperUITests.debug.xcconfig"; path = "Target Support Files/Pods-ObjectiveCHelper-ObjectiveCHelperUITests/Pods-ObjectiveCHelper-ObjectiveCHelperUITests.debug.xcconfig"; sourceTree = "<group>"; };
		F9D80E1F8D900288F2A696FE /* Pods-ObjectiveCHelperTests.release.xcconfig */ = {isa = PBXFileReference; includeInIndex = 1; lastKnownFileType = text.xcconfig; name = "Pods-ObjectiveCHelperTests.release.xcconfig"; path = "Target Support Files/Pods-ObjectiveCHelperTests/Pods-ObjectiveCHelperTests.release.xcconfig"; sourceTree = "<group>"; };
/* End PBXFileReference section */

/* Begin PBXFrameworksBuildPhase section */
		18E4173B28E44E720035BDA7 /* Frameworks */ = {
			isa = PBXFrameworksBuildPhase;
			buildActionMask = 2147483647;
			files = (
				9164520C4FA8147686A4074F /* Pods_ObjectiveCHelper.framework in Frameworks */,
			);
			runOnlyForDeploymentPostprocessing = 0;
		};
		18E4175628E44E740035BDA7 /* Frameworks */ = {
			isa = PBXFrameworksBuildPhase;
			buildActionMask = 2147483647;
			files = (
				0E50B35EF309D9DD368ECEEA /* Pods_ObjectiveCHelperTests.framework in Frameworks */,
			);
			runOnlyForDeploymentPostprocessing = 0;
		};
		18E4176028E44E740035BDA7 /* Frameworks */ = {
			isa = PBXFrameworksBuildPhase;
			buildActionMask = 2147483647;
			files = (
				3093019FEA4D19C1BB7DF45E /* Pods_ObjectiveCHelper_ObjectiveCHelperUITests.framework in Frameworks */,
			);
			runOnlyForDeploymentPostprocessing = 0;
		};
/* End PBXFrameworksBuildPhase section */

/* Begin PBXGroup section */
		1876AD2F28E450A200DA0387 /* Base */ = {
			isa = PBXGroup;
			children = (
				1876AD3028E450BE00DA0387 /* OCHTabbarViewController.h */,
				1876AD3128E450BE00DA0387 /* OCHTabbarViewController.m */,
			);
			path = Base;
			sourceTree = "<group>";
		};
		1876AD3328E4527A00DA0387 /* Controll */ = {
			isa = PBXGroup;
			children = (
				1876AD3428E452A100DA0387 /* OCHCollectionViewDemoController.h */,
				1876AD3528E452A100DA0387 /* OCHCollectionViewDemoController.m */,
			);
			path = Controll;
			sourceTree = "<group>";
		};
		1876AD3728E464AE00DA0387 /* Model */ = {
			isa = PBXGroup;
			children = (
				1876AD3828E464E500DA0387 /* OCHSection.h */,
				1876AD3928E464E500DA0387 /* OCHSection.m */,
			);
			path = Model;
			sourceTree = "<group>";
		};
		1876AD4128E472A200DA0387 /* Category */ = {
			isa = PBXGroup;
			children = (
				1876AD4528E4730400DA0387 /* UIColor+OCH.h */,
				1876AD4628E4730400DA0387 /* UIColor+OCH.m */,
			);
			path = Category;
			sourceTree = "<group>";
		};
		18E4173528E44E720035BDA7 = {
			isa = PBXGroup;
			children = (
				18E4174028E44E720035BDA7 /* ObjectiveCHelper */,
				18E4175C28E44E740035BDA7 /* ObjectiveCHelperTests */,
				18E4176628E44E740035BDA7 /* ObjectiveCHelperUITests */,
				18E4173F28E44E720035BDA7 /* Products */,
				6FFA460ECB5EF60DB9783B94 /* Pods */,
				F608CBDCE98C4C5B30C34649 /* Frameworks */,
			);
			sourceTree = "<group>";
		};
		18E4173F28E44E720035BDA7 /* Products */ = {
			isa = PBXGroup;
			children = (
				18E4173E28E44E720035BDA7 /* ObjectiveCHelper.app */,
				18E4175928E44E740035BDA7 /* ObjectiveCHelperTests.xctest */,
				18E4176328E44E740035BDA7 /* ObjectiveCHelperUITests.xctest */,
			);
			name = Products;
			sourceTree = "<group>";
		};
		18E4174028E44E720035BDA7 /* ObjectiveCHelper */ = {
			isa = PBXGroup;
			children = (
				1876AD4128E472A200DA0387 /* Category */,
				1876AD3728E464AE00DA0387 /* Model */,
				1876AD3328E4527A00DA0387 /* Controll */,
				1876AD2F28E450A200DA0387 /* Base */,
				18E4174128E44E720035BDA7 /* AppDelegate.h */,
				18E4174228E44E720035BDA7 /* AppDelegate.m */,
				18E4174428E44E720035BDA7 /* SceneDelegate.h */,
				18E4174528E44E720035BDA7 /* SceneDelegate.m */,
				18E4174D28E44E740035BDA7 /* Assets.xcassets */,
				18E4174F28E44E740035BDA7 /* LaunchScreen.storyboard */,
				18E4175228E44E740035BDA7 /* Info.plist */,
				18E4175328E44E740035BDA7 /* main.m */,
				1876AD4828E4748A00DA0387 /* OCHPrefixHeader.pch */,
			);
			path = ObjectiveCHelper;
			sourceTree = "<group>";
		};
		18E4175C28E44E740035BDA7 /* ObjectiveCHelperTests */ = {
			isa = PBXGroup;
			children = (
				18E4175D28E44E740035BDA7 /* ObjectiveCHelperTests.m */,
			);
			path = ObjectiveCHelperTests;
			sourceTree = "<group>";
		};
		18E4176628E44E740035BDA7 /* ObjectiveCHelperUITests */ = {
			isa = PBXGroup;
			children = (
				18E4176728E44E740035BDA7 /* ObjectiveCHelperUITests.m */,
				18E4176928E44E740035BDA7 /* ObjectiveCHelperUITestsLaunchTests.m */,
			);
			path = ObjectiveCHelperUITests;
			sourceTree = "<group>";
		};
		6FFA460ECB5EF60DB9783B94 /* Pods */ = {
			isa = PBXGroup;
			children = (
				B3A9A30B7024EFB729FD4138 /* Pods-ObjectiveCHelper.debug.xcconfig */,
				A99D8F424D160311A5B86A3A /* Pods-ObjectiveCHelper.release.xcconfig */,
				E42F9BC40553364C53236AEA /* Pods-ObjectiveCHelper-ObjectiveCHelperUITests.debug.xcconfig */,
				AB1338BD3FFDE0A3A0580670 /* Pods-ObjectiveCHelper-ObjectiveCHelperUITests.release.xcconfig */,
				365375EE3E48A83C249D7C5C /* Pods-ObjectiveCHelperTests.debug.xcconfig */,
				F9D80E1F8D900288F2A696FE /* Pods-ObjectiveCHelperTests.release.xcconfig */,
			);
			path = Pods;
			sourceTree = "<group>";
		};
		F608CBDCE98C4C5B30C34649 /* Frameworks */ = {
			isa = PBXGroup;
			children = (
				72160D0D716E20EEB2158EE7 /* Pods_ObjectiveCHelper.framework */,
				9299767C1AA87BE14B447F63 /* Pods_ObjectiveCHelper_ObjectiveCHelperUITests.framework */,
				6688CD4700FD6598AE22AFDC /* Pods_ObjectiveCHelperTests.framework */,
			);
			name = Frameworks;
			sourceTree = "<group>";
		};
/* End PBXGroup section */

/* Begin PBXNativeTarget section */
		18E4173D28E44E720035BDA7 /* ObjectiveCHelper */ = {
			isa = PBXNativeTarget;
			buildConfigurationList = 18E4176D28E44E740035BDA7 /* Build configuration list for PBXNativeTarget "ObjectiveCHelper" */;
			buildPhases = (
				FB5CD7D1040917A88EE349E2 /* [CP] Check Pods Manifest.lock */,
				18E4173A28E44E720035BDA7 /* Sources */,
				18E4173B28E44E720035BDA7 /* Frameworks */,
				18E4173C28E44E720035BDA7 /* Resources */,
				700C0499FAB83BCBE009FFDA /* [CP] Embed Pods Frameworks */,
			);
			buildRules = (
			);
			dependencies = (
			);
			name = ObjectiveCHelper;
			productName = ObjectiveCHelper;
			productReference = 18E4173E28E44E720035BDA7 /* ObjectiveCHelper.app */;
			productType = "com.apple.product-type.application";
		};
		18E4175828E44E740035BDA7 /* ObjectiveCHelperTests */ = {
			isa = PBXNativeTarget;
			buildConfigurationList = 18E4177028E44E740035BDA7 /* Build configuration list for PBXNativeTarget "ObjectiveCHelperTests" */;
			buildPhases = (
				175EC839D226114CFB05DBB4 /* [CP] Check Pods Manifest.lock */,
				18E4175528E44E740035BDA7 /* Sources */,
				18E4175628E44E740035BDA7 /* Frameworks */,
				18E4175728E44E740035BDA7 /* Resources */,
			);
			buildRules = (
			);
			dependencies = (
				18E4175B28E44E740035BDA7 /* PBXTargetDependency */,
			);
			name = ObjectiveCHelperTests;
			productName = ObjectiveCHelperTests;
			productReference = 18E4175928E44E740035BDA7 /* ObjectiveCHelperTests.xctest */;
			productType = "com.apple.product-type.bundle.unit-test";
		};
		18E4176228E44E740035BDA7 /* ObjectiveCHelperUITests */ = {
			isa = PBXNativeTarget;
			buildConfigurationList = 18E4177328E44E740035BDA7 /* Build configuration list for PBXNativeTarget "ObjectiveCHelperUITests" */;
			buildPhases = (
				46BCB4F7B269BC799CCAE405 /* [CP] Check Pods Manifest.lock */,
				18E4175F28E44E740035BDA7 /* Sources */,
				18E4176028E44E740035BDA7 /* Frameworks */,
				18E4176128E44E740035BDA7 /* Resources */,
				E7C993F03AD7E61ACB44E18E /* [CP] Embed Pods Frameworks */,
			);
			buildRules = (
			);
			dependencies = (
				18E4176528E44E740035BDA7 /* PBXTargetDependency */,
			);
			name = ObjectiveCHelperUITests;
			productName = ObjectiveCHelperUITests;
			productReference = 18E4176328E44E740035BDA7 /* ObjectiveCHelperUITests.xctest */;
			productType = "com.apple.product-type.bundle.ui-testing";
		};
/* End PBXNativeTarget section */

/* Begin PBXProject section */
		18E4173628E44E720035BDA7 /* Project object */ = {
			isa = PBXProject;
			attributes = {
				BuildIndependentTargetsInParallel = 1;
				LastUpgradeCheck = 1340;
				TargetAttributes = {
					18E4173D28E44E720035BDA7 = {
						CreatedOnToolsVersion = 13.4.1;
					};
					18E4175828E44E740035BDA7 = {
						CreatedOnToolsVersion = 13.4.1;
						TestTargetID = 18E4173D28E44E720035BDA7;
					};
					18E4176228E44E740035BDA7 = {
						CreatedOnToolsVersion = 13.4.1;
						TestTargetID = 18E4173D28E44E720035BDA7;
					};
				};
			};
			buildConfigurationList = 18E4173928E44E720035BDA7 /* Build configuration list for PBXProject "ObjectiveCHelper" */;
			compatibilityVersion = "Xcode 13.0";
			developmentRegion = en;
			hasScannedForEncodings = 0;
			knownRegions = (
				en,
				Base,
			);
			mainGroup = 18E4173528E44E720035BDA7;
			productRefGroup = 18E4173F28E44E720035BDA7 /* Products */;
			projectDirPath = "";
			projectRoot = "";
			targets = (
				18E4173D28E44E720035BDA7 /* ObjectiveCHelper */,
				18E4175828E44E740035BDA7 /* ObjectiveCHelperTests */,
				18E4176228E44E740035BDA7 /* ObjectiveCHelperUITests */,
			);
		};
/* End PBXProject section */

/* Begin PBXResourcesBuildPhase section */
		18E4173C28E44E720035BDA7 /* Resources */ = {
			isa = PBXResourcesBuildPhase;
			buildActionMask = 2147483647;
			files = (
				18E4175128E44E740035BDA7 /* LaunchScreen.storyboard in Resources */,
				18E4174E28E44E740035BDA7 /* Assets.xcassets in Resources */,
			);
			runOnlyForDeploymentPostprocessing = 0;
		};
		18E4175728E44E740035BDA7 /* Resources */ = {
			isa = PBXResourcesBuildPhase;
			buildActionMask = 2147483647;
			files = (
			);
			runOnlyForDeploymentPostprocessing = 0;
		};
		18E4176128E44E740035BDA7 /* Resources */ = {
			isa = PBXResourcesBuildPhase;
			buildActionMask = 2147483647;
			files = (
			);
			runOnlyForDeploymentPostprocessing = 0;
		};
/* End PBXResourcesBuildPhase section */

/* Begin PBXShellScriptBuildPhase section */
		175EC839D226114CFB05DBB4 /* [CP] Check Pods Manifest.lock */ = {
			isa = PBXShellScriptBuildPhase;
			buildActionMask = 2147483647;
			files = (
			);
			inputFileListPaths = (
			);
			inputPaths = (
				"${PODS_PODFILE_DIR_PATH}/Podfile.lock",
				"${PODS_ROOT}/Manifest.lock",
			);
			name = "[CP] Check Pods Manifest.lock";
			outputFileListPaths = (
			);
			outputPaths = (
				"$(DERIVED_FILE_DIR)/Pods-ObjectiveCHelperTests-checkManifestLockResult.txt",
			);
			runOnlyForDeploymentPostprocessing = 0;
			shellPath = /bin/sh;
			shellScript = "diff \"${PODS_PODFILE_DIR_PATH}/Podfile.lock\" \"${PODS_ROOT}/Manifest.lock\" > /dev/null\nif [ $? != 0 ] ; then\n    # print error to STDERR\n    echo \"error: The sandbox is not in sync with the Podfile.lock. Run 'pod install' or update your CocoaPods installation.\" >&2\n    exit 1\nfi\n# This output is used by Xcode 'outputs' to avoid re-running this script phase.\necho \"SUCCESS\" > \"${SCRIPT_OUTPUT_FILE_0}\"\n";
			showEnvVarsInLog = 0;
		};
		46BCB4F7B269BC799CCAE405 /* [CP] Check Pods Manifest.lock */ = {
			isa = PBXShellScriptBuildPhase;
			buildActionMask = 2147483647;
			files = (
			);
			inputFileListPaths = (
			);
			inputPaths = (
				"${PODS_PODFILE_DIR_PATH}/Podfile.lock",
				"${PODS_ROOT}/Manifest.lock",
			);
			name = "[CP] Check Pods Manifest.lock";
			outputFileListPaths = (
			);
			outputPaths = (
				"$(DERIVED_FILE_DIR)/Pods-ObjectiveCHelper-ObjectiveCHelperUITests-checkManifestLockResult.txt",
			);
			runOnlyForDeploymentPostprocessing = 0;
			shellPath = /bin/sh;
			shellScript = "diff \"${PODS_PODFILE_DIR_PATH}/Podfile.lock\" \"${PODS_ROOT}/Manifest.lock\" > /dev/null\nif [ $? != 0 ] ; then\n    # print error to STDERR\n    echo \"error: The sandbox is not in sync with the Podfile.lock. Run 'pod install' or update your CocoaPods installation.\" >&2\n    exit 1\nfi\n# This output is used by Xcode 'outputs' to avoid re-running this script phase.\necho \"SUCCESS\" > \"${SCRIPT_OUTPUT_FILE_0}\"\n";
			showEnvVarsInLog = 0;
		};
		700C0499FAB83BCBE009FFDA /* [CP] Embed Pods Frameworks */ = {
			isa = PBXShellScriptBuildPhase;
			buildActionMask = 2147483647;
			files = (
			);
			inputFileListPaths = (
				"${PODS_ROOT}/Target Support Files/Pods-ObjectiveCHelper/Pods-ObjectiveCHelper-frameworks-${CONFIGURATION}-input-files.xcfilelist",
			);
			name = "[CP] Embed Pods Frameworks";
			outputFileListPaths = (
				"${PODS_ROOT}/Target Support Files/Pods-ObjectiveCHelper/Pods-ObjectiveCHelper-frameworks-${CONFIGURATION}-output-files.xcfilelist",
			);
			runOnlyForDeploymentPostprocessing = 0;
			shellPath = /bin/sh;
			shellScript = "\"${PODS_ROOT}/Target Support Files/Pods-ObjectiveCHelper/Pods-ObjectiveCHelper-frameworks.sh\"\n";
			showEnvVarsInLog = 0;
		};
		E7C993F03AD7E61ACB44E18E /* [CP] Embed Pods Frameworks */ = {
			isa = PBXShellScriptBuildPhase;
			buildActionMask = 2147483647;
			files = (
			);
			inputFileListPaths = (
				"${PODS_ROOT}/Target Support Files/Pods-ObjectiveCHelper-ObjectiveCHelperUITests/Pods-ObjectiveCHelper-ObjectiveCHelperUITests-frameworks-${CONFIGURATION}-input-files.xcfilelist",
			);
			name = "[CP] Embed Pods Frameworks";
			outputFileListPaths = (
				"${PODS_ROOT}/Target Support Files/Pods-ObjectiveCHelper-ObjectiveCHelperUITests/Pods-ObjectiveCHelper-ObjectiveCHelperUITests-frameworks-${CONFIGURATION}-output-files.xcfilelist",
			);
			runOnlyForDeploymentPostprocessing = 0;
			shellPath = /bin/sh;
			shellScript = "\"${PODS_ROOT}/Target Support Files/Pods-ObjectiveCHelper-ObjectiveCHelperUITests/Pods-ObjectiveCHelper-ObjectiveCHelperUITests-frameworks.sh\"\n";
			showEnvVarsInLog = 0;
		};
		FB5CD7D1040917A88EE349E2 /* [CP] Check Pods Manifest.lock */ = {
			isa = PBXShellScriptBuildPhase;
			buildActionMask = 2147483647;
			files = (
			);
			inputFileListPaths = (
			);
			inputPaths = (
				"${PODS_PODFILE_DIR_PATH}/Podfile.lock",
				"${PODS_ROOT}/Manifest.lock",
			);
			name = "[CP] Check Pods Manifest.lock";
			outputFileListPaths = (
			);
			outputPaths = (
				"$(DERIVED_FILE_DIR)/Pods-ObjectiveCHelper-checkManifestLockResult.txt",
			);
			runOnlyForDeploymentPostprocessing = 0;
			shellPath = /bin/sh;
			shellScript = "diff \"${PODS_PODFILE_DIR_PATH}/Podfile.lock\" \"${PODS_ROOT}/Manifest.lock\" > /dev/null\nif [ $? != 0 ] ; then\n    # print error to STDERR\n    echo \"error: The sandbox is not in sync with the Podfile.lock. Run 'pod install' or update your CocoaPods installation.\" >&2\n    exit 1\nfi\n# This output is used by Xcode 'outputs' to avoid re-running this script phase.\necho \"SUCCESS\" > \"${SCRIPT_OUTPUT_FILE_0}\"\n";
			showEnvVarsInLog = 0;
		};
/* End PBXShellScriptBuildPhase section */

/* Begin PBXSourcesBuildPhase section */
		18E4173A28E44E720035BDA7 /* Sources */ = {
			isa = PBXSourcesBuildPhase;
			buildActionMask = 2147483647;
			files = (
				1876AD3628E452A100DA0387 /* OCHCollectionViewDemoController.m in Sources */,
				18E4174328E44E720035BDA7 /* AppDelegate.m in Sources */,
				1876AD4728E4730400DA0387 /* UIColor+OCH.m in Sources */,
				1876AD3A28E464E500DA0387 /* OCHSection.m in Sources */,
				1876AD3228E450BE00DA0387 /* OCHTabbarViewController.m in Sources */,
				18E4175428E44E740035BDA7 /* main.m in Sources */,
				18E4174628E44E720035BDA7 /* SceneDelegate.m in Sources */,
			);
			runOnlyForDeploymentPostprocessing = 0;
		};
		18E4175528E44E740035BDA7 /* Sources */ = {
			isa = PBXSourcesBuildPhase;
			buildActionMask = 2147483647;
			files = (
				18E4175E28E44E740035BDA7 /* ObjectiveCHelperTests.m in Sources */,
			);
			runOnlyForDeploymentPostprocessing = 0;
		};
		18E4175F28E44E740035BDA7 /* Sources */ = {
			isa = PBXSourcesBuildPhase;
			buildActionMask = 2147483647;
			files = (
				18E4176A28E44E740035BDA7 /* ObjectiveCHelperUITestsLaunchTests.m in Sources */,
				18E4176828E44E740035BDA7 /* ObjectiveCHelperUITests.m in Sources */,
			);
			runOnlyForDeploymentPostprocessing = 0;
		};
/* End PBXSourcesBuildPhase section */

/* Begin PBXTargetDependency section */
		18E4175B28E44E740035BDA7 /* PBXTargetDependency */ = {
			isa = PBXTargetDependency;
			target = 18E4173D28E44E720035BDA7 /* ObjectiveCHelper */;
			targetProxy = 18E4175A28E44E740035BDA7 /* PBXContainerItemProxy */;
		};
		18E4176528E44E740035BDA7 /* PBXTargetDependency */ = {
			isa = PBXTargetDependency;
			target = 18E4173D28E44E720035BDA7 /* ObjectiveCHelper */;
			targetProxy = 18E4176428E44E740035BDA7 /* PBXContainerItemProxy */;
		};
/* End PBXTargetDependency section */

/* Begin PBXVariantGroup section */
		18E4174F28E44E740035BDA7 /* LaunchScreen.storyboard */ = {
			isa = PBXVariantGroup;
			children = (
				18E4175028E44E740035BDA7 /* Base */,
			);
			name = LaunchScreen.storyboard;
			sourceTree = "<group>";
		};
/* End PBXVariantGroup section */

/* Begin XCBuildConfiguration section */
		18E4176B28E44E740035BDA7 /* Debug */ = {
			isa = XCBuildConfiguration;
			buildSettings = {
				ALWAYS_SEARCH_USER_PATHS = NO;
				CLANG_ANALYZER_NONNULL = YES;
				CLANG_ANALYZER_NUMBER_OBJECT_CONVERSION = YES_AGGRESSIVE;
				CLANG_CXX_LANGUAGE_STANDARD = "gnu++17";
				CLANG_ENABLE_MODULES = YES;
				CLANG_ENABLE_OBJC_ARC = YES;
				CLANG_ENABLE_OBJC_WEAK = YES;
				CLANG_WARN_BLOCK_CAPTURE_AUTORELEASING = YES;
				CLANG_WARN_BOOL_CONVERSION = YES;
				CLANG_WARN_COMMA = YES;
				CLANG_WARN_CONSTANT_CONVERSION = YES;
				CLANG_WARN_DEPRECATED_OBJC_IMPLEMENTATIONS = YES;
				CLANG_WARN_DIRECT_OBJC_ISA_USAGE = YES_ERROR;
				CLANG_WARN_DOCUMENTATION_COMMENTS = YES;
				CLANG_WARN_EMPTY_BODY = YES;
				CLANG_WARN_ENUM_CONVERSION = YES;
				CLANG_WARN_INFINITE_RECURSION = YES;
				CLANG_WARN_INT_CONVERSION = YES;
				CLANG_WARN_NON_LITERAL_NULL_CONVERSION = YES;
				CLANG_WARN_OBJC_IMPLICIT_RETAIN_SELF = YES;
				CLANG_WARN_OBJC_LITERAL_CONVERSION = YES;
				CLANG_WARN_OBJC_ROOT_CLASS = YES_ERROR;
				CLANG_WARN_QUOTED_INCLUDE_IN_FRAMEWORK_HEADER = YES;
				CLANG_WARN_RANGE_LOOP_ANALYSIS = YES;
				CLANG_WARN_STRICT_PROTOTYPES = YES;
				CLANG_WARN_SUSPICIOUS_MOVE = YES;
				CLANG_WARN_UNGUARDED_AVAILABILITY = YES_AGGRESSIVE;
				CLANG_WARN_UNREACHABLE_CODE = YES;
				CLANG_WARN__DUPLICATE_METHOD_MATCH = YES;
				COPY_PHASE_STRIP = NO;
				DEBUG_INFORMATION_FORMAT = dwarf;
				ENABLE_STRICT_OBJC_MSGSEND = YES;
				ENABLE_TESTABILITY = YES;
				GCC_C_LANGUAGE_STANDARD = gnu11;
				GCC_DYNAMIC_NO_PIC = NO;
				GCC_NO_COMMON_BLOCKS = YES;
				GCC_OPTIMIZATION_LEVEL = 0;
				GCC_PREPROCESSOR_DEFINITIONS = (
					"DEBUG=1",
					"$(inherited)",
				);
				GCC_WARN_64_TO_32_BIT_CONVERSION = YES;
				GCC_WARN_ABOUT_RETURN_TYPE = YES_ERROR;
				GCC_WARN_UNDECLARED_SELECTOR = YES;
				GCC_WARN_UNINITIALIZED_AUTOS = YES_AGGRESSIVE;
				GCC_WARN_UNUSED_FUNCTION = YES;
				GCC_WARN_UNUSED_VARIABLE = YES;
				IPHONEOS_DEPLOYMENT_TARGET = 15.5;
				MTL_ENABLE_DEBUG_INFO = INCLUDE_SOURCE;
				MTL_FAST_MATH = YES;
				ONLY_ACTIVE_ARCH = YES;
				SDKROOT = iphoneos;
			};
			name = Debug;
		};
		18E4176C28E44E740035BDA7 /* Release */ = {
			isa = XCBuildConfiguration;
			buildSettings = {
				ALWAYS_SEARCH_USER_PATHS = NO;
				CLANG_ANALYZER_NONNULL = YES;
				CLANG_ANALYZER_NUMBER_OBJECT_CONVERSION = YES_AGGRESSIVE;
				CLANG_CXX_LANGUAGE_STANDARD = "gnu++17";
				CLANG_ENABLE_MODULES = YES;
				CLANG_ENABLE_OBJC_ARC = YES;
				CLANG_ENABLE_OBJC_WEAK = YES;
				CLANG_WARN_BLOCK_CAPTURE_AUTORELEASING = YES;
				CLANG_WARN_BOOL_CONVERSION = YES;
				CLANG_WARN_COMMA = YES;
				CLANG_WARN_CONSTANT_CONVERSION = YES;
				CLANG_WARN_DEPRECATED_OBJC_IMPLEMENTATIONS = YES;
				CLANG_WARN_DIRECT_OBJC_ISA_USAGE = YES_ERROR;
				CLANG_WARN_DOCUMENTATION_COMMENTS = YES;
				CLANG_WARN_EMPTY_BODY = YES;
				CLANG_WARN_ENUM_CONVERSION = YES;
				CLANG_WARN_INFINITE_RECURSION = YES;
				CLANG_WARN_INT_CONVERSION = YES;
				CLANG_WARN_NON_LITERAL_NULL_CONVERSION = YES;
				CLANG_WARN_OBJC_IMPLICIT_RETAIN_SELF = YES;
				CLANG_WARN_OBJC_LITERAL_CONVERSION = YES;
				CLANG_WARN_OBJC_ROOT_CLASS = YES_ERROR;
				CLANG_WARN_QUOTED_INCLUDE_IN_FRAMEWORK_HEADER = YES;
				CLANG_WARN_RANGE_LOOP_ANALYSIS = YES;
				CLANG_WARN_STRICT_PROTOTYPES = YES;
				CLANG_WARN_SUSPICIOUS_MOVE = YES;
				CLANG_WARN_UNGUARDED_AVAILABILITY = YES_AGGRESSIVE;
				CLANG_WARN_UNREACHABLE_CODE = YES;
				CLANG_WARN__DUPLICATE_METHOD_MATCH = YES;
				COPY_PHASE_STRIP = NO;
				DEBUG_INFORMATION_FORMAT = "dwarf-with-dsym";
				ENABLE_NS_ASSERTIONS = NO;
				ENABLE_STRICT_OBJC_MSGSEND = YES;
				GCC_C_LANGUAGE_STANDARD = gnu11;
				GCC_NO_COMMON_BLOCKS = YES;
				GCC_WARN_64_TO_32_BIT_CONVERSION = YES;
				GCC_WARN_ABOUT_RETURN_TYPE = YES_ERROR;
				GCC_WARN_UNDECLARED_SELECTOR = YES;
				GCC_WARN_UNINITIALIZED_AUTOS = YES_AGGRESSIVE;
				GCC_WARN_UNUSED_FUNCTION = YES;
				GCC_WARN_UNUSED_VARIABLE = YES;
				IPHONEOS_DEPLOYMENT_TARGET = 15.5;
				MTL_ENABLE_DEBUG_INFO = NO;
				MTL_FAST_MATH = YES;
				SDKROOT = iphoneos;
				VALIDATE_PRODUCT = YES;
			};
			name = Release;
		};
		18E4176E28E44E740035BDA7 /* Debug */ = {
			isa = XCBuildConfiguration;
			baseConfigurationReference = B3A9A30B7024EFB729FD4138 /* Pods-ObjectiveCHelper.debug.xcconfig */;
			buildSettings = {
				ASSETCATALOG_COMPILER_APPICON_NAME = AppIcon;
				ASSETCATALOG_COMPILER_GLOBAL_ACCENT_COLOR_NAME = AccentColor;
				CODE_SIGN_STYLE = Automatic;
				CURRENT_PROJECT_VERSION = 1;
				GCC_PRECOMPILE_PREFIX_HEADER = YES;
				GCC_PREFIX_HEADER = "$(SRCROOT)/ObjectiveCHelper/OCHPrefixHeader.pch";
				GENERATE_INFOPLIST_FILE = YES;
				INFOPLIST_FILE = ObjectiveCHelper/Info.plist;
				INFOPLIST_KEY_UIApplicationSupportsIndirectInputEvents = YES;
				INFOPLIST_KEY_UILaunchStoryboardName = LaunchScreen;
				INFOPLIST_KEY_UISupportedInterfaceOrientations_iPad = "UIInterfaceOrientationPortrait UIInterfaceOrientationPortraitUpsideDown UIInterfaceOrientationLandscapeLeft UIInterfaceOrientationLandscapeRight";
				INFOPLIST_KEY_UISupportedInterfaceOrientations_iPhone = "UIInterfaceOrientationPortrait UIInterfaceOrientationLandscapeLeft UIInterfaceOrientationLandscapeRight";
				LD_RUNPATH_SEARCH_PATHS = (
					"$(inherited)",
					"@executable_path/Frameworks",
				);
				MARKETING_VERSION = 1.0;
				PRODUCT_BUNDLE_IDENTIFIER = com.sauronpi.ObjectiveCHelper;
				PRODUCT_NAME = "$(TARGET_NAME)";
				SWIFT_EMIT_LOC_STRINGS = YES;
				TARGETED_DEVICE_FAMILY = "1,2";
			};
			name = Debug;
		};
		18E4176F28E44E740035BDA7 /* Release */ = {
			isa = XCBuildConfiguration;
			baseConfigurationReference = A99D8F424D160311A5B86A3A /* Pods-ObjectiveCHelper.release.xcconfig */;
			buildSettings = {
				ASSETCATALOG_COMPILER_APPICON_NAME = AppIcon;
				ASSETCATALOG_COMPILER_GLOBAL_ACCENT_COLOR_NAME = AccentColor;
				CODE_SIGN_STYLE = Automatic;
				CURRENT_PROJECT_VERSION = 1;
				GCC_PRECOMPILE_PREFIX_HEADER = YES;
				GCC_PREFIX_HEADER = "$(SRCROOT)/ObjectiveCHelper/OCHPrefixHeader.pch";
				GENERATE_INFOPLIST_FILE = YES;
				INFOPLIST_FILE = ObjectiveCHelper/Info.plist;
				INFOPLIST_KEY_UIApplicationSupportsIndirectInputEvents = YES;
				INFOPLIST_KEY_UILaunchStoryboardName = LaunchScreen;
				INFOPLIST_KEY_UISupportedInterfaceOrientations_iPad = "UIInterfaceOrientationPortrait UIInterfaceOrientationPortraitUpsideDown UIInterfaceOrientationLandscapeLeft UIInterfaceOrientationLandscapeRight";
				INFOPLIST_KEY_UISupportedInterfaceOrientations_iPhone = "UIInterfaceOrientationPortrait UIInterfaceOrientationLandscapeLeft UIInterfaceOrientationLandscapeRight";
				LD_RUNPATH_SEARCH_PATHS = (
					"$(inherited)",
					"@executable_path/Frameworks",
				);
				MARKETING_VERSION = 1.0;
				PRODUCT_BUNDLE_IDENTIFIER = com.sauronpi.ObjectiveCHelper;
				PRODUCT_NAME = "$(TARGET_NAME)";
				SWIFT_EMIT_LOC_STRINGS = YES;
				TARGETED_DEVICE_FAMILY = "1,2";
			};
			name = Release;
		};
		18E4177128E44E740035BDA7 /* Debug */ = {
			isa = XCBuildConfiguration;
			baseConfigurationReference = 365375EE3E48A83C249D7C5C /* Pods-ObjectiveCHelperTests.debug.xcconfig */;
			buildSettings = {
				BUNDLE_LOADER = "$(TEST_HOST)";
				CODE_SIGN_STYLE = Automatic;
				CURRENT_PROJECT_VERSION = 1;
				GENERATE_INFOPLIST_FILE = YES;
				IPHONEOS_DEPLOYMENT_TARGET = 15.5;
				MARKETING_VERSION = 1.0;
				PRODUCT_BUNDLE_IDENTIFIER = com.sauronpi.ObjectiveCHelperTests;
				PRODUCT_NAME = "$(TARGET_NAME)";
				SWIFT_EMIT_LOC_STRINGS = NO;
				TARGETED_DEVICE_FAMILY = "1,2";
				TEST_HOST = "$(BUILT_PRODUCTS_DIR)/ObjectiveCHelper.app/ObjectiveCHelper";
			};
			name = Debug;
		};
		18E4177228E44E740035BDA7 /* Release */ = {
			isa = XCBuildConfiguration;
			baseConfigurationReference = F9D80E1F8D900288F2A696FE /* Pods-ObjectiveCHelperTests.release.xcconfig */;
			buildSettings = {
				BUNDLE_LOADER = "$(TEST_HOST)";
				CODE_SIGN_STYLE = Automatic;
				CURRENT_PROJECT_VERSION = 1;
				GENERATE_INFOPLIST_FILE = YES;
				IPHONEOS_DEPLOYMENT_TARGET = 15.5;
				MARKETING_VERSION = 1.0;
				PRODUCT_BUNDLE_IDENTIFIER = com.sauronpi.ObjectiveCHelperTests;
				PRODUCT_NAME = "$(TARGET_NAME)";
				SWIFT_EMIT_LOC_STRINGS = NO;
				TARGETED_DEVICE_FAMILY = "1,2";
				TEST_HOST = "$(BUILT_PRODUCTS_DIR)/ObjectiveCHelper.app/ObjectiveCHelper";
			};
			name = Release;
		};
		18E4177428E44E740035BDA7 /* Debug */ = {
			isa = XCBuildConfiguration;
			baseConfigurationReference = E42F9BC40553364C53236AEA /* Pods-ObjectiveCHelper-ObjectiveCHelperUITests.debug.xcconfig */;
			buildSettings = {
				CODE_SIGN_STYLE = Automatic;
				CURRENT_PROJECT_VERSION = 1;
				GENERATE_INFOPLIST_FILE = YES;
				MARKETING_VERSION = 1.0;
				PRODUCT_BUNDLE_IDENTIFIER = com.sauronpi.ObjectiveCHelperUITests;
				PRODUCT_NAME = "$(TARGET_NAME)";
				SWIFT_EMIT_LOC_STRINGS = NO;
				TARGETED_DEVICE_FAMILY = "1,2";
				TEST_TARGET_NAME = ObjectiveCHelper;
			};
			name = Debug;
		};
		18E4177528E44E740035BDA7 /* Release */ = {
			isa = XCBuildConfiguration;
			baseConfigurationReference = AB1338BD3FFDE0A3A0580670 /* Pods-ObjectiveCHelper-ObjectiveCHelperUITests.release.xcconfig */;
			buildSettings = {
				CODE_SIGN_STYLE = Automatic;
				CURRENT_PROJECT_VERSION = 1;
				GENERATE_INFOPLIST_FILE = YES;
				MARKETING_VERSION = 1.0;
				PRODUCT_BUNDLE_IDENTIFIER = com.sauronpi.ObjectiveCHelperUITests;
				PRODUCT_NAME = "$(TARGET_NAME)";
				SWIFT_EMIT_LOC_STRINGS = NO;
				TARGETED_DEVICE_FAMILY = "1,2";
				TEST_TARGET_NAME = ObjectiveCHelper;
			};
			name = Release;
		};
/* End XCBuildConfiguration section */

/* Begin XCConfigurationList section */
		18E4173928E44E720035BDA7 /* Build configuration list for PBXProject "ObjectiveCHelper" */ = {
			isa = XCConfigurationList;
			buildConfigurations = (
				18E4176B28E44E740035BDA7 /* Debug */,
				18E4176C28E44E740035BDA7 /* Release */,
			);
			defaultConfigurationIsVisible = 0;
			defaultConfigurationName = Release;
		};
		18E4176D28E44E740035BDA7 /* Build configuration list for PBXNativeTarget "ObjectiveCHelper" */ = {
			isa = XCConfigurationList;
			buildConfigurations = (
				18E4176E28E44E740035BDA7 /* Debug */,
				18E4176F28E44E740035BDA7 /* Release */,
			);
			defaultConfigurationIsVisible = 0;
			defaultConfigurationName = Release;
		};
		18E4177028E44E740035BDA7 /* Build configuration list for PBXNativeTarget "ObjectiveCHelperTests" */ = {
			isa = XCConfigurationList;
			buildConfigurations = (
				18E4177128E44E740035BDA7 /* Debug */,
				18E4177228E44E740035BDA7 /* Release */,
			);
			defaultConfigurationIsVisible = 0;
			defaultConfigurationName = Release;
		};
		18E4177328E44E740035BDA7 /* Build configuration list for PBXNativeTarget "ObjectiveCHelperUITests" */ = {
			isa = XCConfigurationList;
			buildConfigurations = (
				18E4177428E44E740035BDA7 /* Debug */,
				18E4177528E44E740035BDA7 /* Release */,
			);
			defaultConfigurationIsVisible = 0;
			defaultConfigurationName = Release;
		};
/* End XCConfigurationList section */
	};
	rootObject = 18E4173628E44E720035BDA7 /* Project object */;
}
