// !$*UTF8*$!
{
	archiveVersion = 1;
	classes = {
	};
	objectVersion = 55;
	objects = {

/* Begin PBXBuildFile section */
		0E50B35EF309D9DD368ECEEA /* Pods_ObjectiveCHelperTests.framework in Frameworks */ = {isa = PBXBuildFile; fileRef = 6688CD4700FD6598AE22AFDC /* Pods_ObjectiveCHelperTests.framework */; };
		1811B83528F423100074418B /* OCHBaseViewController.m in Sources */ = {isa = PBXBuildFile; fileRef = 1811B83428F423100074418B /* OCHBaseViewController.m */; };
		1811B83828F423DD0074418B /* OCHScrollContentViewController.m in Sources */ = {isa = PBXBuildFile; fileRef = 1811B83728F423DD0074418B /* OCHScrollContentViewController.m */; };
		182356FB28FA52D800799D90 /* YCAccessoryPriceInquiryOrderSupplierTableViewHeader.m in Sources */ = {isa = PBXBuildFile; fileRef = 182356FA28FA52D800799D90 /* YCAccessoryPriceInquiryOrderSupplierTableViewHeader.m */; };
		182356FE28FA566E00799D90 /* YCAccessoryPriceInquiryOrderBySupplierView.m in Sources */ = {isa = PBXBuildFile; fileRef = 182356FD28FA566E00799D90 /* YCAccessoryPriceInquiryOrderBySupplierView.m */; };
		1823570128FA5A0800799D90 /* YCAccessoryPriceInquiryOrderBySupplierTableViewCell.m in Sources */ = {isa = PBXBuildFile; fileRef = 1823570028FA5A0800799D90 /* YCAccessoryPriceInquiryOrderBySupplierTableViewCell.m */; };
		1823570428FA5FFE00799D90 /* YCAccessoryStore.m in Sources */ = {isa = PBXBuildFile; fileRef = 1823570328FA5FFE00799D90 /* YCAccessoryStore.m */; };
		1823570728FA656800799D90 /* YCCarAccessory.m in Sources */ = {isa = PBXBuildFile; fileRef = 1823570628FA656800799D90 /* YCCarAccessory.m */; };
		182824FA28FF8BA400D2E4CF /* UITableViewDemoViewController.m in Sources */ = {isa = PBXBuildFile; fileRef = 182824F928FF8BA400D2E4CF /* UITableViewDemoViewController.m */; };
		182824FD28FF8D6000D2E4CF /* UITableViewDemoTableViewCell.m in Sources */ = {isa = PBXBuildFile; fileRef = 182824FC28FF8D6000D2E4CF /* UITableViewDemoTableViewCell.m */; };
		1828250F28FFC50400D2E4CF /* UIColor+Extension.m in Sources */ = {isa = PBXBuildFile; fileRef = 1828250E28FFC50400D2E4CF /* UIColor+Extension.m */; };
		1828251228FFC5F600D2E4CF /* UIView+Extension.m in Sources */ = {isa = PBXBuildFile; fileRef = 1828251128FFC5F600D2E4CF /* UIView+Extension.m */; };
		1838BB012907DC310089E0A5 /* YCOptionPickerCell.m in Sources */ = {isa = PBXBuildFile; fileRef = 1838BB002907DC310089E0A5 /* YCOptionPickerCell.m */; };
		1838BB042907DCF60089E0A5 /* YCTableSection.m in Sources */ = {isa = PBXBuildFile; fileRef = 1838BB022907DCF60089E0A5 /* YCTableSection.m */; };
		183DCC7628F3BD8E0098EB29 /* YCAcccessoryPrecurementSubCategoritesCollectionViewCell.m in Sources */ = {isa = PBXBuildFile; fileRef = 183DCC7528F3BD8E0098EB29 /* YCAcccessoryPrecurementSubCategoritesCollectionViewCell.m */; };
		1853C4F128F3EE6C00245003 /* UIKitUISearchbarDemoViewController.m in Sources */ = {isa = PBXBuildFile; fileRef = 1853C4F028F3EE6C00245003 /* UIKitUISearchbarDemoViewController.m */; };
		1853C4F928F4017B00245003 /* YCAccessoryPriceInquirySearchView.m in Sources */ = {isa = PBXBuildFile; fileRef = 1853C4F828F4017B00245003 /* YCAccessoryPriceInquirySearchView.m */; };
		185628A0290796320022472B /* YCOptionPicker.m in Sources */ = {isa = PBXBuildFile; fileRef = 1856289F290796320022472B /* YCOptionPicker.m */; };
		1876AD3228E450BE00DA0387 /* OCHTabbarViewController.m in Sources */ = {isa = PBXBuildFile; fileRef = 1876AD3128E450BE00DA0387 /* OCHTabbarViewController.m */; };
		1876AD3628E452A100DA0387 /* UICollectionViewDemoController.m in Sources */ = {isa = PBXBuildFile; fileRef = 1876AD3528E452A100DA0387 /* UICollectionViewDemoController.m */; };
		1876AD3A28E464E500DA0387 /* OCHTableSection.m in Sources */ = {isa = PBXBuildFile; fileRef = 1876AD3928E464E500DA0387 /* OCHTableSection.m */; };
		1876AD5D28E6BEF500DA0387 /* OCHPreview.m in Sources */ = {isa = PBXBuildFile; fileRef = 1876AD5C28E6BEF500DA0387 /* OCHPreview.m */; };
		1876AD6028E6C27D00DA0387 /* OCHPreviewController.m in Sources */ = {isa = PBXBuildFile; fileRef = 1876AD5F28E6C27D00DA0387 /* OCHPreviewController.m */; };
		1876AD6628E6E2E300DA0387 /* UIScrollViewDemoController.m in Sources */ = {isa = PBXBuildFile; fileRef = 1876AD6528E6E2E300DA0387 /* UIScrollViewDemoController.m */; };
		1885CBF628F900DF000552F7 /* UIKitCustomViewController.m in Sources */ = {isa = PBXBuildFile; fileRef = 1885CBF528F900DF000552F7 /* UIKitCustomViewController.m */; };
		1885CC0128F96A77000552F7 /* YCAccessoryPriceInquiryOrderSupplierTableViewCell.m in Sources */ = {isa = PBXBuildFile; fileRef = 1885CC0028F96A77000552F7 /* YCAccessoryPriceInquiryOrderSupplierTableViewCell.m */; };
		1885CC0D28F9834E000552F7 /* ClassA.m in Sources */ = {isa = PBXBuildFile; fileRef = 1885CC0C28F9834E000552F7 /* ClassA.m */; };
		1885CC1028F9835A000552F7 /* ClassB.m in Sources */ = {isa = PBXBuildFile; fileRef = 1885CC0F28F9835A000552F7 /* ClassB.m */; };
		1885CC1328F98496000552F7 /* ClassC.m in Sources */ = {isa = PBXBuildFile; fileRef = 1885CC1228F98496000552F7 /* ClassC.m */; };
		188CA46328F112EF00EF106E /* OCHDVPieChartViewController.m in Sources */ = {isa = PBXBuildFile; fileRef = 188CA46228F112EF00EF106E /* OCHDVPieChartViewController.m */; };
		188CA46D28F1147000EF106E /* DVPieChart.m in Sources */ = {isa = PBXBuildFile; fileRef = 188CA46828F1147000EF106E /* DVPieChart.m */; };
		188CA46E28F1147000EF106E /* DVFoodPieModel.m in Sources */ = {isa = PBXBuildFile; fileRef = 188CA46B28F1147000EF106E /* DVFoodPieModel.m */; };
		188CA46F28F1147000EF106E /* DVPieCenterView.m in Sources */ = {isa = PBXBuildFile; fileRef = 188CA46C28F1147000EF106E /* DVPieCenterView.m */; };
		188CA48128F1500E00EF106E /* OCHJXCategoryViewController.m in Sources */ = {isa = PBXBuildFile; fileRef = 188CA48028F1500E00EF106E /* OCHJXCategoryViewController.m */; };
		188CA48428F1502C00EF106E /* OCHThirdPartyViewController.m in Sources */ = {isa = PBXBuildFile; fileRef = 188CA48328F1502C00EF106E /* OCHThirdPartyViewController.m */; };
		188CA48928F167DF00EF106E /* YCAccessoryPrecurementFilterBar.m in Sources */ = {isa = PBXBuildFile; fileRef = 188CA48828F167DF00EF106E /* YCAccessoryPrecurementFilterBar.m */; };
		188CA48B28F16E8400EF106E /* YRYCAssets.xcassets in Resources */ = {isa = PBXBuildFile; fileRef = 188CA48A28F16E8400EF106E /* YRYCAssets.xcassets */; };
		188CA48E28F16F1100EF106E /* YCAccessoryPrecurementSortButton.m in Sources */ = {isa = PBXBuildFile; fileRef = 188CA48D28F16F1100EF106E /* YCAccessoryPrecurementSortButton.m */; };
		188CA49228F2574600EF106E /* YCAccessoryProcurementCategoryViewController.m in Sources */ = {isa = PBXBuildFile; fileRef = 188CA49128F2574600EF106E /* YCAccessoryProcurementCategoryViewController.m */; };
		188CA49628F262D800EF106E /* OCHJXCategoryListContentView.m in Sources */ = {isa = PBXBuildFile; fileRef = 188CA49528F262D800EF106E /* OCHJXCategoryListContentView.m */; };
		188CA49928F265C200EF106E /* YCAccessoryPrecurementProductTableView.m in Sources */ = {isa = PBXBuildFile; fileRef = 188CA49828F265C200EF106E /* YCAccessoryPrecurementProductTableView.m */; };
		188CA49C28F268B500EF106E /* YCAccessoryPrecurementCategoryTableViewCell.m in Sources */ = {isa = PBXBuildFile; fileRef = 188CA49B28F268B500EF106E /* YCAccessoryPrecurementCategoryTableViewCell.m */; };
		188CA4B528F3A86A00EF106E /* YCAcccessoryPrecurementAllCategoritesView.m in Sources */ = {isa = PBXBuildFile; fileRef = 188CA4B428F3A86A00EF106E /* YCAcccessoryPrecurementAllCategoritesView.m */; };
		188CA4B928F3AF2B00EF106E /* YCAcccessoryPrecurementAllCategoritesCollectionViewCell.m in Sources */ = {isa = PBXBuildFile; fileRef = 188CA4B828F3AF2B00EF106E /* YCAcccessoryPrecurementAllCategoritesCollectionViewCell.m */; };
		189BB85E28F543C300F2B287 /* UICollectionViewDemoCell.m in Sources */ = {isa = PBXBuildFile; fileRef = 189BB85D28F543C300F2B287 /* UICollectionViewDemoCell.m */; };
		189BB87628F5920D00F2B287 /* UICollectionViewDemoHeaderView.m in Sources */ = {isa = PBXBuildFile; fileRef = 189BB87528F5920D00F2B287 /* UICollectionViewDemoHeaderView.m */; };
		189BB87928F595D400F2B287 /* UICollectionViewDemoFooterView.m in Sources */ = {isa = PBXBuildFile; fileRef = 189BB87828F595D400F2B287 /* UICollectionViewDemoFooterView.m */; };
		18CE4056290268590075C1A6 /* UIButtonDemoViewController.m in Sources */ = {isa = PBXBuildFile; fileRef = 18CE4055290268590075C1A6 /* UIButtonDemoViewController.m */; };
		18D98BBD29013453003E5533 /* UILabelDemoViewController.m in Sources */ = {isa = PBXBuildFile; fileRef = 18D98BBC29013453003E5533 /* UILabelDemoViewController.m */; };
		18D98BC02901356B003E5533 /* NSAttributedString+Extension.m in Sources */ = {isa = PBXBuildFile; fileRef = 18D98BBF2901356B003E5533 /* NSAttributedString+Extension.m */; };
		18E4174328E44E720035BDA7 /* AppDelegate.m in Sources */ = {isa = PBXBuildFile; fileRef = 18E4174228E44E720035BDA7 /* AppDelegate.m */; };
		18E4174E28E44E740035BDA7 /* Assets.xcassets in Resources */ = {isa = PBXBuildFile; fileRef = 18E4174D28E44E740035BDA7 /* Assets.xcassets */; };
		18E4175128E44E740035BDA7 /* LaunchScreen.storyboard in Resources */ = {isa = PBXBuildFile; fileRef = 18E4174F28E44E740035BDA7 /* LaunchScreen.storyboard */; };
		18E4175428E44E740035BDA7 /* main.m in Sources */ = {isa = PBXBuildFile; fileRef = 18E4175328E44E740035BDA7 /* main.m */; };
		18E4175E28E44E740035BDA7 /* ObjectiveCHelperTests.m in Sources */ = {isa = PBXBuildFile; fileRef = 18E4175D28E44E740035BDA7 /* ObjectiveCHelperTests.m */; };
		18E4176828E44E740035BDA7 /* ObjectiveCHelperUITests.m in Sources */ = {isa = PBXBuildFile; fileRef = 18E4176728E44E740035BDA7 /* ObjectiveCHelperUITests.m */; };
		18E4176A28E44E740035BDA7 /* ObjectiveCHelperUITestsLaunchTests.m in Sources */ = {isa = PBXBuildFile; fileRef = 18E4176928E44E740035BDA7 /* ObjectiveCHelperUITestsLaunchTests.m */; };
		3093019FEA4D19C1BB7DF45E /* Pods_ObjectiveCHelper_ObjectiveCHelperUITests.framework in Frameworks */ = {isa = PBXBuildFile; fileRef = 9299767C1AA87BE14B447F63 /* Pods_ObjectiveCHelper_ObjectiveCHelperUITests.framework */; };
		44890BA328E8301D00C395D9 /* OCHContentViewController.m in Sources */ = {isa = PBXBuildFile; fileRef = 44890BA228E8301D00C395D9 /* OCHContentViewController.m */; };
		44890BA728E831C300C395D9 /* OCHUIKitDemoViewController.m in Sources */ = {isa = PBXBuildFile; fileRef = 44890BA628E831C300C395D9 /* OCHUIKitDemoViewController.m */; };
		44B9AB4328E835A400277DA0 /* OCHPreviewHelper.swift in Sources */ = {isa = PBXBuildFile; fileRef = 44B9AB4228E835A400277DA0 /* OCHPreviewHelper.swift */; };
		9164520C4FA8147686A4074F /* Pods_ObjectiveCHelper.framework in Frameworks */ = {isa = PBXBuildFile; fileRef = 72160D0D716E20EEB2158EE7 /* Pods_ObjectiveCHelper.framework */; };
/* End PBXBuildFile section */

/* Begin PBXContainerItemProxy section */
		18E4175A28E44E740035BDA7 /* PBXContainerItemProxy */ = {
			isa = PBXContainerItemProxy;
			containerPortal = 18E4173628E44E720035BDA7 /* Project object */;
			proxyType = 1;
			remoteGlobalIDString = 18E4173D28E44E720035BDA7;
			remoteInfo = ObjectiveCHelper;
		};
		18E4176428E44E740035BDA7 /* PBXContainerItemProxy */ = {
			isa = PBXContainerItemProxy;
			containerPortal = 18E4173628E44E720035BDA7 /* Project object */;
			proxyType = 1;
			remoteGlobalIDString = 18E4173D28E44E720035BDA7;
			remoteInfo = ObjectiveCHelper;
		};
/* End PBXContainerItemProxy section */

/* Begin PBXFileReference section */
		1811B83328F423100074418B /* OCHBaseViewController.h */ = {isa = PBXFileReference; lastKnownFileType = sourcecode.c.h; path = OCHBaseViewController.h; sourceTree = "<group>"; };
		1811B83428F423100074418B /* OCHBaseViewController.m */ = {isa = PBXFileReference; lastKnownFileType = sourcecode.c.objc; path = OCHBaseViewController.m; sourceTree = "<group>"; };
		1811B83628F423DD0074418B /* OCHScrollContentViewController.h */ = {isa = PBXFileReference; lastKnownFileType = sourcecode.c.h; path = OCHScrollContentViewController.h; sourceTree = "<group>"; };
		1811B83728F423DD0074418B /* OCHScrollContentViewController.m */ = {isa = PBXFileReference; lastKnownFileType = sourcecode.c.objc; path = OCHScrollContentViewController.m; sourceTree = "<group>"; };
		182356F928FA52D800799D90 /* YCAccessoryPriceInquiryOrderSupplierTableViewHeader.h */ = {isa = PBXFileReference; lastKnownFileType = sourcecode.c.h; path = YCAccessoryPriceInquiryOrderSupplierTableViewHeader.h; sourceTree = "<group>"; };
		182356FA28FA52D800799D90 /* YCAccessoryPriceInquiryOrderSupplierTableViewHeader.m */ = {isa = PBXFileReference; lastKnownFileType = sourcecode.c.objc; path = YCAccessoryPriceInquiryOrderSupplierTableViewHeader.m; sourceTree = "<group>"; };
		182356FC28FA566E00799D90 /* YCAccessoryPriceInquiryOrderBySupplierView.h */ = {isa = PBXFileReference; lastKnownFileType = sourcecode.c.h; path = YCAccessoryPriceInquiryOrderBySupplierView.h; sourceTree = "<group>"; };
		182356FD28FA566E00799D90 /* YCAccessoryPriceInquiryOrderBySupplierView.m */ = {isa = PBXFileReference; lastKnownFileType = sourcecode.c.objc; path = YCAccessoryPriceInquiryOrderBySupplierView.m; sourceTree = "<group>"; };
		182356FF28FA5A0800799D90 /* YCAccessoryPriceInquiryOrderBySupplierTableViewCell.h */ = {isa = PBXFileReference; lastKnownFileType = sourcecode.c.h; path = YCAccessoryPriceInquiryOrderBySupplierTableViewCell.h; sourceTree = "<group>"; };
		1823570028FA5A0800799D90 /* YCAccessoryPriceInquiryOrderBySupplierTableViewCell.m */ = {isa = PBXFileReference; lastKnownFileType = sourcecode.c.objc; path = YCAccessoryPriceInquiryOrderBySupplierTableViewCell.m; sourceTree = "<group>"; };
		1823570228FA5FFE00799D90 /* YCAccessoryStore.h */ = {isa = PBXFileReference; lastKnownFileType = sourcecode.c.h; path = YCAccessoryStore.h; sourceTree = "<group>"; };
		1823570328FA5FFE00799D90 /* YCAccessoryStore.m */ = {isa = PBXFileReference; lastKnownFileType = sourcecode.c.objc; path = YCAccessoryStore.m; sourceTree = "<group>"; };
		1823570528FA656800799D90 /* YCCarAccessory.h */ = {isa = PBXFileReference; lastKnownFileType = sourcecode.c.h; path = YCCarAccessory.h; sourceTree = "<group>"; };
		1823570628FA656800799D90 /* YCCarAccessory.m */ = {isa = PBXFileReference; lastKnownFileType = sourcecode.c.objc; path = YCCarAccessory.m; sourceTree = "<group>"; };
		182824F828FF8BA400D2E4CF /* UITableViewDemoViewController.h */ = {isa = PBXFileReference; lastKnownFileType = sourcecode.c.h; path = UITableViewDemoViewController.h; sourceTree = "<group>"; };
		182824F928FF8BA400D2E4CF /* UITableViewDemoViewController.m */ = {isa = PBXFileReference; lastKnownFileType = sourcecode.c.objc; path = UITableViewDemoViewController.m; sourceTree = "<group>"; };
		182824FB28FF8D6000D2E4CF /* UITableViewDemoTableViewCell.h */ = {isa = PBXFileReference; lastKnownFileType = sourcecode.c.h; path = UITableViewDemoTableViewCell.h; sourceTree = "<group>"; };
		182824FC28FF8D6000D2E4CF /* UITableViewDemoTableViewCell.m */ = {isa = PBXFileReference; lastKnownFileType = sourcecode.c.objc; path = UITableViewDemoTableViewCell.m; sourceTree = "<group>"; };
		1828250D28FFC50400D2E4CF /* UIColor+Extension.h */ = {isa = PBXFileReference; lastKnownFileType = sourcecode.c.h; path = "UIColor+Extension.h"; sourceTree = "<group>"; };
		1828250E28FFC50400D2E4CF /* UIColor+Extension.m */ = {isa = PBXFileReference; lastKnownFileType = sourcecode.c.objc; path = "UIColor+Extension.m"; sourceTree = "<group>"; };
		1828251028FFC5F600D2E4CF /* UIView+Extension.h */ = {isa = PBXFileReference; lastKnownFileType = sourcecode.c.h; path = "UIView+Extension.h"; sourceTree = "<group>"; };
		1828251128FFC5F600D2E4CF /* UIView+Extension.m */ = {isa = PBXFileReference; lastKnownFileType = sourcecode.c.objc; path = "UIView+Extension.m"; sourceTree = "<group>"; };
		1838BAFF2907DC300089E0A5 /* YCOptionPickerCell.h */ = {isa = PBXFileReference; fileEncoding = 4; lastKnownFileType = sourcecode.c.h; path = YCOptionPickerCell.h; sourceTree = "<group>"; };
		1838BB002907DC310089E0A5 /* YCOptionPickerCell.m */ = {isa = PBXFileReference; fileEncoding = 4; lastKnownFileType = sourcecode.c.objc; path = YCOptionPickerCell.m; sourceTree = "<group>"; };
		1838BB022907DCF60089E0A5 /* YCTableSection.m */ = {isa = PBXFileReference; fileEncoding = 4; lastKnownFileType = sourcecode.c.objc; path = YCTableSection.m; sourceTree = "<group>"; };
		1838BB032907DCF60089E0A5 /* YCTableSection.h */ = {isa = PBXFileReference; fileEncoding = 4; lastKnownFileType = sourcecode.c.h; path = YCTableSection.h; sourceTree = "<group>"; };
		183DCC7428F3BD8E0098EB29 /* YCAcccessoryPrecurementSubCategoritesCollectionViewCell.h */ = {isa = PBXFileReference; lastKnownFileType = sourcecode.c.h; path = YCAcccessoryPrecurementSubCategoritesCollectionViewCell.h; sourceTree = "<group>"; };
		183DCC7528F3BD8E0098EB29 /* YCAcccessoryPrecurementSubCategoritesCollectionViewCell.m */ = {isa = PBXFileReference; lastKnownFileType = sourcecode.c.objc; path = YCAcccessoryPrecurementSubCategoritesCollectionViewCell.m; sourceTree = "<group>"; };
		1853C4EF28F3EE6C00245003 /* UIKitUISearchbarDemoViewController.h */ = {isa = PBXFileReference; lastKnownFileType = sourcecode.c.h; path = UIKitUISearchbarDemoViewController.h; sourceTree = "<group>"; };
		1853C4F028F3EE6C00245003 /* UIKitUISearchbarDemoViewController.m */ = {isa = PBXFileReference; lastKnownFileType = sourcecode.c.objc; path = UIKitUISearchbarDemoViewController.m; sourceTree = "<group>"; };
		1853C4F728F4017B00245003 /* YCAccessoryPriceInquirySearchView.h */ = {isa = PBXFileReference; lastKnownFileType = sourcecode.c.h; path = YCAccessoryPriceInquirySearchView.h; sourceTree = "<group>"; };
		1853C4F828F4017B00245003 /* YCAccessoryPriceInquirySearchView.m */ = {isa = PBXFileReference; lastKnownFileType = sourcecode.c.objc; path = YCAccessoryPriceInquirySearchView.m; sourceTree = "<group>"; };
		1856289E290796320022472B /* YCOptionPicker.h */ = {isa = PBXFileReference; lastKnownFileType = sourcecode.c.h; path = YCOptionPicker.h; sourceTree = "<group>"; };
		1856289F290796320022472B /* YCOptionPicker.m */ = {isa = PBXFileReference; lastKnownFileType = sourcecode.c.objc; path = YCOptionPicker.m; sourceTree = "<group>"; };
		1876AD3028E450BE00DA0387 /* OCHTabbarViewController.h */ = {isa = PBXFileReference; lastKnownFileType = sourcecode.c.h; path = OCHTabbarViewController.h; sourceTree = "<group>"; };
		1876AD3128E450BE00DA0387 /* OCHTabbarViewController.m */ = {isa = PBXFileReference; lastKnownFileType = sourcecode.c.objc; path = OCHTabbarViewController.m; sourceTree = "<group>"; };
		1876AD3428E452A100DA0387 /* UICollectionViewDemoController.h */ = {isa = PBXFileReference; lastKnownFileType = sourcecode.c.h; path = UICollectionViewDemoController.h; sourceTree = "<group>"; };
		1876AD3528E452A100DA0387 /* UICollectionViewDemoController.m */ = {isa = PBXFileReference; lastKnownFileType = sourcecode.c.objc; path = UICollectionViewDemoController.m; sourceTree = "<group>"; };
		1876AD3828E464E500DA0387 /* OCHTableSection.h */ = {isa = PBXFileReference; lastKnownFileType = sourcecode.c.h; path = OCHTableSection.h; sourceTree = "<group>"; };
		1876AD3928E464E500DA0387 /* OCHTableSection.m */ = {isa = PBXFileReference; lastKnownFileType = sourcecode.c.objc; path = OCHTableSection.m; sourceTree = "<group>"; };
		1876AD4828E4748A00DA0387 /* OCHPrefixHeader.pch */ = {isa = PBXFileReference; lastKnownFileType = sourcecode.c.h; path = OCHPrefixHeader.pch; sourceTree = "<group>"; };
		1876AD5428E6B97500DA0387 /* ObjectiveCHelper-Bridging-Header.h */ = {isa = PBXFileReference; lastKnownFileType = sourcecode.c.h; path = "ObjectiveCHelper-Bridging-Header.h"; sourceTree = "<group>"; };
		1876AD5B28E6BEF500DA0387 /* OCHPreview.h */ = {isa = PBXFileReference; lastKnownFileType = sourcecode.c.h; path = OCHPreview.h; sourceTree = "<group>"; };
		1876AD5C28E6BEF500DA0387 /* OCHPreview.m */ = {isa = PBXFileReference; lastKnownFileType = sourcecode.c.objc; path = OCHPreview.m; sourceTree = "<group>"; };
		1876AD5E28E6C27D00DA0387 /* OCHPreviewController.h */ = {isa = PBXFileReference; lastKnownFileType = sourcecode.c.h; path = OCHPreviewController.h; sourceTree = "<group>"; };
		1876AD5F28E6C27D00DA0387 /* OCHPreviewController.m */ = {isa = PBXFileReference; lastKnownFileType = sourcecode.c.objc; path = OCHPreviewController.m; sourceTree = "<group>"; };
		1876AD6428E6E2E300DA0387 /* UIScrollViewDemoController.h */ = {isa = PBXFileReference; lastKnownFileType = sourcecode.c.h; path = UIScrollViewDemoController.h; sourceTree = "<group>"; };
		1876AD6528E6E2E300DA0387 /* UIScrollViewDemoController.m */ = {isa = PBXFileReference; lastKnownFileType = sourcecode.c.objc; path = UIScrollViewDemoController.m; sourceTree = "<group>"; };
		1885CBF428F900DF000552F7 /* UIKitCustomViewController.h */ = {isa = PBXFileReference; lastKnownFileType = sourcecode.c.h; path = UIKitCustomViewController.h; sourceTree = "<group>"; };
		1885CBF528F900DF000552F7 /* UIKitCustomViewController.m */ = {isa = PBXFileReference; lastKnownFileType = sourcecode.c.objc; path = UIKitCustomViewController.m; sourceTree = "<group>"; };
		1885CBFF28F96A77000552F7 /* YCAccessoryPriceInquiryOrderSupplierTableViewCell.h */ = {isa = PBXFileReference; lastKnownFileType = sourcecode.c.h; path = YCAccessoryPriceInquiryOrderSupplierTableViewCell.h; sourceTree = "<group>"; };
		1885CC0028F96A77000552F7 /* YCAccessoryPriceInquiryOrderSupplierTableViewCell.m */ = {isa = PBXFileReference; lastKnownFileType = sourcecode.c.objc; path = YCAccessoryPriceInquiryOrderSupplierTableViewCell.m; sourceTree = "<group>"; };
		1885CC0B28F9834E000552F7 /* ClassA.h */ = {isa = PBXFileReference; lastKnownFileType = sourcecode.c.h; path = ClassA.h; sourceTree = "<group>"; };
		1885CC0C28F9834E000552F7 /* ClassA.m */ = {isa = PBXFileReference; lastKnownFileType = sourcecode.c.objc; path = ClassA.m; sourceTree = "<group>"; };
		1885CC0E28F9835A000552F7 /* ClassB.h */ = {isa = PBXFileReference; lastKnownFileType = sourcecode.c.h; path = ClassB.h; sourceTree = "<group>"; };
		1885CC0F28F9835A000552F7 /* ClassB.m */ = {isa = PBXFileReference; lastKnownFileType = sourcecode.c.objc; path = ClassB.m; sourceTree = "<group>"; };
		1885CC1128F98496000552F7 /* ClassC.h */ = {isa = PBXFileReference; lastKnownFileType = sourcecode.c.h; path = ClassC.h; sourceTree = "<group>"; };
		1885CC1228F98496000552F7 /* ClassC.m */ = {isa = PBXFileReference; lastKnownFileType = sourcecode.c.objc; path = ClassC.m; sourceTree = "<group>"; };
		188CA46128F112EF00EF106E /* OCHDVPieChartViewController.h */ = {isa = PBXFileReference; lastKnownFileType = sourcecode.c.h; path = OCHDVPieChartViewController.h; sourceTree = "<group>"; };
		188CA46228F112EF00EF106E /* OCHDVPieChartViewController.m */ = {isa = PBXFileReference; lastKnownFileType = sourcecode.c.objc; path = OCHDVPieChartViewController.m; sourceTree = "<group>"; };
		188CA46728F1147000EF106E /* DVPieChart.h */ = {isa = PBXFileReference; fileEncoding = 4; lastKnownFileType = sourcecode.c.h; path = DVPieChart.h; sourceTree = "<group>"; };
		188CA46828F1147000EF106E /* DVPieChart.m */ = {isa = PBXFileReference; fileEncoding = 4; lastKnownFileType = sourcecode.c.objc; path = DVPieChart.m; sourceTree = "<group>"; };
		188CA46928F1147000EF106E /* DVFoodPieModel.h */ = {isa = PBXFileReference; fileEncoding = 4; lastKnownFileType = sourcecode.c.h; path = DVFoodPieModel.h; sourceTree = "<group>"; };
		188CA46A28F1147000EF106E /* DVPieCenterView.h */ = {isa = PBXFileReference; fileEncoding = 4; lastKnownFileType = sourcecode.c.h; path = DVPieCenterView.h; sourceTree = "<group>"; };
		188CA46B28F1147000EF106E /* DVFoodPieModel.m */ = {isa = PBXFileReference; fileEncoding = 4; lastKnownFileType = sourcecode.c.objc; path = DVFoodPieModel.m; sourceTree = "<group>"; };
		188CA46C28F1147000EF106E /* DVPieCenterView.m */ = {isa = PBXFileReference; fileEncoding = 4; lastKnownFileType = sourcecode.c.objc; path = DVPieCenterView.m; sourceTree = "<group>"; };
		188CA47F28F1500E00EF106E /* OCHJXCategoryViewController.h */ = {isa = PBXFileReference; lastKnownFileType = sourcecode.c.h; path = OCHJXCategoryViewController.h; sourceTree = "<group>"; };
		188CA48028F1500E00EF106E /* OCHJXCategoryViewController.m */ = {isa = PBXFileReference; lastKnownFileType = sourcecode.c.objc; path = OCHJXCategoryViewController.m; sourceTree = "<group>"; };
		188CA48228F1502C00EF106E /* OCHThirdPartyViewController.h */ = {isa = PBXFileReference; lastKnownFileType = sourcecode.c.h; path = OCHThirdPartyViewController.h; sourceTree = "<group>"; };
		188CA48328F1502C00EF106E /* OCHThirdPartyViewController.m */ = {isa = PBXFileReference; lastKnownFileType = sourcecode.c.objc; path = OCHThirdPartyViewController.m; sourceTree = "<group>"; };
		188CA48728F167DF00EF106E /* YCAccessoryPrecurementFilterBar.h */ = {isa = PBXFileReference; lastKnownFileType = sourcecode.c.h; path = YCAccessoryPrecurementFilterBar.h; sourceTree = "<group>"; };
		188CA48828F167DF00EF106E /* YCAccessoryPrecurementFilterBar.m */ = {isa = PBXFileReference; lastKnownFileType = sourcecode.c.objc; path = YCAccessoryPrecurementFilterBar.m; sourceTree = "<group>"; };
		188CA48A28F16E8400EF106E /* YRYCAssets.xcassets */ = {isa = PBXFileReference; lastKnownFileType = folder.assetcatalog; path = YRYCAssets.xcassets; sourceTree = "<group>"; };
		188CA48C28F16F1100EF106E /* YCAccessoryPrecurementSortButton.h */ = {isa = PBXFileReference; lastKnownFileType = sourcecode.c.h; path = YCAccessoryPrecurementSortButton.h; sourceTree = "<group>"; };
		188CA48D28F16F1100EF106E /* YCAccessoryPrecurementSortButton.m */ = {isa = PBXFileReference; lastKnownFileType = sourcecode.c.objc; path = YCAccessoryPrecurementSortButton.m; sourceTree = "<group>"; };
		188CA49028F2574600EF106E /* YCAccessoryProcurementCategoryViewController.h */ = {isa = PBXFileReference; lastKnownFileType = sourcecode.c.h; path = YCAccessoryProcurementCategoryViewController.h; sourceTree = "<group>"; };
		188CA49128F2574600EF106E /* YCAccessoryProcurementCategoryViewController.m */ = {isa = PBXFileReference; lastKnownFileType = sourcecode.c.objc; path = YCAccessoryProcurementCategoryViewController.m; sourceTree = "<group>"; };
		188CA49428F262D800EF106E /* OCHJXCategoryListContentView.h */ = {isa = PBXFileReference; lastKnownFileType = sourcecode.c.h; path = OCHJXCategoryListContentView.h; sourceTree = "<group>"; };
		188CA49528F262D800EF106E /* OCHJXCategoryListContentView.m */ = {isa = PBXFileReference; lastKnownFileType = sourcecode.c.objc; path = OCHJXCategoryListContentView.m; sourceTree = "<group>"; };
		188CA49728F265C200EF106E /* YCAccessoryPrecurementProductTableView.h */ = {isa = PBXFileReference; lastKnownFileType = sourcecode.c.h; path = YCAccessoryPrecurementProductTableView.h; sourceTree = "<group>"; };
		188CA49828F265C200EF106E /* YCAccessoryPrecurementProductTableView.m */ = {isa = PBXFileReference; lastKnownFileType = sourcecode.c.objc; path = YCAccessoryPrecurementProductTableView.m; sourceTree = "<group>"; };
		188CA49A28F268B400EF106E /* YCAccessoryPrecurementCategoryTableViewCell.h */ = {isa = PBXFileReference; lastKnownFileType = sourcecode.c.h; path = YCAccessoryPrecurementCategoryTableViewCell.h; sourceTree = "<group>"; };
		188CA49B28F268B500EF106E /* YCAccessoryPrecurementCategoryTableViewCell.m */ = {isa = PBXFileReference; lastKnownFileType = sourcecode.c.objc; path = YCAccessoryPrecurementCategoryTableViewCell.m; sourceTree = "<group>"; };
		188CA4B328F3A86A00EF106E /* YCAcccessoryPrecurementAllCategoritesView.h */ = {isa = PBXFileReference; lastKnownFileType = sourcecode.c.h; path = YCAcccessoryPrecurementAllCategoritesView.h; sourceTree = "<group>"; };
		188CA4B428F3A86A00EF106E /* YCAcccessoryPrecurementAllCategoritesView.m */ = {isa = PBXFileReference; lastKnownFileType = sourcecode.c.objc; path = YCAcccessoryPrecurementAllCategoritesView.m; sourceTree = "<group>"; };
		188CA4B728F3AF2B00EF106E /* YCAcccessoryPrecurementAllCategoritesCollectionViewCell.h */ = {isa = PBXFileReference; lastKnownFileType = sourcecode.c.h; path = YCAcccessoryPrecurementAllCategoritesCollectionViewCell.h; sourceTree = "<group>"; };
		188CA4B828F3AF2B00EF106E /* YCAcccessoryPrecurementAllCategoritesCollectionViewCell.m */ = {isa = PBXFileReference; lastKnownFileType = sourcecode.c.objc; path = YCAcccessoryPrecurementAllCategoritesCollectionViewCell.m; sourceTree = "<group>"; };
		189BB85C28F543C300F2B287 /* UICollectionViewDemoCell.h */ = {isa = PBXFileReference; lastKnownFileType = sourcecode.c.h; path = UICollectionViewDemoCell.h; sourceTree = "<group>"; };
		189BB85D28F543C300F2B287 /* UICollectionViewDemoCell.m */ = {isa = PBXFileReference; lastKnownFileType = sourcecode.c.objc; path = UICollectionViewDemoCell.m; sourceTree = "<group>"; };
		189BB87428F5920D00F2B287 /* UICollectionViewDemoHeaderView.h */ = {isa = PBXFileReference; lastKnownFileType = sourcecode.c.h; path = UICollectionViewDemoHeaderView.h; sourceTree = "<group>"; };
		189BB87528F5920D00F2B287 /* UICollectionViewDemoHeaderView.m */ = {isa = PBXFileReference; lastKnownFileType = sourcecode.c.objc; path = UICollectionViewDemoHeaderView.m; sourceTree = "<group>"; };
		189BB87728F595D400F2B287 /* UICollectionViewDemoFooterView.h */ = {isa = PBXFileReference; lastKnownFileType = sourcecode.c.h; path = UICollectionViewDemoFooterView.h; sourceTree = "<group>"; };
		189BB87828F595D400F2B287 /* UICollectionViewDemoFooterView.m */ = {isa = PBXFileReference; lastKnownFileType = sourcecode.c.objc; path = UICollectionViewDemoFooterView.m; sourceTree = "<group>"; };
		18CE4054290268590075C1A6 /* UIButtonDemoViewController.h */ = {isa = PBXFileReference; lastKnownFileType = sourcecode.c.h; path = UIButtonDemoViewController.h; sourceTree = "<group>"; };
		18CE4055290268590075C1A6 /* UIButtonDemoViewController.m */ = {isa = PBXFileReference; lastKnownFileType = sourcecode.c.objc; path = UIButtonDemoViewController.m; sourceTree = "<group>"; };
		18D98BBB29013453003E5533 /* UILabelDemoViewController.h */ = {isa = PBXFileReference; lastKnownFileType = sourcecode.c.h; path = UILabelDemoViewController.h; sourceTree = "<group>"; };
		18D98BBC29013453003E5533 /* UILabelDemoViewController.m */ = {isa = PBXFileReference; lastKnownFileType = sourcecode.c.objc; path = UILabelDemoViewController.m; sourceTree = "<group>"; };
		18D98BBE2901356B003E5533 /* NSAttributedString+Extension.h */ = {isa = PBXFileReference; lastKnownFileType = sourcecode.c.h; path = "NSAttributedString+Extension.h"; sourceTree = "<group>"; };
		18D98BBF2901356B003E5533 /* NSAttributedString+Extension.m */ = {isa = PBXFileReference; lastKnownFileType = sourcecode.c.objc; path = "NSAttributedString+Extension.m"; sourceTree = "<group>"; };
		18E4173E28E44E720035BDA7 /* ObjectiveCHelper.app */ = {isa = PBXFileReference; explicitFileType = wrapper.application; includeInIndex = 0; path = ObjectiveCHelper.app; sourceTree = BUILT_PRODUCTS_DIR; };
		18E4174128E44E720035BDA7 /* AppDelegate.h */ = {isa = PBXFileReference; lastKnownFileType = sourcecode.c.h; path = AppDelegate.h; sourceTree = "<group>"; };
		18E4174228E44E720035BDA7 /* AppDelegate.m */ = {isa = PBXFileReference; lastKnownFileType = sourcecode.c.objc; path = AppDelegate.m; sourceTree = "<group>"; };
		18E4174D28E44E740035BDA7 /* Assets.xcassets */ = {isa = PBXFileReference; lastKnownFileType = folder.assetcatalog; path = Assets.xcassets; sourceTree = "<group>"; };
		18E4175028E44E740035BDA7 /* Base */ = {isa = PBXFileReference; lastKnownFileType = file.storyboard; name = Base; path = Base.lproj/LaunchScreen.storyboard; sourceTree = "<group>"; };
		18E4175228E44E740035BDA7 /* Info.plist */ = {isa = PBXFileReference; lastKnownFileType = text.plist.xml; path = Info.plist; sourceTree = "<group>"; };
		18E4175328E44E740035BDA7 /* main.m */ = {isa = PBXFileReference; lastKnownFileType = sourcecode.c.objc; path = main.m; sourceTree = "<group>"; };
		18E4175928E44E740035BDA7 /* ObjectiveCHelperTests.xctest */ = {isa = PBXFileReference; explicitFileType = wrapper.cfbundle; includeInIndex = 0; path = ObjectiveCHelperTests.xctest; sourceTree = BUILT_PRODUCTS_DIR; };
		18E4175D28E44E740035BDA7 /* ObjectiveCHelperTests.m */ = {isa = PBXFileReference; lastKnownFileType = sourcecode.c.objc; path = ObjectiveCHelperTests.m; sourceTree = "<group>"; };
		18E4176328E44E740035BDA7 /* ObjectiveCHelperUITests.xctest */ = {isa = PBXFileReference; explicitFileType = wrapper.cfbundle; includeInIndex = 0; path = ObjectiveCHelperUITests.xctest; sourceTree = BUILT_PRODUCTS_DIR; };
		18E4176728E44E740035BDA7 /* ObjectiveCHelperUITests.m */ = {isa = PBXFileReference; lastKnownFileType = sourcecode.c.objc; path = ObjectiveCHelperUITests.m; sourceTree = "<group>"; };
		18E4176928E44E740035BDA7 /* ObjectiveCHelperUITestsLaunchTests.m */ = {isa = PBXFileReference; lastKnownFileType = sourcecode.c.objc; path = ObjectiveCHelperUITestsLaunchTests.m; sourceTree = "<group>"; };
		365375EE3E48A83C249D7C5C /* Pods-ObjectiveCHelperTests.debug.xcconfig */ = {isa = PBXFileReference; includeInIndex = 1; lastKnownFileType = text.xcconfig; name = "Pods-ObjectiveCHelperTests.debug.xcconfig"; path = "Target Support Files/Pods-ObjectiveCHelperTests/Pods-ObjectiveCHelperTests.debug.xcconfig"; sourceTree = "<group>"; };
		44890BA128E8301D00C395D9 /* OCHContentViewController.h */ = {isa = PBXFileReference; lastKnownFileType = sourcecode.c.h; path = OCHContentViewController.h; sourceTree = "<group>"; };
		44890BA228E8301D00C395D9 /* OCHContentViewController.m */ = {isa = PBXFileReference; lastKnownFileType = sourcecode.c.objc; path = OCHContentViewController.m; sourceTree = "<group>"; };
		44890BA528E831C300C395D9 /* OCHUIKitDemoViewController.h */ = {isa = PBXFileReference; lastKnownFileType = sourcecode.c.h; path = OCHUIKitDemoViewController.h; sourceTree = "<group>"; };
		44890BA628E831C300C395D9 /* OCHUIKitDemoViewController.m */ = {isa = PBXFileReference; lastKnownFileType = sourcecode.c.objc; path = OCHUIKitDemoViewController.m; sourceTree = "<group>"; };
		44B9AB4228E835A400277DA0 /* OCHPreviewHelper.swift */ = {isa = PBXFileReference; lastKnownFileType = sourcecode.swift; path = OCHPreviewHelper.swift; sourceTree = "<group>"; };
		6688CD4700FD6598AE22AFDC /* Pods_ObjectiveCHelperTests.framework */ = {isa = PBXFileReference; explicitFileType = wrapper.framework; includeInIndex = 0; path = Pods_ObjectiveCHelperTests.framework; sourceTree = BUILT_PRODUCTS_DIR; };
		72160D0D716E20EEB2158EE7 /* Pods_ObjectiveCHelper.framework */ = {isa = PBXFileReference; explicitFileType = wrapper.framework; includeInIndex = 0; path = Pods_ObjectiveCHelper.framework; sourceTree = BUILT_PRODUCTS_DIR; };
		9299767C1AA87BE14B447F63 /* Pods_ObjectiveCHelper_ObjectiveCHelperUITests.framework */ = {isa = PBXFileReference; explicitFileType = wrapper.framework; includeInIndex = 0; path = Pods_ObjectiveCHelper_ObjectiveCHelperUITests.framework; sourceTree = BUILT_PRODUCTS_DIR; };
		A99D8F424D160311A5B86A3A /* Pods-ObjectiveCHelper.release.xcconfig */ = {isa = PBXFileReference; includeInIndex = 1; lastKnownFileType = text.xcconfig; name = "Pods-ObjectiveCHelper.release.xcconfig"; path = "Target Support Files/Pods-ObjectiveCHelper/Pods-ObjectiveCHelper.release.xcconfig"; sourceTree = "<group>"; };
		AB1338BD3FFDE0A3A0580670 /* Pods-ObjectiveCHelper-ObjectiveCHelperUITests.release.xcconfig */ = {isa = PBXFileReference; includeInIndex = 1; lastKnownFileType = text.xcconfig; name = "Pods-ObjectiveCHelper-ObjectiveCHelperUITests.release.xcconfig"; path = "Target Support Files/Pods-ObjectiveCHelper-ObjectiveCHelperUITests/Pods-ObjectiveCHelper-ObjectiveCHelperUITests.release.xcconfig"; sourceTree = "<group>"; };
		B3A9A30B7024EFB729FD4138 /* Pods-ObjectiveCHelper.debug.xcconfig */ = {isa = PBXFileReference; includeInIndex = 1; lastKnownFileType = text.xcconfig; name = "Pods-ObjectiveCHelper.debug.xcconfig"; path = "Target Support Files/Pods-ObjectiveCHelper/Pods-ObjectiveCHelper.debug.xcconfig"; sourceTree = "<group>"; };
		E42F9BC40553364C53236AEA /* Pods-ObjectiveCHelper-ObjectiveCHelperUITests.debug.xcconfig */ = {isa = PBXFileReference; includeInIndex = 1; lastKnownFileType = text.xcconfig; name = "Pods-ObjectiveCHelper-ObjectiveCHelperUITests.debug.xcconfig"; path = "Target Support Files/Pods-ObjectiveCHelper-ObjectiveCHelperUITests/Pods-ObjectiveCHelper-ObjectiveCHelperUITests.debug.xcconfig"; sourceTree = "<group>"; };
		F9D80E1F8D900288F2A696FE /* Pods-ObjectiveCHelperTests.release.xcconfig */ = {isa = PBXFileReference; includeInIndex = 1; lastKnownFileType = text.xcconfig; name = "Pods-ObjectiveCHelperTests.release.xcconfig"; path = "Target Support Files/Pods-ObjectiveCHelperTests/Pods-ObjectiveCHelperTests.release.xcconfig"; sourceTree = "<group>"; };
/* End PBXFileReference section */

/* Begin PBXFrameworksBuildPhase section */
		18E4173B28E44E720035BDA7 /* Frameworks */ = {
			isa = PBXFrameworksBuildPhase;
			buildActionMask = 2147483647;
			files = (
				9164520C4FA8147686A4074F /* Pods_ObjectiveCHelper.framework in Frameworks */,
			);
			runOnlyForDeploymentPostprocessing = 0;
		};
		18E4175628E44E740035BDA7 /* Frameworks */ = {
			isa = PBXFrameworksBuildPhase;
			buildActionMask = 2147483647;
			files = (
				0E50B35EF309D9DD368ECEEA /* Pods_ObjectiveCHelperTests.framework in Frameworks */,
			);
			runOnlyForDeploymentPostprocessing = 0;
		};
		18E4176028E44E740035BDA7 /* Frameworks */ = {
			isa = PBXFrameworksBuildPhase;
			buildActionMask = 2147483647;
			files = (
				3093019FEA4D19C1BB7DF45E /* Pods_ObjectiveCHelper_ObjectiveCHelperUITests.framework in Frameworks */,
			);
			runOnlyForDeploymentPostprocessing = 0;
		};
/* End PBXFrameworksBuildPhase section */

/* Begin PBXGroup section */
		1838BAFE2907DC1A0089E0A5 /* YCOptionPicker */ = {
			isa = PBXGroup;
			children = (
				1856289E290796320022472B /* YCOptionPicker.h */,
				1856289F290796320022472B /* YCOptionPicker.m */,
				1838BAFF2907DC300089E0A5 /* YCOptionPickerCell.h */,
				1838BB002907DC310089E0A5 /* YCOptionPickerCell.m */,
			);
			path = YCOptionPicker;
			sourceTree = "<group>";
		};
		183DCCAC28F3CCC30098EB29 /* YRYC */ = {
			isa = PBXGroup;
			children = (
				1885CC0228F97477000552F7 /* Model */,
				183DCCAD28F3CCD90098EB29 /* AccessoryPrecurement */,
				1853C4F628F4014A00245003 /* AccessoryPriceInquiry */,
				1856289D290795FD0022472B /* View */,
				188CA48A28F16E8400EF106E /* YRYCAssets.xcassets */,
			);
			path = YRYC;
			sourceTree = "<group>";
		};
		183DCCAD28F3CCD90098EB29 /* AccessoryPrecurement */ = {
			isa = PBXGroup;
			children = (
				183DCCAE28F3CCF40098EB29 /* AllCategories */,
				188CA49A28F268B400EF106E /* YCAccessoryPrecurementCategoryTableViewCell.h */,
				188CA49B28F268B500EF106E /* YCAccessoryPrecurementCategoryTableViewCell.m */,
				188CA48728F167DF00EF106E /* YCAccessoryPrecurementFilterBar.h */,
				188CA48828F167DF00EF106E /* YCAccessoryPrecurementFilterBar.m */,
				188CA49728F265C200EF106E /* YCAccessoryPrecurementProductTableView.h */,
				188CA49828F265C200EF106E /* YCAccessoryPrecurementProductTableView.m */,
				188CA48C28F16F1100EF106E /* YCAccessoryPrecurementSortButton.h */,
				188CA48D28F16F1100EF106E /* YCAccessoryPrecurementSortButton.m */,
				188CA49028F2574600EF106E /* YCAccessoryProcurementCategoryViewController.h */,
				188CA49128F2574600EF106E /* YCAccessoryProcurementCategoryViewController.m */,
			);
			path = AccessoryPrecurement;
			sourceTree = "<group>";
		};
		183DCCAE28F3CCF40098EB29 /* AllCategories */ = {
			isa = PBXGroup;
			children = (
				188CA4B728F3AF2B00EF106E /* YCAcccessoryPrecurementAllCategoritesCollectionViewCell.h */,
				188CA4B828F3AF2B00EF106E /* YCAcccessoryPrecurementAllCategoritesCollectionViewCell.m */,
				188CA4B328F3A86A00EF106E /* YCAcccessoryPrecurementAllCategoritesView.h */,
				188CA4B428F3A86A00EF106E /* YCAcccessoryPrecurementAllCategoritesView.m */,
				183DCC7428F3BD8E0098EB29 /* YCAcccessoryPrecurementSubCategoritesCollectionViewCell.h */,
				183DCC7528F3BD8E0098EB29 /* YCAcccessoryPrecurementSubCategoritesCollectionViewCell.m */,
			);
			path = AllCategories;
			sourceTree = "<group>";
		};
		1853C4F628F4014A00245003 /* AccessoryPriceInquiry */ = {
			isa = PBXGroup;
			children = (
				182356FF28FA5A0800799D90 /* YCAccessoryPriceInquiryOrderBySupplierTableViewCell.h */,
				1823570028FA5A0800799D90 /* YCAccessoryPriceInquiryOrderBySupplierTableViewCell.m */,
				182356FC28FA566E00799D90 /* YCAccessoryPriceInquiryOrderBySupplierView.h */,
				182356FD28FA566E00799D90 /* YCAccessoryPriceInquiryOrderBySupplierView.m */,
				1885CBFF28F96A77000552F7 /* YCAccessoryPriceInquiryOrderSupplierTableViewCell.h */,
				1885CC0028F96A77000552F7 /* YCAccessoryPriceInquiryOrderSupplierTableViewCell.m */,
				182356F928FA52D800799D90 /* YCAccessoryPriceInquiryOrderSupplierTableViewHeader.h */,
				182356FA28FA52D800799D90 /* YCAccessoryPriceInquiryOrderSupplierTableViewHeader.m */,
				1853C4F728F4017B00245003 /* YCAccessoryPriceInquirySearchView.h */,
				1853C4F828F4017B00245003 /* YCAccessoryPriceInquirySearchView.m */,
			);
			path = AccessoryPriceInquiry;
			sourceTree = "<group>";
		};
		1856289D290795FD0022472B /* View */ = {
			isa = PBXGroup;
			children = (
				1838BAFE2907DC1A0089E0A5 /* YCOptionPicker */,
			);
			path = View;
			sourceTree = "<group>";
		};
		1876AD2F28E450A200DA0387 /* Base */ = {
			isa = PBXGroup;
			children = (
				1811B83328F423100074418B /* OCHBaseViewController.h */,
				1811B83428F423100074418B /* OCHBaseViewController.m */,
				44890BA128E8301D00C395D9 /* OCHContentViewController.h */,
				44890BA228E8301D00C395D9 /* OCHContentViewController.m */,
				1811B83628F423DD0074418B /* OCHScrollContentViewController.h */,
				1811B83728F423DD0074418B /* OCHScrollContentViewController.m */,
				1876AD3028E450BE00DA0387 /* OCHTabbarViewController.h */,
				1876AD3128E450BE00DA0387 /* OCHTabbarViewController.m */,
			);
			path = Base;
			sourceTree = "<group>";
		};
		1876AD3728E464AE00DA0387 /* Model */ = {
			isa = PBXGroup;
			children = (
				1876AD3828E464E500DA0387 /* OCHTableSection.h */,
				1876AD3928E464E500DA0387 /* OCHTableSection.m */,
			);
			path = Model;
			sourceTree = "<group>";
		};
		1876AD4128E472A200DA0387 /* Extension */ = {
			isa = PBXGroup;
			children = (
				18D98BBE2901356B003E5533 /* NSAttributedString+Extension.h */,
				18D98BBF2901356B003E5533 /* NSAttributedString+Extension.m */,
				1828250D28FFC50400D2E4CF /* UIColor+Extension.h */,
				1828250E28FFC50400D2E4CF /* UIColor+Extension.m */,
				1828251028FFC5F600D2E4CF /* UIView+Extension.h */,
				1828251128FFC5F600D2E4CF /* UIView+Extension.m */,
			);
			path = Extension;
			sourceTree = "<group>";
		};
		1885CBF228F900AB000552F7 /* UIKitCustom */ = {
			isa = PBXGroup;
			children = (
				1885CBF328F900BA000552F7 /* Controller */,
			);
			path = UIKitCustom;
			sourceTree = "<group>";
		};
		1885CBF328F900BA000552F7 /* Controller */ = {
			isa = PBXGroup;
			children = (
				1885CBF428F900DF000552F7 /* UIKitCustomViewController.h */,
				1885CBF528F900DF000552F7 /* UIKitCustomViewController.m */,
			);
			path = Controller;
			sourceTree = "<group>";
		};
		1885CC0228F97477000552F7 /* Model */ = {
			isa = PBXGroup;
			children = (
				1823570228FA5FFE00799D90 /* YCAccessoryStore.h */,
				1823570328FA5FFE00799D90 /* YCAccessoryStore.m */,
				1823570528FA656800799D90 /* YCCarAccessory.h */,
				1823570628FA656800799D90 /* YCCarAccessory.m */,
				1838BB032907DCF60089E0A5 /* YCTableSection.h */,
				1838BB022907DCF60089E0A5 /* YCTableSection.m */,
			);
			path = Model;
			sourceTree = "<group>";
		};
		1885CC0A28F98336000552F7 /* Test */ = {
			isa = PBXGroup;
			children = (
				1885CC0B28F9834E000552F7 /* ClassA.h */,
				1885CC0C28F9834E000552F7 /* ClassA.m */,
				1885CC0E28F9835A000552F7 /* ClassB.h */,
				1885CC0F28F9835A000552F7 /* ClassB.m */,
				1885CC1128F98496000552F7 /* ClassC.h */,
				1885CC1228F98496000552F7 /* ClassC.m */,
			);
			path = Test;
			sourceTree = "<group>";
		};
		188CA45F28F1125E00EF106E /* UIKitDemo */ = {
			isa = PBXGroup;
			children = (
				188CA46028F1129B00EF106E /* Controller */,
				189BB85B28F543A200F2B287 /* View */,
			);
			path = UIKitDemo;
			sourceTree = "<group>";
		};
		188CA46028F1129B00EF106E /* Controller */ = {
			isa = PBXGroup;
			children = (
				44890BA528E831C300C395D9 /* OCHUIKitDemoViewController.h */,
				44890BA628E831C300C395D9 /* OCHUIKitDemoViewController.m */,
				18CE4054290268590075C1A6 /* UIButtonDemoViewController.h */,
				18CE4055290268590075C1A6 /* UIButtonDemoViewController.m */,
				1876AD3428E452A100DA0387 /* UICollectionViewDemoController.h */,
				1876AD3528E452A100DA0387 /* UICollectionViewDemoController.m */,
				1853C4EF28F3EE6C00245003 /* UIKitUISearchbarDemoViewController.h */,
				1853C4F028F3EE6C00245003 /* UIKitUISearchbarDemoViewController.m */,
				18D98BBB29013453003E5533 /* UILabelDemoViewController.h */,
				18D98BBC29013453003E5533 /* UILabelDemoViewController.m */,
				1876AD6428E6E2E300DA0387 /* UIScrollViewDemoController.h */,
				1876AD6528E6E2E300DA0387 /* UIScrollViewDemoController.m */,
				182824F828FF8BA400D2E4CF /* UITableViewDemoViewController.h */,
				182824F928FF8BA400D2E4CF /* UITableViewDemoViewController.m */,
			);
			path = Controller;
			sourceTree = "<group>";
		};
		188CA46528F1135A00EF106E /* View */ = {
			isa = PBXGroup;
			children = (
				188CA46628F113A700EF106E /* DVDishPieHeader */,
			);
			path = View;
			sourceTree = "<group>";
		};
		188CA46628F113A700EF106E /* DVDishPieHeader */ = {
			isa = PBXGroup;
			children = (
				188CA46928F1147000EF106E /* DVFoodPieModel.h */,
				188CA46B28F1147000EF106E /* DVFoodPieModel.m */,
				188CA46A28F1147000EF106E /* DVPieCenterView.h */,
				188CA46C28F1147000EF106E /* DVPieCenterView.m */,
				188CA46728F1147000EF106E /* DVPieChart.h */,
				188CA46828F1147000EF106E /* DVPieChart.m */,
			);
			path = DVDishPieHeader;
			sourceTree = "<group>";
		};
		188CA47E28F14F9100EF106E /* ThirdParty */ = {
			isa = PBXGroup;
			children = (
				188CA49328F262AC00EF106E /* JXCategoryView */,
				188CA46128F112EF00EF106E /* OCHDVPieChartViewController.h */,
				188CA46228F112EF00EF106E /* OCHDVPieChartViewController.m */,
				188CA48228F1502C00EF106E /* OCHThirdPartyViewController.h */,
				188CA48328F1502C00EF106E /* OCHThirdPartyViewController.m */,
				188CA46528F1135A00EF106E /* View */,
			);
			path = ThirdParty;
			sourceTree = "<group>";
		};
		188CA48528F155DC00EF106E /* Preview */ = {
			isa = PBXGroup;
			children = (
				183DCCAC28F3CCC30098EB29 /* YRYC */,
				1876AD5B28E6BEF500DA0387 /* OCHPreview.h */,
				1876AD5C28E6BEF500DA0387 /* OCHPreview.m */,
				1876AD5E28E6C27D00DA0387 /* OCHPreviewController.h */,
				1876AD5F28E6C27D00DA0387 /* OCHPreviewController.m */,
				44B9AB4228E835A400277DA0 /* OCHPreviewHelper.swift */,
			);
			path = Preview;
			sourceTree = "<group>";
		};
		188CA49328F262AC00EF106E /* JXCategoryView */ = {
			isa = PBXGroup;
			children = (
				188CA49428F262D800EF106E /* OCHJXCategoryListContentView.h */,
				188CA49528F262D800EF106E /* OCHJXCategoryListContentView.m */,
				188CA47F28F1500E00EF106E /* OCHJXCategoryViewController.h */,
				188CA48028F1500E00EF106E /* OCHJXCategoryViewController.m */,
			);
			path = JXCategoryView;
			sourceTree = "<group>";
		};
		189BB85B28F543A200F2B287 /* View */ = {
			isa = PBXGroup;
			children = (
				189BB85C28F543C300F2B287 /* UICollectionViewDemoCell.h */,
				189BB85D28F543C300F2B287 /* UICollectionViewDemoCell.m */,
				189BB87728F595D400F2B287 /* UICollectionViewDemoFooterView.h */,
				189BB87828F595D400F2B287 /* UICollectionViewDemoFooterView.m */,
				189BB87428F5920D00F2B287 /* UICollectionViewDemoHeaderView.h */,
				189BB87528F5920D00F2B287 /* UICollectionViewDemoHeaderView.m */,
				182824FB28FF8D6000D2E4CF /* UITableViewDemoTableViewCell.h */,
				182824FC28FF8D6000D2E4CF /* UITableViewDemoTableViewCell.m */,
			);
			path = View;
			sourceTree = "<group>";
		};
		18E4173528E44E720035BDA7 = {
			isa = PBXGroup;
			children = (
				18E4174028E44E720035BDA7 /* ObjectiveCHelper */,
				18E4175C28E44E740035BDA7 /* ObjectiveCHelperTests */,
				18E4176628E44E740035BDA7 /* ObjectiveCHelperUITests */,
				18E4173F28E44E720035BDA7 /* Products */,
				6FFA460ECB5EF60DB9783B94 /* Pods */,
				F608CBDCE98C4C5B30C34649 /* Frameworks */,
			);
			sourceTree = "<group>";
		};
		18E4173F28E44E720035BDA7 /* Products */ = {
			isa = PBXGroup;
			children = (
				18E4173E28E44E720035BDA7 /* ObjectiveCHelper.app */,
				18E4175928E44E740035BDA7 /* ObjectiveCHelperTests.xctest */,
				18E4176328E44E740035BDA7 /* ObjectiveCHelperUITests.xctest */,
			);
			name = Products;
			sourceTree = "<group>";
		};
		18E4174028E44E720035BDA7 /* ObjectiveCHelper */ = {
			isa = PBXGroup;
			children = (
				1885CC0A28F98336000552F7 /* Test */,
				18E4174128E44E720035BDA7 /* AppDelegate.h */,
				18E4174228E44E720035BDA7 /* AppDelegate.m */,
				18E4174D28E44E740035BDA7 /* Assets.xcassets */,
				1876AD2F28E450A200DA0387 /* Base */,
				1876AD4128E472A200DA0387 /* Extension */,
				18E4175228E44E740035BDA7 /* Info.plist */,
				18E4174F28E44E740035BDA7 /* LaunchScreen.storyboard */,
				18E4175328E44E740035BDA7 /* main.m */,
				1876AD3728E464AE00DA0387 /* Model */,
				1876AD5428E6B97500DA0387 /* ObjectiveCHelper-Bridging-Header.h */,
				1876AD4828E4748A00DA0387 /* OCHPrefixHeader.pch */,
				188CA48528F155DC00EF106E /* Preview */,
				188CA47E28F14F9100EF106E /* ThirdParty */,
				1885CBF228F900AB000552F7 /* UIKitCustom */,
				188CA45F28F1125E00EF106E /* UIKitDemo */,
			);
			path = ObjectiveCHelper;
			sourceTree = "<group>";
		};
		18E4175C28E44E740035BDA7 /* ObjectiveCHelperTests */ = {
			isa = PBXGroup;
			children = (
				18E4175D28E44E740035BDA7 /* ObjectiveCHelperTests.m */,
			);
			path = ObjectiveCHelperTests;
			sourceTree = "<group>";
		};
		18E4176628E44E740035BDA7 /* ObjectiveCHelperUITests */ = {
			isa = PBXGroup;
			children = (
				18E4176728E44E740035BDA7 /* ObjectiveCHelperUITests.m */,
				18E4176928E44E740035BDA7 /* ObjectiveCHelperUITestsLaunchTests.m */,
			);
			path = ObjectiveCHelperUITests;
			sourceTree = "<group>";
		};
		6FFA460ECB5EF60DB9783B94 /* Pods */ = {
			isa = PBXGroup;
			children = (
				B3A9A30B7024EFB729FD4138 /* Pods-ObjectiveCHelper.debug.xcconfig */,
				A99D8F424D160311A5B86A3A /* Pods-ObjectiveCHelper.release.xcconfig */,
				E42F9BC40553364C53236AEA /* Pods-ObjectiveCHelper-ObjectiveCHelperUITests.debug.xcconfig */,
				AB1338BD3FFDE0A3A0580670 /* Pods-ObjectiveCHelper-ObjectiveCHelperUITests.release.xcconfig */,
				365375EE3E48A83C249D7C5C /* Pods-ObjectiveCHelperTests.debug.xcconfig */,
				F9D80E1F8D900288F2A696FE /* Pods-ObjectiveCHelperTests.release.xcconfig */,
			);
			path = Pods;
			sourceTree = "<group>";
		};
		F608CBDCE98C4C5B30C34649 /* Frameworks */ = {
			isa = PBXGroup;
			children = (
				72160D0D716E20EEB2158EE7 /* Pods_ObjectiveCHelper.framework */,
				9299767C1AA87BE14B447F63 /* Pods_ObjectiveCHelper_ObjectiveCHelperUITests.framework */,
				6688CD4700FD6598AE22AFDC /* Pods_ObjectiveCHelperTests.framework */,
			);
			name = Frameworks;
			sourceTree = "<group>";
		};
/* End PBXGroup section */

/* Begin PBXNativeTarget section */
		18E4173D28E44E720035BDA7 /* ObjectiveCHelper */ = {
			isa = PBXNativeTarget;
			buildConfigurationList = 18E4176D28E44E740035BDA7 /* Build configuration list for PBXNativeTarget "ObjectiveCHelper" */;
			buildPhases = (
				FB5CD7D1040917A88EE349E2 /* [CP] Check Pods Manifest.lock */,
				18E4173A28E44E720035BDA7 /* Sources */,
				18E4173B28E44E720035BDA7 /* Frameworks */,
				18E4173C28E44E720035BDA7 /* Resources */,
				700C0499FAB83BCBE009FFDA /* [CP] Embed Pods Frameworks */,
			);
			buildRules = (
			);
			dependencies = (
			);
			name = ObjectiveCHelper;
			productName = ObjectiveCHelper;
			productReference = 18E4173E28E44E720035BDA7 /* ObjectiveCHelper.app */;
			productType = "com.apple.product-type.application";
		};
		18E4175828E44E740035BDA7 /* ObjectiveCHelperTests */ = {
			isa = PBXNativeTarget;
			buildConfigurationList = 18E4177028E44E740035BDA7 /* Build configuration list for PBXNativeTarget "ObjectiveCHelperTests" */;
			buildPhases = (
				175EC839D226114CFB05DBB4 /* [CP] Check Pods Manifest.lock */,
				18E4175528E44E740035BDA7 /* Sources */,
				18E4175628E44E740035BDA7 /* Frameworks */,
				18E4175728E44E740035BDA7 /* Resources */,
			);
			buildRules = (
			);
			dependencies = (
				18E4175B28E44E740035BDA7 /* PBXTargetDependency */,
			);
			name = ObjectiveCHelperTests;
			productName = ObjectiveCHelperTests;
			productReference = 18E4175928E44E740035BDA7 /* ObjectiveCHelperTests.xctest */;
			productType = "com.apple.product-type.bundle.unit-test";
		};
		18E4176228E44E740035BDA7 /* ObjectiveCHelperUITests */ = {
			isa = PBXNativeTarget;
			buildConfigurationList = 18E4177328E44E740035BDA7 /* Build configuration list for PBXNativeTarget "ObjectiveCHelperUITests" */;
			buildPhases = (
				46BCB4F7B269BC799CCAE405 /* [CP] Check Pods Manifest.lock */,
				18E4175F28E44E740035BDA7 /* Sources */,
				18E4176028E44E740035BDA7 /* Frameworks */,
				18E4176128E44E740035BDA7 /* Resources */,
				E7C993F03AD7E61ACB44E18E /* [CP] Embed Pods Frameworks */,
			);
			buildRules = (
			);
			dependencies = (
				18E4176528E44E740035BDA7 /* PBXTargetDependency */,
			);
			name = ObjectiveCHelperUITests;
			productName = ObjectiveCHelperUITests;
			productReference = 18E4176328E44E740035BDA7 /* ObjectiveCHelperUITests.xctest */;
			productType = "com.apple.product-type.bundle.ui-testing";
		};
/* End PBXNativeTarget section */

/* Begin PBXProject section */
		18E4173628E44E720035BDA7 /* Project object */ = {
			isa = PBXProject;
			attributes = {
				BuildIndependentTargetsInParallel = 1;
				LastUpgradeCheck = 1340;
				TargetAttributes = {
					18E4173D28E44E720035BDA7 = {
						CreatedOnToolsVersion = 13.4.1;
						LastSwiftMigration = 1340;
					};
					18E4175828E44E740035BDA7 = {
						CreatedOnToolsVersion = 13.4.1;
						TestTargetID = 18E4173D28E44E720035BDA7;
					};
					18E4176228E44E740035BDA7 = {
						CreatedOnToolsVersion = 13.4.1;
						TestTargetID = 18E4173D28E44E720035BDA7;
					};
				};
			};
			buildConfigurationList = 18E4173928E44E720035BDA7 /* Build configuration list for PBXProject "ObjectiveCHelper" */;
			compatibilityVersion = "Xcode 13.0";
			developmentRegion = en;
			hasScannedForEncodings = 0;
			knownRegions = (
				en,
				Base,
			);
			mainGroup = 18E4173528E44E720035BDA7;
			productRefGroup = 18E4173F28E44E720035BDA7 /* Products */;
			projectDirPath = "";
			projectRoot = "";
			targets = (
				18E4173D28E44E720035BDA7 /* ObjectiveCHelper */,
				18E4175828E44E740035BDA7 /* ObjectiveCHelperTests */,
				18E4176228E44E740035BDA7 /* ObjectiveCHelperUITests */,
			);
		};
/* End PBXProject section */

/* Begin PBXResourcesBuildPhase section */
		18E4173C28E44E720035BDA7 /* Resources */ = {
			isa = PBXResourcesBuildPhase;
			buildActionMask = 2147483647;
			files = (
				188CA48B28F16E8400EF106E /* YRYCAssets.xcassets in Resources */,
				18E4175128E44E740035BDA7 /* LaunchScreen.storyboard in Resources */,
				18E4174E28E44E740035BDA7 /* Assets.xcassets in Resources */,
			);
			runOnlyForDeploymentPostprocessing = 0;
		};
		18E4175728E44E740035BDA7 /* Resources */ = {
			isa = PBXResourcesBuildPhase;
			buildActionMask = 2147483647;
			files = (
			);
			runOnlyForDeploymentPostprocessing = 0;
		};
		18E4176128E44E740035BDA7 /* Resources */ = {
			isa = PBXResourcesBuildPhase;
			buildActionMask = 2147483647;
			files = (
			);
			runOnlyForDeploymentPostprocessing = 0;
		};
/* End PBXResourcesBuildPhase section */

/* Begin PBXShellScriptBuildPhase section */
		175EC839D226114CFB05DBB4 /* [CP] Check Pods Manifest.lock */ = {
			isa = PBXShellScriptBuildPhase;
			buildActionMask = 2147483647;
			files = (
			);
			inputFileListPaths = (
			);
			inputPaths = (
				"${PODS_PODFILE_DIR_PATH}/Podfile.lock",
				"${PODS_ROOT}/Manifest.lock",
			);
			name = "[CP] Check Pods Manifest.lock";
			outputFileListPaths = (
			);
			outputPaths = (
				"$(DERIVED_FILE_DIR)/Pods-ObjectiveCHelperTests-checkManifestLockResult.txt",
			);
			runOnlyForDeploymentPostprocessing = 0;
			shellPath = /bin/sh;
			shellScript = "diff \"${PODS_PODFILE_DIR_PATH}/Podfile.lock\" \"${PODS_ROOT}/Manifest.lock\" > /dev/null\nif [ $? != 0 ] ; then\n    # print error to STDERR\n    echo \"error: The sandbox is not in sync with the Podfile.lock. Run 'pod install' or update your CocoaPods installation.\" >&2\n    exit 1\nfi\n# This output is used by Xcode 'outputs' to avoid re-running this script phase.\necho \"SUCCESS\" > \"${SCRIPT_OUTPUT_FILE_0}\"\n";
			showEnvVarsInLog = 0;
		};
		46BCB4F7B269BC799CCAE405 /* [CP] Check Pods Manifest.lock */ = {
			isa = PBXShellScriptBuildPhase;
			buildActionMask = 2147483647;
			files = (
			);
			inputFileListPaths = (
			);
			inputPaths = (
				"${PODS_PODFILE_DIR_PATH}/Podfile.lock",
				"${PODS_ROOT}/Manifest.lock",
			);
			name = "[CP] Check Pods Manifest.lock";
			outputFileListPaths = (
			);
			outputPaths = (
				"$(DERIVED_FILE_DIR)/Pods-ObjectiveCHelper-ObjectiveCHelperUITests-checkManifestLockResult.txt",
			);
			runOnlyForDeploymentPostprocessing = 0;
			shellPath = /bin/sh;
			shellScript = "diff \"${PODS_PODFILE_DIR_PATH}/Podfile.lock\" \"${PODS_ROOT}/Manifest.lock\" > /dev/null\nif [ $? != 0 ] ; then\n    # print error to STDERR\n    echo \"error: The sandbox is not in sync with the Podfile.lock. Run 'pod install' or update your CocoaPods installation.\" >&2\n    exit 1\nfi\n# This output is used by Xcode 'outputs' to avoid re-running this script phase.\necho \"SUCCESS\" > \"${SCRIPT_OUTPUT_FILE_0}\"\n";
			showEnvVarsInLog = 0;
		};
		700C0499FAB83BCBE009FFDA /* [CP] Embed Pods Frameworks */ = {
			isa = PBXShellScriptBuildPhase;
			buildActionMask = 2147483647;
			files = (
			);
			inputFileListPaths = (
				"${PODS_ROOT}/Target Support Files/Pods-ObjectiveCHelper/Pods-ObjectiveCHelper-frameworks-${CONFIGURATION}-input-files.xcfilelist",
			);
			name = "[CP] Embed Pods Frameworks";
			outputFileListPaths = (
				"${PODS_ROOT}/Target Support Files/Pods-ObjectiveCHelper/Pods-ObjectiveCHelper-frameworks-${CONFIGURATION}-output-files.xcfilelist",
			);
			runOnlyForDeploymentPostprocessing = 0;
			shellPath = /bin/sh;
			shellScript = "\"${PODS_ROOT}/Target Support Files/Pods-ObjectiveCHelper/Pods-ObjectiveCHelper-frameworks.sh\"\n";
			showEnvVarsInLog = 0;
		};
		E7C993F03AD7E61ACB44E18E /* [CP] Embed Pods Frameworks */ = {
			isa = PBXShellScriptBuildPhase;
			buildActionMask = 2147483647;
			files = (
			);
			inputFileListPaths = (
				"${PODS_ROOT}/Target Support Files/Pods-ObjectiveCHelper-ObjectiveCHelperUITests/Pods-ObjectiveCHelper-ObjectiveCHelperUITests-frameworks-${CONFIGURATION}-input-files.xcfilelist",
			);
			name = "[CP] Embed Pods Frameworks";
			outputFileListPaths = (
				"${PODS_ROOT}/Target Support Files/Pods-ObjectiveCHelper-ObjectiveCHelperUITests/Pods-ObjectiveCHelper-ObjectiveCHelperUITests-frameworks-${CONFIGURATION}-output-files.xcfilelist",
			);
			runOnlyForDeploymentPostprocessing = 0;
			shellPath = /bin/sh;
			shellScript = "\"${PODS_ROOT}/Target Support Files/Pods-ObjectiveCHelper-ObjectiveCHelperUITests/Pods-ObjectiveCHelper-ObjectiveCHelperUITests-frameworks.sh\"\n";
			showEnvVarsInLog = 0;
		};
		FB5CD7D1040917A88EE349E2 /* [CP] Check Pods Manifest.lock */ = {
			isa = PBXShellScriptBuildPhase;
			buildActionMask = 2147483647;
			files = (
			);
			inputFileListPaths = (
			);
			inputPaths = (
				"${PODS_PODFILE_DIR_PATH}/Podfile.lock",
				"${PODS_ROOT}/Manifest.lock",
			);
			name = "[CP] Check Pods Manifest.lock";
			outputFileListPaths = (
			);
			outputPaths = (
				"$(DERIVED_FILE_DIR)/Pods-ObjectiveCHelper-checkManifestLockResult.txt",
			);
			runOnlyForDeploymentPostprocessing = 0;
			shellPath = /bin/sh;
			shellScript = "diff \"${PODS_PODFILE_DIR_PATH}/Podfile.lock\" \"${PODS_ROOT}/Manifest.lock\" > /dev/null\nif [ $? != 0 ] ; then\n    # print error to STDERR\n    echo \"error: The sandbox is not in sync with the Podfile.lock. Run 'pod install' or update your CocoaPods installation.\" >&2\n    exit 1\nfi\n# This output is used by Xcode 'outputs' to avoid re-running this script phase.\necho \"SUCCESS\" > \"${SCRIPT_OUTPUT_FILE_0}\"\n";
			showEnvVarsInLog = 0;
		};
/* End PBXShellScriptBuildPhase section */

/* Begin PBXSourcesBuildPhase section */
		18E4173A28E44E720035BDA7 /* Sources */ = {
			isa = PBXSourcesBuildPhase;
			buildActionMask = 2147483647;
			files = (
				188CA48428F1502C00EF106E /* OCHThirdPartyViewController.m in Sources */,
				188CA49C28F268B500EF106E /* YCAccessoryPrecurementCategoryTableViewCell.m in Sources */,
				1885CBF628F900DF000552F7 /* UIKitCustomViewController.m in Sources */,
				18D98BC02901356B003E5533 /* NSAttributedString+Extension.m in Sources */,
				189BB85E28F543C300F2B287 /* UICollectionViewDemoCell.m in Sources */,
				188CA46F28F1147000EF106E /* DVPieCenterView.m in Sources */,
				1876AD3628E452A100DA0387 /* UICollectionViewDemoController.m in Sources */,
				18E4174328E44E720035BDA7 /* AppDelegate.m in Sources */,
				1876AD6028E6C27D00DA0387 /* OCHPreviewController.m in Sources */,
				18D98BBD29013453003E5533 /* UILabelDemoViewController.m in Sources */,
				1811B83528F423100074418B /* OCHBaseViewController.m in Sources */,
				44B9AB4328E835A400277DA0 /* OCHPreviewHelper.swift in Sources */,
				188CA49928F265C200EF106E /* YCAccessoryPrecurementProductTableView.m in Sources */,
				1876AD6628E6E2E300DA0387 /* UIScrollViewDemoController.m in Sources */,
				1838BB012907DC310089E0A5 /* YCOptionPickerCell.m in Sources */,
				188CA49228F2574600EF106E /* YCAccessoryProcurementCategoryViewController.m in Sources */,
				188CA48928F167DF00EF106E /* YCAccessoryPrecurementFilterBar.m in Sources */,
				189BB87628F5920D00F2B287 /* UICollectionViewDemoHeaderView.m in Sources */,
				183DCC7628F3BD8E0098EB29 /* YCAcccessoryPrecurementSubCategoritesCollectionViewCell.m in Sources */,
				1876AD3A28E464E500DA0387 /* OCHTableSection.m in Sources */,
				1885CC1028F9835A000552F7 /* ClassB.m in Sources */,
				1828250F28FFC50400D2E4CF /* UIColor+Extension.m in Sources */,
				188CA4B528F3A86A00EF106E /* YCAcccessoryPrecurementAllCategoritesView.m in Sources */,
				1876AD3228E450BE00DA0387 /* OCHTabbarViewController.m in Sources */,
				182824FD28FF8D6000D2E4CF /* UITableViewDemoTableViewCell.m in Sources */,
				188CA48128F1500E00EF106E /* OCHJXCategoryViewController.m in Sources */,
				1876AD5D28E6BEF500DA0387 /* OCHPreview.m in Sources */,
				188CA49628F262D800EF106E /* OCHJXCategoryListContentView.m in Sources */,
				189BB87928F595D400F2B287 /* UICollectionViewDemoFooterView.m in Sources */,
				182356FE28FA566E00799D90 /* YCAccessoryPriceInquiryOrderBySupplierView.m in Sources */,
				188CA4B928F3AF2B00EF106E /* YCAcccessoryPrecurementAllCategoritesCollectionViewCell.m in Sources */,
				1885CC0D28F9834E000552F7 /* ClassA.m in Sources */,
				1838BB042907DCF60089E0A5 /* YCTableSection.m in Sources */,
				44890BA328E8301D00C395D9 /* OCHContentViewController.m in Sources */,
				1828251228FFC5F600D2E4CF /* UIView+Extension.m in Sources */,
				1885CC0128F96A77000552F7 /* YCAccessoryPriceInquiryOrderSupplierTableViewCell.m in Sources */,
				185628A0290796320022472B /* YCOptionPicker.m in Sources */,
				182356FB28FA52D800799D90 /* YCAccessoryPriceInquiryOrderSupplierTableViewHeader.m in Sources */,
				188CA46328F112EF00EF106E /* OCHDVPieChartViewController.m in Sources */,
				1853C4F928F4017B00245003 /* YCAccessoryPriceInquirySearchView.m in Sources */,
				18CE4056290268590075C1A6 /* UIButtonDemoViewController.m in Sources */,
				188CA46E28F1147000EF106E /* DVFoodPieModel.m in Sources */,
				188CA46D28F1147000EF106E /* DVPieChart.m in Sources */,
				1823570728FA656800799D90 /* YCCarAccessory.m in Sources */,
				18E4175428E44E740035BDA7 /* main.m in Sources */,
				1823570428FA5FFE00799D90 /* YCAccessoryStore.m in Sources */,
				182824FA28FF8BA400D2E4CF /* UITableViewDemoViewController.m in Sources */,
				1811B83828F423DD0074418B /* OCHScrollContentViewController.m in Sources */,
				1853C4F128F3EE6C00245003 /* UIKitUISearchbarDemoViewController.m in Sources */,
				1823570128FA5A0800799D90 /* YCAccessoryPriceInquiryOrderBySupplierTableViewCell.m in Sources */,
				1885CC1328F98496000552F7 /* ClassC.m in Sources */,
				188CA48E28F16F1100EF106E /* YCAccessoryPrecurementSortButton.m in Sources */,
				44890BA728E831C300C395D9 /* OCHUIKitDemoViewController.m in Sources */,
			);
			runOnlyForDeploymentPostprocessing = 0;
		};
		18E4175528E44E740035BDA7 /* Sources */ = {
			isa = PBXSourcesBuildPhase;
			buildActionMask = 2147483647;
			files = (
				18E4175E28E44E740035BDA7 /* ObjectiveCHelperTests.m in Sources */,
			);
			runOnlyForDeploymentPostprocessing = 0;
		};
		18E4175F28E44E740035BDA7 /* Sources */ = {
			isa = PBXSourcesBuildPhase;
			buildActionMask = 2147483647;
			files = (
				18E4176A28E44E740035BDA7 /* ObjectiveCHelperUITestsLaunchTests.m in Sources */,
				18E4176828E44E740035BDA7 /* ObjectiveCHelperUITests.m in Sources */,
			);
			runOnlyForDeploymentPostprocessing = 0;
		};
/* End PBXSourcesBuildPhase section */

/* Begin PBXTargetDependency section */
		18E4175B28E44E740035BDA7 /* PBXTargetDependency */ = {
			isa = PBXTargetDependency;
			target = 18E4173D28E44E720035BDA7 /* ObjectiveCHelper */;
			targetProxy = 18E4175A28E44E740035BDA7 /* PBXContainerItemProxy */;
		};
		18E4176528E44E740035BDA7 /* PBXTargetDependency */ = {
			isa = PBXTargetDependency;
			target = 18E4173D28E44E720035BDA7 /* ObjectiveCHelper */;
			targetProxy = 18E4176428E44E740035BDA7 /* PBXContainerItemProxy */;
		};
/* End PBXTargetDependency section */

/* Begin PBXVariantGroup section */
		18E4174F28E44E740035BDA7 /* LaunchScreen.storyboard */ = {
			isa = PBXVariantGroup;
			children = (
				18E4175028E44E740035BDA7 /* Base */,
			);
			name = LaunchScreen.storyboard;
			sourceTree = "<group>";
		};
/* End PBXVariantGroup section */

/* Begin XCBuildConfiguration section */
		18E4176B28E44E740035BDA7 /* Debug */ = {
			isa = XCBuildConfiguration;
			buildSettings = {
				ALWAYS_SEARCH_USER_PATHS = NO;
				CLANG_ANALYZER_NONNULL = YES;
				CLANG_ANALYZER_NUMBER_OBJECT_CONVERSION = YES_AGGRESSIVE;
				CLANG_CXX_LANGUAGE_STANDARD = "gnu++17";
				CLANG_ENABLE_MODULES = YES;
				CLANG_ENABLE_OBJC_ARC = YES;
				CLANG_ENABLE_OBJC_WEAK = YES;
				CLANG_WARN_BLOCK_CAPTURE_AUTORELEASING = YES;
				CLANG_WARN_BOOL_CONVERSION = YES;
				CLANG_WARN_COMMA = YES;
				CLANG_WARN_CONSTANT_CONVERSION = YES;
				CLANG_WARN_DEPRECATED_OBJC_IMPLEMENTATIONS = YES;
				CLANG_WARN_DIRECT_OBJC_ISA_USAGE = YES_ERROR;
				CLANG_WARN_DOCUMENTATION_COMMENTS = YES;
				CLANG_WARN_EMPTY_BODY = YES;
				CLANG_WARN_ENUM_CONVERSION = YES;
				CLANG_WARN_INFINITE_RECURSION = YES;
				CLANG_WARN_INT_CONVERSION = YES;
				CLANG_WARN_NON_LITERAL_NULL_CONVERSION = YES;
				CLANG_WARN_OBJC_IMPLICIT_RETAIN_SELF = YES;
				CLANG_WARN_OBJC_LITERAL_CONVERSION = YES;
				CLANG_WARN_OBJC_ROOT_CLASS = YES_ERROR;
				CLANG_WARN_QUOTED_INCLUDE_IN_FRAMEWORK_HEADER = YES;
				CLANG_WARN_RANGE_LOOP_ANALYSIS = YES;
				CLANG_WARN_STRICT_PROTOTYPES = YES;
				CLANG_WARN_SUSPICIOUS_MOVE = YES;
				CLANG_WARN_UNGUARDED_AVAILABILITY = YES_AGGRESSIVE;
				CLANG_WARN_UNREACHABLE_CODE = YES;
				CLANG_WARN__DUPLICATE_METHOD_MATCH = YES;
				COPY_PHASE_STRIP = NO;
				DEBUG_INFORMATION_FORMAT = dwarf;
				ENABLE_STRICT_OBJC_MSGSEND = YES;
				ENABLE_TESTABILITY = YES;
				GCC_C_LANGUAGE_STANDARD = gnu11;
				GCC_DYNAMIC_NO_PIC = NO;
				GCC_NO_COMMON_BLOCKS = YES;
				GCC_OPTIMIZATION_LEVEL = 0;
				GCC_PREPROCESSOR_DEFINITIONS = (
					"DEBUG=1",
					"$(inherited)",
				);
				GCC_WARN_64_TO_32_BIT_CONVERSION = YES;
				GCC_WARN_ABOUT_RETURN_TYPE = YES_ERROR;
				GCC_WARN_UNDECLARED_SELECTOR = YES;
				GCC_WARN_UNINITIALIZED_AUTOS = YES_AGGRESSIVE;
				GCC_WARN_UNUSED_FUNCTION = YES;
				GCC_WARN_UNUSED_VARIABLE = YES;
				IPHONEOS_DEPLOYMENT_TARGET = 11.0;
				MTL_ENABLE_DEBUG_INFO = INCLUDE_SOURCE;
				MTL_FAST_MATH = YES;
				ONLY_ACTIVE_ARCH = YES;
				SDKROOT = iphoneos;
			};
			name = Debug;
		};
		18E4176C28E44E740035BDA7 /* Release */ = {
			isa = XCBuildConfiguration;
			buildSettings = {
				ALWAYS_SEARCH_USER_PATHS = NO;
				CLANG_ANALYZER_NONNULL = YES;
				CLANG_ANALYZER_NUMBER_OBJECT_CONVERSION = YES_AGGRESSIVE;
				CLANG_CXX_LANGUAGE_STANDARD = "gnu++17";
				CLANG_ENABLE_MODULES = YES;
				CLANG_ENABLE_OBJC_ARC = YES;
				CLANG_ENABLE_OBJC_WEAK = YES;
				CLANG_WARN_BLOCK_CAPTURE_AUTORELEASING = YES;
				CLANG_WARN_BOOL_CONVERSION = YES;
				CLANG_WARN_COMMA = YES;
				CLANG_WARN_CONSTANT_CONVERSION = YES;
				CLANG_WARN_DEPRECATED_OBJC_IMPLEMENTATIONS = YES;
				CLANG_WARN_DIRECT_OBJC_ISA_USAGE = YES_ERROR;
				CLANG_WARN_DOCUMENTATION_COMMENTS = YES;
				CLANG_WARN_EMPTY_BODY = YES;
				CLANG_WARN_ENUM_CONVERSION = YES;
				CLANG_WARN_INFINITE_RECURSION = YES;
				CLANG_WARN_INT_CONVERSION = YES;
				CLANG_WARN_NON_LITERAL_NULL_CONVERSION = YES;
				CLANG_WARN_OBJC_IMPLICIT_RETAIN_SELF = YES;
				CLANG_WARN_OBJC_LITERAL_CONVERSION = YES;
				CLANG_WARN_OBJC_ROOT_CLASS = YES_ERROR;
				CLANG_WARN_QUOTED_INCLUDE_IN_FRAMEWORK_HEADER = YES;
				CLANG_WARN_RANGE_LOOP_ANALYSIS = YES;
				CLANG_WARN_STRICT_PROTOTYPES = YES;
				CLANG_WARN_SUSPICIOUS_MOVE = YES;
				CLANG_WARN_UNGUARDED_AVAILABILITY = YES_AGGRESSIVE;
				CLANG_WARN_UNREACHABLE_CODE = YES;
				CLANG_WARN__DUPLICATE_METHOD_MATCH = YES;
				COPY_PHASE_STRIP = NO;
				DEBUG_INFORMATION_FORMAT = "dwarf-with-dsym";
				ENABLE_NS_ASSERTIONS = NO;
				ENABLE_STRICT_OBJC_MSGSEND = YES;
				GCC_C_LANGUAGE_STANDARD = gnu11;
				GCC_NO_COMMON_BLOCKS = YES;
				GCC_WARN_64_TO_32_BIT_CONVERSION = YES;
				GCC_WARN_ABOUT_RETURN_TYPE = YES_ERROR;
				GCC_WARN_UNDECLARED_SELECTOR = YES;
				GCC_WARN_UNINITIALIZED_AUTOS = YES_AGGRESSIVE;
				GCC_WARN_UNUSED_FUNCTION = YES;
				GCC_WARN_UNUSED_VARIABLE = YES;
				IPHONEOS_DEPLOYMENT_TARGET = 11.0;
				MTL_ENABLE_DEBUG_INFO = NO;
				MTL_FAST_MATH = YES;
				SDKROOT = iphoneos;
				VALIDATE_PRODUCT = YES;
			};
			name = Release;
		};
		18E4176E28E44E740035BDA7 /* Debug */ = {
			isa = XCBuildConfiguration;
			baseConfigurationReference = B3A9A30B7024EFB729FD4138 /* Pods-ObjectiveCHelper.debug.xcconfig */;
			buildSettings = {
				ASSETCATALOG_COMPILER_APPICON_NAME = AppIcon;
				ASSETCATALOG_COMPILER_GLOBAL_ACCENT_COLOR_NAME = AccentColor;
				CLANG_ENABLE_MODULES = YES;
				CODE_SIGN_STYLE = Automatic;
				CURRENT_PROJECT_VERSION = 1;
				GCC_PRECOMPILE_PREFIX_HEADER = YES;
				GCC_PREFIX_HEADER = "$(SRCROOT)/ObjectiveCHelper/OCHPrefixHeader.pch";
				GENERATE_INFOPLIST_FILE = YES;
				INFOPLIST_FILE = ObjectiveCHelper/Info.plist;
				INFOPLIST_KEY_UIApplicationSupportsIndirectInputEvents = YES;
				INFOPLIST_KEY_UILaunchStoryboardName = LaunchScreen;
				INFOPLIST_KEY_UISupportedInterfaceOrientations_iPad = "UIInterfaceOrientationPortrait UIInterfaceOrientationPortraitUpsideDown UIInterfaceOrientationLandscapeLeft UIInterfaceOrientationLandscapeRight";
				INFOPLIST_KEY_UISupportedInterfaceOrientations_iPhone = "UIInterfaceOrientationPortrait UIInterfaceOrientationLandscapeLeft UIInterfaceOrientationLandscapeRight";
				LD_RUNPATH_SEARCH_PATHS = (
					"$(inherited)",
					"@executable_path/Frameworks",
				);
				MARKETING_VERSION = 1.0;
				PRODUCT_BUNDLE_IDENTIFIER = com.sauronpi.ObjectiveCHelper;
				PRODUCT_NAME = "$(TARGET_NAME)";
				SWIFT_EMIT_LOC_STRINGS = YES;
				SWIFT_OBJC_BRIDGING_HEADER = "ObjectiveCHelper/ObjectiveCHelper-Bridging-Header.h";
				SWIFT_OPTIMIZATION_LEVEL = "-Onone";
				SWIFT_VERSION = 5.0;
				TARGETED_DEVICE_FAMILY = "1,2";
			};
			name = Debug;
		};
		18E4176F28E44E740035BDA7 /* Release */ = {
			isa = XCBuildConfiguration;
			baseConfigurationReference = A99D8F424D160311A5B86A3A /* Pods-ObjectiveCHelper.release.xcconfig */;
			buildSettings = {
				ASSETCATALOG_COMPILER_APPICON_NAME = AppIcon;
				ASSETCATALOG_COMPILER_GLOBAL_ACCENT_COLOR_NAME = AccentColor;
				CLANG_ENABLE_MODULES = YES;
				CODE_SIGN_STYLE = Automatic;
				CURRENT_PROJECT_VERSION = 1;
				GCC_PRECOMPILE_PREFIX_HEADER = YES;
				GCC_PREFIX_HEADER = "$(SRCROOT)/ObjectiveCHelper/OCHPrefixHeader.pch";
				GENERATE_INFOPLIST_FILE = YES;
				INFOPLIST_FILE = ObjectiveCHelper/Info.plist;
				INFOPLIST_KEY_UIApplicationSupportsIndirectInputEvents = YES;
				INFOPLIST_KEY_UILaunchStoryboardName = LaunchScreen;
				INFOPLIST_KEY_UISupportedInterfaceOrientations_iPad = "UIInterfaceOrientationPortrait UIInterfaceOrientationPortraitUpsideDown UIInterfaceOrientationLandscapeLeft UIInterfaceOrientationLandscapeRight";
				INFOPLIST_KEY_UISupportedInterfaceOrientations_iPhone = "UIInterfaceOrientationPortrait UIInterfaceOrientationLandscapeLeft UIInterfaceOrientationLandscapeRight";
				LD_RUNPATH_SEARCH_PATHS = (
					"$(inherited)",
					"@executable_path/Frameworks",
				);
				MARKETING_VERSION = 1.0;
				PRODUCT_BUNDLE_IDENTIFIER = com.sauronpi.ObjectiveCHelper;
				PRODUCT_NAME = "$(TARGET_NAME)";
				SWIFT_EMIT_LOC_STRINGS = YES;
				SWIFT_OBJC_BRIDGING_HEADER = "ObjectiveCHelper/ObjectiveCHelper-Bridging-Header.h";
				SWIFT_VERSION = 5.0;
				TARGETED_DEVICE_FAMILY = "1,2";
			};
			name = Release;
		};
		18E4177128E44E740035BDA7 /* Debug */ = {
			isa = XCBuildConfiguration;
			baseConfigurationReference = 365375EE3E48A83C249D7C5C /* Pods-ObjectiveCHelperTests.debug.xcconfig */;
			buildSettings = {
				ALWAYS_EMBED_SWIFT_STANDARD_LIBRARIES = YES;
				BUNDLE_LOADER = "$(TEST_HOST)";
				CODE_SIGN_STYLE = Automatic;
				CURRENT_PROJECT_VERSION = 1;
				GENERATE_INFOPLIST_FILE = YES;
				IPHONEOS_DEPLOYMENT_TARGET = 15.5;
				MARKETING_VERSION = 1.0;
				PRODUCT_BUNDLE_IDENTIFIER = com.sauronpi.ObjectiveCHelperTests;
				PRODUCT_NAME = "$(TARGET_NAME)";
				SWIFT_EMIT_LOC_STRINGS = NO;
				TARGETED_DEVICE_FAMILY = "1,2";
				TEST_HOST = "$(BUILT_PRODUCTS_DIR)/ObjectiveCHelper.app/ObjectiveCHelper";
			};
			name = Debug;
		};
		18E4177228E44E740035BDA7 /* Release */ = {
			isa = XCBuildConfiguration;
			baseConfigurationReference = F9D80E1F8D900288F2A696FE /* Pods-ObjectiveCHelperTests.release.xcconfig */;
			buildSettings = {
				ALWAYS_EMBED_SWIFT_STANDARD_LIBRARIES = YES;
				BUNDLE_LOADER = "$(TEST_HOST)";
				CODE_SIGN_STYLE = Automatic;
				CURRENT_PROJECT_VERSION = 1;
				GENERATE_INFOPLIST_FILE = YES;
				IPHONEOS_DEPLOYMENT_TARGET = 15.5;
				MARKETING_VERSION = 1.0;
				PRODUCT_BUNDLE_IDENTIFIER = com.sauronpi.ObjectiveCHelperTests;
				PRODUCT_NAME = "$(TARGET_NAME)";
				SWIFT_EMIT_LOC_STRINGS = NO;
				TARGETED_DEVICE_FAMILY = "1,2";
				TEST_HOST = "$(BUILT_PRODUCTS_DIR)/ObjectiveCHelper.app/ObjectiveCHelper";
			};
			name = Release;
		};
		18E4177428E44E740035BDA7 /* Debug */ = {
			isa = XCBuildConfiguration;
			baseConfigurationReference = E42F9BC40553364C53236AEA /* Pods-ObjectiveCHelper-ObjectiveCHelperUITests.debug.xcconfig */;
			buildSettings = {
				ALWAYS_EMBED_SWIFT_STANDARD_LIBRARIES = YES;
				CODE_SIGN_STYLE = Automatic;
				CURRENT_PROJECT_VERSION = 1;
				GENERATE_INFOPLIST_FILE = YES;
				MARKETING_VERSION = 1.0;
				PRODUCT_BUNDLE_IDENTIFIER = com.sauronpi.ObjectiveCHelperUITests;
				PRODUCT_NAME = "$(TARGET_NAME)";
				SWIFT_EMIT_LOC_STRINGS = NO;
				TARGETED_DEVICE_FAMILY = "1,2";
				TEST_TARGET_NAME = ObjectiveCHelper;
			};
			name = Debug;
		};
		18E4177528E44E740035BDA7 /* Release */ = {
			isa = XCBuildConfiguration;
			baseConfigurationReference = AB1338BD3FFDE0A3A0580670 /* Pods-ObjectiveCHelper-ObjectiveCHelperUITests.release.xcconfig */;
			buildSettings = {
				ALWAYS_EMBED_SWIFT_STANDARD_LIBRARIES = YES;
				CODE_SIGN_STYLE = Automatic;
				CURRENT_PROJECT_VERSION = 1;
				GENERATE_INFOPLIST_FILE = YES;
				MARKETING_VERSION = 1.0;
				PRODUCT_BUNDLE_IDENTIFIER = com.sauronpi.ObjectiveCHelperUITests;
				PRODUCT_NAME = "$(TARGET_NAME)";
				SWIFT_EMIT_LOC_STRINGS = NO;
				TARGETED_DEVICE_FAMILY = "1,2";
				TEST_TARGET_NAME = ObjectiveCHelper;
			};
			name = Release;
		};
/* End XCBuildConfiguration section */

/* Begin XCConfigurationList section */
		18E4173928E44E720035BDA7 /* Build configuration list for PBXProject "ObjectiveCHelper" */ = {
			isa = XCConfigurationList;
			buildConfigurations = (
				18E4176B28E44E740035BDA7 /* Debug */,
				18E4176C28E44E740035BDA7 /* Release */,
			);
			defaultConfigurationIsVisible = 0;
			defaultConfigurationName = Release;
		};
		18E4176D28E44E740035BDA7 /* Build configuration list for PBXNativeTarget "ObjectiveCHelper" */ = {
			isa = XCConfigurationList;
			buildConfigurations = (
				18E4176E28E44E740035BDA7 /* Debug */,
				18E4176F28E44E740035BDA7 /* Release */,
			);
			defaultConfigurationIsVisible = 0;
			defaultConfigurationName = Release;
		};
		18E4177028E44E740035BDA7 /* Build configuration list for PBXNativeTarget "ObjectiveCHelperTests" */ = {
			isa = XCConfigurationList;
			buildConfigurations = (
				18E4177128E44E740035BDA7 /* Debug */,
				18E4177228E44E740035BDA7 /* Release */,
			);
			defaultConfigurationIsVisible = 0;
			defaultConfigurationName = Release;
		};
		18E4177328E44E740035BDA7 /* Build configuration list for PBXNativeTarget "ObjectiveCHelperUITests" */ = {
			isa = XCConfigurationList;
			buildConfigurations = (
				18E4177428E44E740035BDA7 /* Debug */,
				18E4177528E44E740035BDA7 /* Release */,
			);
			defaultConfigurationIsVisible = 0;
			defaultConfigurationName = Release;
		};
/* End XCConfigurationList section */
	};
	rootObject = 18E4173628E44E720035BDA7 /* Project object */;
}
