// !$*UTF8*$!
{
	archiveVersion = 1;
	classes = {
	};
	objectVersion = 55;
	objects = {

/* Begin PBXBuildFile section */
		0E50B35EF309D9DD368ECEEA /* Pods_ObjectiveCHelperTests.framework in Frameworks */ = {isa = PBXBuildFile; fileRef = 6688CD4700FD6598AE22AFDC /* Pods_ObjectiveCHelperTests.framework */; };
		1811B83528F423100074418B /* OCHBaseViewController.m in Sources */ = {isa = PBXBuildFile; fileRef = 1811B83428F423100074418B /* OCHBaseViewController.m */; };
		1811B83828F423DD0074418B /* OCHScrollViewController.m in Sources */ = {isa = PBXBuildFile; fileRef = 1811B83728F423DD0074418B /* OCHScrollViewController.m */; };
		182824FA28FF8BA400D2E4CF /* UITableViewDemoViewController.m in Sources */ = {isa = PBXBuildFile; fileRef = 182824F928FF8BA400D2E4CF /* UITableViewDemoViewController.m */; };
		182824FD28FF8D6000D2E4CF /* UITableViewDemoTableViewCell.m in Sources */ = {isa = PBXBuildFile; fileRef = 182824FC28FF8D6000D2E4CF /* UITableViewDemoTableViewCell.m */; };
		1828250F28FFC50400D2E4CF /* UIColor+OCH.m in Sources */ = {isa = PBXBuildFile; fileRef = 1828250E28FFC50400D2E4CF /* UIColor+OCH.m */; };
		1828251228FFC5F600D2E4CF /* UIView+OCH.m in Sources */ = {isa = PBXBuildFile; fileRef = 1828251128FFC5F600D2E4CF /* UIView+OCH.m */; };
		183C5A082935963400D27DF8 /* OCHPageViewController.m in Sources */ = {isa = PBXBuildFile; fileRef = 183C5A072935963400D27DF8 /* OCHPageViewController.m */; };
		183C5A0C2935A93600D27DF8 /* OCHPageViewControllerDemoController.m in Sources */ = {isa = PBXBuildFile; fileRef = 183C5A0B2935A93600D27DF8 /* OCHPageViewControllerDemoController.m */; };
		183C5A0F2935D5BE00D27DF8 /* UIPageControlDemoViewController.m in Sources */ = {isa = PBXBuildFile; fileRef = 183C5A0E2935D5BE00D27DF8 /* UIPageControlDemoViewController.m */; };
		18457C1B292DB91400C34991 /* UIImage+OCH.m in Sources */ = {isa = PBXBuildFile; fileRef = 18457C1A292DB91400C34991 /* UIImage+OCH.m */; };
		18457C27292DF6C400C34991 /* OCHImage.m in Sources */ = {isa = PBXBuildFile; fileRef = 18457C26292DF6C400C34991 /* OCHImage.m */; };
		1853C4F128F3EE6C00245003 /* UIKitUISearchbarDemoViewController.m in Sources */ = {isa = PBXBuildFile; fileRef = 1853C4F028F3EE6C00245003 /* UIKitUISearchbarDemoViewController.m */; };
		185D9C352946C47F005B29CB /* UIModalPresentationStyleViewController.m in Sources */ = {isa = PBXBuildFile; fileRef = 185D9C342946C47F005B29CB /* UIModalPresentationStyleViewController.m */; };
		185D9C382946C489005B29CB /* UIModalPresentationStyleDemoViewController.m in Sources */ = {isa = PBXBuildFile; fileRef = 185D9C372946C489005B29CB /* UIModalPresentationStyleDemoViewController.m */; };
		186027712908CDFA001A3D2B /* UITableView+OCH.m in Sources */ = {isa = PBXBuildFile; fileRef = 186027702908CDFA001A3D2B /* UITableView+OCH.m */; };
		1862D00C293851C400037DB2 /* ReactiveObjCDemoViewModel.m in Sources */ = {isa = PBXBuildFile; fileRef = 1862D00B293851C400037DB2 /* ReactiveObjCDemoViewModel.m */; };
		18705AB4292B5E8C00AA1116 /* UIButton+OCH.m in Sources */ = {isa = PBXBuildFile; fileRef = 18705AB3292B5E8C00AA1116 /* UIButton+OCH.m */; };
		1876AD3228E450BE00DA0387 /* OCHTabbarViewController.m in Sources */ = {isa = PBXBuildFile; fileRef = 1876AD3128E450BE00DA0387 /* OCHTabbarViewController.m */; };
		1876AD3628E452A100DA0387 /* UICollectionViewDemoController.m in Sources */ = {isa = PBXBuildFile; fileRef = 1876AD3528E452A100DA0387 /* UICollectionViewDemoController.m */; };
		1876AD3A28E464E500DA0387 /* OCHTableSection.m in Sources */ = {isa = PBXBuildFile; fileRef = 1876AD3928E464E500DA0387 /* OCHTableSection.m */; };
		1876AD5D28E6BEF500DA0387 /* OCHPreview.m in Sources */ = {isa = PBXBuildFile; fileRef = 1876AD5C28E6BEF500DA0387 /* OCHPreview.m */; };
		1876AD6028E6C27D00DA0387 /* OCHPreviewController.m in Sources */ = {isa = PBXBuildFile; fileRef = 1876AD5F28E6C27D00DA0387 /* OCHPreviewController.m */; };
		1876AD6628E6E2E300DA0387 /* UIScrollViewDemoController.m in Sources */ = {isa = PBXBuildFile; fileRef = 1876AD6528E6E2E300DA0387 /* UIScrollViewDemoController.m */; };
		187C8FBB29273987006E2389 /* OCHStore.m in Sources */ = {isa = PBXBuildFile; fileRef = 187C8FBA29273987006E2389 /* OCHStore.m */; };
		188CA46328F112EF00EF106E /* DVPieChartDemoViewController.m in Sources */ = {isa = PBXBuildFile; fileRef = 188CA46228F112EF00EF106E /* DVPieChartDemoViewController.m */; };
		188CA46D28F1147000EF106E /* DVPieChart.m in Sources */ = {isa = PBXBuildFile; fileRef = 188CA46828F1147000EF106E /* DVPieChart.m */; };
		188CA46E28F1147000EF106E /* DVFoodPieModel.m in Sources */ = {isa = PBXBuildFile; fileRef = 188CA46B28F1147000EF106E /* DVFoodPieModel.m */; };
		188CA46F28F1147000EF106E /* DVPieCenterView.m in Sources */ = {isa = PBXBuildFile; fileRef = 188CA46C28F1147000EF106E /* DVPieCenterView.m */; };
		188CA48128F1500E00EF106E /* JXCategoryViewDemoViewController.m in Sources */ = {isa = PBXBuildFile; fileRef = 188CA48028F1500E00EF106E /* JXCategoryViewDemoViewController.m */; };
		188CA48428F1502C00EF106E /* OCHThirdPartyViewController.m in Sources */ = {isa = PBXBuildFile; fileRef = 188CA48328F1502C00EF106E /* OCHThirdPartyViewController.m */; };
		188CA49628F262D800EF106E /* JXCategoryListContentViewDemoView.m in Sources */ = {isa = PBXBuildFile; fileRef = 188CA49528F262D800EF106E /* JXCategoryListContentViewDemoView.m */; };
		188F2AAB290BDE740046FB65 /* OCHValueStepperDemoController.m in Sources */ = {isa = PBXBuildFile; fileRef = 188F2AAA290BDE740046FB65 /* OCHValueStepperDemoController.m */; };
		188F2AAE290BDEE70046FB65 /* OCHValueStepper.m in Sources */ = {isa = PBXBuildFile; fileRef = 188F2AAD290BDEE70046FB65 /* OCHValueStepper.m */; };
		1891138F2934B55A008B4D7F /* UIControlEvents+OCH.m in Sources */ = {isa = PBXBuildFile; fileRef = 1891138D2934B559008B4D7F /* UIControlEvents+OCH.m */; };
		1898F4B5291A3E4400F13718 /* ReactiveObjCDemoViewController.m in Sources */ = {isa = PBXBuildFile; fileRef = 1898F4B4291A3E4400F13718 /* ReactiveObjCDemoViewController.m */; };
		189AE7102927AB140095466B /* OCHAppState.m in Sources */ = {isa = PBXBuildFile; fileRef = 189AE70F2927AB140095466B /* OCHAppState.m */; };
		189AE7152927AC2B0095466B /* OCHSetting.m in Sources */ = {isa = PBXBuildFile; fileRef = 189AE7142927AC2B0095466B /* OCHSetting.m */; };
		189AE7182927B1550095466B /* UIViewController+OCH.m in Sources */ = {isa = PBXBuildFile; fileRef = 189AE7172927B1550095466B /* UIViewController+OCH.m */; };
		189BB85E28F543C300F2B287 /* UICollectionViewDemoCell.m in Sources */ = {isa = PBXBuildFile; fileRef = 189BB85D28F543C300F2B287 /* UICollectionViewDemoCell.m */; };
		189BB87628F5920D00F2B287 /* UICollectionViewDemoHeaderView.m in Sources */ = {isa = PBXBuildFile; fileRef = 189BB87528F5920D00F2B287 /* UICollectionViewDemoHeaderView.m */; };
		189BB87928F595D400F2B287 /* UICollectionViewDemoFooterView.m in Sources */ = {isa = PBXBuildFile; fileRef = 189BB87828F595D400F2B287 /* UICollectionViewDemoFooterView.m */; };
		18A2026F2938C01E00C5B7EC /* UISearchControllerDemoController.m in Sources */ = {isa = PBXBuildFile; fileRef = 18A2026E2938C01E00C5B7EC /* UISearchControllerDemoController.m */; };
		18AAC2E2291F3B76009F49D1 /* TestA.m in Sources */ = {isa = PBXBuildFile; fileRef = 18AAC2E1291F3B76009F49D1 /* TestA.m */; };
		18AAC2E5291F3B89009F49D1 /* TestB.m in Sources */ = {isa = PBXBuildFile; fileRef = 18AAC2E4291F3B89009F49D1 /* TestB.m */; };
		18BB4051294076BB001983AD /* OCHWebViewController.m in Sources */ = {isa = PBXBuildFile; fileRef = 18BB4050294076BB001983AD /* OCHWebViewController.m */; };
		18CE4056290268590075C1A6 /* UIButtonDemoViewController.m in Sources */ = {isa = PBXBuildFile; fileRef = 18CE4055290268590075C1A6 /* UIButtonDemoViewController.m */; };
		18CF77EC291B807D0068CCC7 /* MJRefreshDemoViewController.m in Sources */ = {isa = PBXBuildFile; fileRef = 18CF77EB291B807D0068CCC7 /* MJRefreshDemoViewController.m */; };
		18CF77F0291B85980068CCC7 /* MJRefreshHeaderDemo.m in Sources */ = {isa = PBXBuildFile; fileRef = 18CF77EF291B85980068CCC7 /* MJRefreshHeaderDemo.m */; };
		18D98BBD29013453003E5533 /* UILabelDemoViewController.m in Sources */ = {isa = PBXBuildFile; fileRef = 18D98BBC29013453003E5533 /* UILabelDemoViewController.m */; };
		18D98BC02901356B003E5533 /* NSAttributedString+OCH.m in Sources */ = {isa = PBXBuildFile; fileRef = 18D98BBF2901356B003E5533 /* NSAttributedString+OCH.m */; };
		18E221B22913D9F300660A7F /* OneMapKitDemoViewController.m in Sources */ = {isa = PBXBuildFile; fileRef = 18E221B12913D9F300660A7F /* OneMapKitDemoViewController.m */; };
		18E4174328E44E720035BDA7 /* AppDelegate.m in Sources */ = {isa = PBXBuildFile; fileRef = 18E4174228E44E720035BDA7 /* AppDelegate.m */; };
		18E4174E28E44E740035BDA7 /* Assets.xcassets in Resources */ = {isa = PBXBuildFile; fileRef = 18E4174D28E44E740035BDA7 /* Assets.xcassets */; };
		18E4175128E44E740035BDA7 /* LaunchScreen.storyboard in Resources */ = {isa = PBXBuildFile; fileRef = 18E4174F28E44E740035BDA7 /* LaunchScreen.storyboard */; };
		18E4175428E44E740035BDA7 /* main.m in Sources */ = {isa = PBXBuildFile; fileRef = 18E4175328E44E740035BDA7 /* main.m */; };
		18E4175E28E44E740035BDA7 /* ObjectiveCHelperTests.m in Sources */ = {isa = PBXBuildFile; fileRef = 18E4175D28E44E740035BDA7 /* ObjectiveCHelperTests.m */; };
		18E4176828E44E740035BDA7 /* ObjectiveCHelperUITests.m in Sources */ = {isa = PBXBuildFile; fileRef = 18E4176728E44E740035BDA7 /* ObjectiveCHelperUITests.m */; };
		18E4176A28E44E740035BDA7 /* ObjectiveCHelperUITestsLaunchTests.m in Sources */ = {isa = PBXBuildFile; fileRef = 18E4176928E44E740035BDA7 /* ObjectiveCHelperUITestsLaunchTests.m */; };
		18E94E1A29431F9A000C2523 /* UINavigationBarDemoController.m in Sources */ = {isa = PBXBuildFile; fileRef = 18E94E1929431F9A000C2523 /* UINavigationBarDemoController.m */; };
		18E9AAFB2914B98C00D9D614 /* OCHAppConfig.m in Sources */ = {isa = PBXBuildFile; fileRef = 18E9AAFA2914B98C00D9D614 /* OCHAppConfig.m */; };
		18EFE4D629485C4D00E80B20 /* OCHLinearGradientView.m in Sources */ = {isa = PBXBuildFile; fileRef = 18EFE4D529485C4D00E80B20 /* OCHLinearGradientView.m */; };
		18EFE4D9294862AC00E80B20 /* OCHLinearGradientViewController.m in Sources */ = {isa = PBXBuildFile; fileRef = 18EFE4D8294862AC00E80B20 /* OCHLinearGradientViewController.m */; };
		18FCF2FC29164595004A0CD7 /* OMKMapViewController.m in Sources */ = {isa = PBXBuildFile; fileRef = 18FCF2FB29164595004A0CD7 /* OMKMapViewController.m */; };
		3093019FEA4D19C1BB7DF45E /* Pods_ObjectiveCHelper_ObjectiveCHelperUITests.framework in Frameworks */ = {isa = PBXBuildFile; fileRef = 9299767C1AA87BE14B447F63 /* Pods_ObjectiveCHelper_ObjectiveCHelperUITests.framework */; };
		44890BA328E8301D00C395D9 /* OCHContentViewController.m in Sources */ = {isa = PBXBuildFile; fileRef = 44890BA228E8301D00C395D9 /* OCHContentViewController.m */; };
		44890BA728E831C300C395D9 /* UIKitDemoViewController.m in Sources */ = {isa = PBXBuildFile; fileRef = 44890BA628E831C300C395D9 /* UIKitDemoViewController.m */; };
		44B9AB4328E835A400277DA0 /* OCHPreviewHelper.swift in Sources */ = {isa = PBXBuildFile; fileRef = 44B9AB4228E835A400277DA0 /* OCHPreviewHelper.swift */; };
		9164520C4FA8147686A4074F /* Pods_ObjectiveCHelper.framework in Frameworks */ = {isa = PBXBuildFile; fileRef = 72160D0D716E20EEB2158EE7 /* Pods_ObjectiveCHelper.framework */; };
/* End PBXBuildFile section */

/* Begin PBXContainerItemProxy section */
		18E4175A28E44E740035BDA7 /* PBXContainerItemProxy */ = {
			isa = PBXContainerItemProxy;
			containerPortal = 18E4173628E44E720035BDA7 /* Project object */;
			proxyType = 1;
			remoteGlobalIDString = 18E4173D28E44E720035BDA7;
			remoteInfo = ObjectiveCHelper;
		};
		18E4176428E44E740035BDA7 /* PBXContainerItemProxy */ = {
			isa = PBXContainerItemProxy;
			containerPortal = 18E4173628E44E720035BDA7 /* Project object */;
			proxyType = 1;
			remoteGlobalIDString = 18E4173D28E44E720035BDA7;
			remoteInfo = ObjectiveCHelper;
		};
/* End PBXContainerItemProxy section */

/* Begin PBXFileReference section */
		1811B83328F423100074418B /* OCHBaseViewController.h */ = {isa = PBXFileReference; lastKnownFileType = sourcecode.c.h; path = OCHBaseViewController.h; sourceTree = "<group>"; };
		1811B83428F423100074418B /* OCHBaseViewController.m */ = {isa = PBXFileReference; lastKnownFileType = sourcecode.c.objc; path = OCHBaseViewController.m; sourceTree = "<group>"; };
		1811B83628F423DD0074418B /* OCHScrollViewController.h */ = {isa = PBXFileReference; lastKnownFileType = sourcecode.c.h; path = OCHScrollViewController.h; sourceTree = "<group>"; };
		1811B83728F423DD0074418B /* OCHScrollViewController.m */ = {isa = PBXFileReference; lastKnownFileType = sourcecode.c.objc; path = OCHScrollViewController.m; sourceTree = "<group>"; };
		182824F828FF8BA400D2E4CF /* UITableViewDemoViewController.h */ = {isa = PBXFileReference; lastKnownFileType = sourcecode.c.h; path = UITableViewDemoViewController.h; sourceTree = "<group>"; };
		182824F928FF8BA400D2E4CF /* UITableViewDemoViewController.m */ = {isa = PBXFileReference; lastKnownFileType = sourcecode.c.objc; path = UITableViewDemoViewController.m; sourceTree = "<group>"; };
		182824FB28FF8D6000D2E4CF /* UITableViewDemoTableViewCell.h */ = {isa = PBXFileReference; lastKnownFileType = sourcecode.c.h; path = UITableViewDemoTableViewCell.h; sourceTree = "<group>"; };
		182824FC28FF8D6000D2E4CF /* UITableViewDemoTableViewCell.m */ = {isa = PBXFileReference; lastKnownFileType = sourcecode.c.objc; path = UITableViewDemoTableViewCell.m; sourceTree = "<group>"; };
		1828250D28FFC50400D2E4CF /* UIColor+OCH.h */ = {isa = PBXFileReference; lastKnownFileType = sourcecode.c.h; path = "UIColor+OCH.h"; sourceTree = "<group>"; };
		1828250E28FFC50400D2E4CF /* UIColor+OCH.m */ = {isa = PBXFileReference; lastKnownFileType = sourcecode.c.objc; path = "UIColor+OCH.m"; sourceTree = "<group>"; };
		1828251028FFC5F600D2E4CF /* UIView+OCH.h */ = {isa = PBXFileReference; lastKnownFileType = sourcecode.c.h; path = "UIView+OCH.h"; sourceTree = "<group>"; };
		1828251128FFC5F600D2E4CF /* UIView+OCH.m */ = {isa = PBXFileReference; lastKnownFileType = sourcecode.c.objc; path = "UIView+OCH.m"; sourceTree = "<group>"; };
		183C5A062935963400D27DF8 /* OCHPageViewController.h */ = {isa = PBXFileReference; lastKnownFileType = sourcecode.c.h; path = OCHPageViewController.h; sourceTree = "<group>"; };
		183C5A072935963400D27DF8 /* OCHPageViewController.m */ = {isa = PBXFileReference; lastKnownFileType = sourcecode.c.objc; path = OCHPageViewController.m; sourceTree = "<group>"; };
		183C5A0A2935A93600D27DF8 /* OCHPageViewControllerDemoController.h */ = {isa = PBXFileReference; lastKnownFileType = sourcecode.c.h; path = OCHPageViewControllerDemoController.h; sourceTree = "<group>"; };
		183C5A0B2935A93600D27DF8 /* OCHPageViewControllerDemoController.m */ = {isa = PBXFileReference; lastKnownFileType = sourcecode.c.objc; path = OCHPageViewControllerDemoController.m; sourceTree = "<group>"; };
		183C5A0D2935D5BE00D27DF8 /* UIPageControlDemoViewController.h */ = {isa = PBXFileReference; lastKnownFileType = sourcecode.c.h; path = UIPageControlDemoViewController.h; sourceTree = "<group>"; };
		183C5A0E2935D5BE00D27DF8 /* UIPageControlDemoViewController.m */ = {isa = PBXFileReference; lastKnownFileType = sourcecode.c.objc; path = UIPageControlDemoViewController.m; sourceTree = "<group>"; };
		18457C19292DB91400C34991 /* UIImage+OCH.h */ = {isa = PBXFileReference; lastKnownFileType = sourcecode.c.h; path = "UIImage+OCH.h"; sourceTree = "<group>"; };
		18457C1A292DB91400C34991 /* UIImage+OCH.m */ = {isa = PBXFileReference; lastKnownFileType = sourcecode.c.objc; path = "UIImage+OCH.m"; sourceTree = "<group>"; };
		18457C25292DF6C400C34991 /* OCHImage.h */ = {isa = PBXFileReference; lastKnownFileType = sourcecode.c.h; path = OCHImage.h; sourceTree = "<group>"; };
		18457C26292DF6C400C34991 /* OCHImage.m */ = {isa = PBXFileReference; lastKnownFileType = sourcecode.c.objc; path = OCHImage.m; sourceTree = "<group>"; };
		1853C4EF28F3EE6C00245003 /* UIKitUISearchbarDemoViewController.h */ = {isa = PBXFileReference; lastKnownFileType = sourcecode.c.h; path = UIKitUISearchbarDemoViewController.h; sourceTree = "<group>"; };
		1853C4F028F3EE6C00245003 /* UIKitUISearchbarDemoViewController.m */ = {isa = PBXFileReference; lastKnownFileType = sourcecode.c.objc; path = UIKitUISearchbarDemoViewController.m; sourceTree = "<group>"; };
		185D9C332946C47F005B29CB /* UIModalPresentationStyleViewController.h */ = {isa = PBXFileReference; lastKnownFileType = sourcecode.c.h; path = UIModalPresentationStyleViewController.h; sourceTree = "<group>"; };
		185D9C342946C47F005B29CB /* UIModalPresentationStyleViewController.m */ = {isa = PBXFileReference; lastKnownFileType = sourcecode.c.objc; path = UIModalPresentationStyleViewController.m; sourceTree = "<group>"; };
		185D9C362946C489005B29CB /* UIModalPresentationStyleDemoViewController.h */ = {isa = PBXFileReference; lastKnownFileType = sourcecode.c.h; path = UIModalPresentationStyleDemoViewController.h; sourceTree = "<group>"; };
		185D9C372946C489005B29CB /* UIModalPresentationStyleDemoViewController.m */ = {isa = PBXFileReference; lastKnownFileType = sourcecode.c.objc; path = UIModalPresentationStyleDemoViewController.m; sourceTree = "<group>"; };
		1860276F2908CDFA001A3D2B /* UITableView+OCH.h */ = {isa = PBXFileReference; lastKnownFileType = sourcecode.c.h; path = "UITableView+OCH.h"; sourceTree = "<group>"; };
		186027702908CDFA001A3D2B /* UITableView+OCH.m */ = {isa = PBXFileReference; lastKnownFileType = sourcecode.c.objc; path = "UITableView+OCH.m"; sourceTree = "<group>"; };
		1862D00A293851C400037DB2 /* ReactiveObjCDemoViewModel.h */ = {isa = PBXFileReference; lastKnownFileType = sourcecode.c.h; path = ReactiveObjCDemoViewModel.h; sourceTree = "<group>"; };
		1862D00B293851C400037DB2 /* ReactiveObjCDemoViewModel.m */ = {isa = PBXFileReference; lastKnownFileType = sourcecode.c.objc; path = ReactiveObjCDemoViewModel.m; sourceTree = "<group>"; };
		18705AB2292B5E8C00AA1116 /* UIButton+OCH.h */ = {isa = PBXFileReference; lastKnownFileType = sourcecode.c.h; path = "UIButton+OCH.h"; sourceTree = "<group>"; };
		18705AB3292B5E8C00AA1116 /* UIButton+OCH.m */ = {isa = PBXFileReference; lastKnownFileType = sourcecode.c.objc; path = "UIButton+OCH.m"; sourceTree = "<group>"; };
		1876AD3028E450BE00DA0387 /* OCHTabbarViewController.h */ = {isa = PBXFileReference; lastKnownFileType = sourcecode.c.h; path = OCHTabbarViewController.h; sourceTree = "<group>"; };
		1876AD3128E450BE00DA0387 /* OCHTabbarViewController.m */ = {isa = PBXFileReference; lastKnownFileType = sourcecode.c.objc; path = OCHTabbarViewController.m; sourceTree = "<group>"; };
		1876AD3428E452A100DA0387 /* UICollectionViewDemoController.h */ = {isa = PBXFileReference; lastKnownFileType = sourcecode.c.h; path = UICollectionViewDemoController.h; sourceTree = "<group>"; };
		1876AD3528E452A100DA0387 /* UICollectionViewDemoController.m */ = {isa = PBXFileReference; lastKnownFileType = sourcecode.c.objc; path = UICollectionViewDemoController.m; sourceTree = "<group>"; };
		1876AD3828E464E500DA0387 /* OCHTableSection.h */ = {isa = PBXFileReference; lastKnownFileType = sourcecode.c.h; path = OCHTableSection.h; sourceTree = "<group>"; };
		1876AD3928E464E500DA0387 /* OCHTableSection.m */ = {isa = PBXFileReference; lastKnownFileType = sourcecode.c.objc; path = OCHTableSection.m; sourceTree = "<group>"; };
		1876AD4828E4748A00DA0387 /* OCHPrefixHeader.pch */ = {isa = PBXFileReference; lastKnownFileType = sourcecode.c.h; path = OCHPrefixHeader.pch; sourceTree = "<group>"; };
		1876AD5428E6B97500DA0387 /* ObjectiveCHelper-Bridging-Header.h */ = {isa = PBXFileReference; lastKnownFileType = sourcecode.c.h; path = "ObjectiveCHelper-Bridging-Header.h"; sourceTree = "<group>"; };
		1876AD5B28E6BEF500DA0387 /* OCHPreview.h */ = {isa = PBXFileReference; lastKnownFileType = sourcecode.c.h; path = OCHPreview.h; sourceTree = "<group>"; };
		1876AD5C28E6BEF500DA0387 /* OCHPreview.m */ = {isa = PBXFileReference; lastKnownFileType = sourcecode.c.objc; path = OCHPreview.m; sourceTree = "<group>"; };
		1876AD5E28E6C27D00DA0387 /* OCHPreviewController.h */ = {isa = PBXFileReference; lastKnownFileType = sourcecode.c.h; path = OCHPreviewController.h; sourceTree = "<group>"; };
		1876AD5F28E6C27D00DA0387 /* OCHPreviewController.m */ = {isa = PBXFileReference; lastKnownFileType = sourcecode.c.objc; path = OCHPreviewController.m; sourceTree = "<group>"; };
		1876AD6428E6E2E300DA0387 /* UIScrollViewDemoController.h */ = {isa = PBXFileReference; lastKnownFileType = sourcecode.c.h; path = UIScrollViewDemoController.h; sourceTree = "<group>"; };
		1876AD6528E6E2E300DA0387 /* UIScrollViewDemoController.m */ = {isa = PBXFileReference; lastKnownFileType = sourcecode.c.objc; path = UIScrollViewDemoController.m; sourceTree = "<group>"; };
		187C8FB929273987006E2389 /* OCHStore.h */ = {isa = PBXFileReference; lastKnownFileType = sourcecode.c.h; path = OCHStore.h; sourceTree = "<group>"; };
		187C8FBA29273987006E2389 /* OCHStore.m */ = {isa = PBXFileReference; lastKnownFileType = sourcecode.c.objc; path = OCHStore.m; sourceTree = "<group>"; };
		188CA46128F112EF00EF106E /* DVPieChartDemoViewController.h */ = {isa = PBXFileReference; lastKnownFileType = sourcecode.c.h; path = DVPieChartDemoViewController.h; sourceTree = "<group>"; };
		188CA46228F112EF00EF106E /* DVPieChartDemoViewController.m */ = {isa = PBXFileReference; lastKnownFileType = sourcecode.c.objc; path = DVPieChartDemoViewController.m; sourceTree = "<group>"; };
		188CA46728F1147000EF106E /* DVPieChart.h */ = {isa = PBXFileReference; fileEncoding = 4; lastKnownFileType = sourcecode.c.h; path = DVPieChart.h; sourceTree = "<group>"; };
		188CA46828F1147000EF106E /* DVPieChart.m */ = {isa = PBXFileReference; fileEncoding = 4; lastKnownFileType = sourcecode.c.objc; path = DVPieChart.m; sourceTree = "<group>"; };
		188CA46928F1147000EF106E /* DVFoodPieModel.h */ = {isa = PBXFileReference; fileEncoding = 4; lastKnownFileType = sourcecode.c.h; path = DVFoodPieModel.h; sourceTree = "<group>"; };
		188CA46A28F1147000EF106E /* DVPieCenterView.h */ = {isa = PBXFileReference; fileEncoding = 4; lastKnownFileType = sourcecode.c.h; path = DVPieCenterView.h; sourceTree = "<group>"; };
		188CA46B28F1147000EF106E /* DVFoodPieModel.m */ = {isa = PBXFileReference; fileEncoding = 4; lastKnownFileType = sourcecode.c.objc; path = DVFoodPieModel.m; sourceTree = "<group>"; };
		188CA46C28F1147000EF106E /* DVPieCenterView.m */ = {isa = PBXFileReference; fileEncoding = 4; lastKnownFileType = sourcecode.c.objc; path = DVPieCenterView.m; sourceTree = "<group>"; };
		188CA47F28F1500E00EF106E /* JXCategoryViewDemoViewController.h */ = {isa = PBXFileReference; lastKnownFileType = sourcecode.c.h; path = JXCategoryViewDemoViewController.h; sourceTree = "<group>"; };
		188CA48028F1500E00EF106E /* JXCategoryViewDemoViewController.m */ = {isa = PBXFileReference; lastKnownFileType = sourcecode.c.objc; path = JXCategoryViewDemoViewController.m; sourceTree = "<group>"; };
		188CA48228F1502C00EF106E /* OCHThirdPartyViewController.h */ = {isa = PBXFileReference; lastKnownFileType = sourcecode.c.h; path = OCHThirdPartyViewController.h; sourceTree = "<group>"; };
		188CA48328F1502C00EF106E /* OCHThirdPartyViewController.m */ = {isa = PBXFileReference; lastKnownFileType = sourcecode.c.objc; path = OCHThirdPartyViewController.m; sourceTree = "<group>"; };
		188CA49428F262D800EF106E /* JXCategoryListContentViewDemoView.h */ = {isa = PBXFileReference; lastKnownFileType = sourcecode.c.h; path = JXCategoryListContentViewDemoView.h; sourceTree = "<group>"; };
		188CA49528F262D800EF106E /* JXCategoryListContentViewDemoView.m */ = {isa = PBXFileReference; lastKnownFileType = sourcecode.c.objc; path = JXCategoryListContentViewDemoView.m; sourceTree = "<group>"; };
		188F2AA9290BDE740046FB65 /* OCHValueStepperDemoController.h */ = {isa = PBXFileReference; lastKnownFileType = sourcecode.c.h; path = OCHValueStepperDemoController.h; sourceTree = "<group>"; };
		188F2AAA290BDE740046FB65 /* OCHValueStepperDemoController.m */ = {isa = PBXFileReference; lastKnownFileType = sourcecode.c.objc; path = OCHValueStepperDemoController.m; sourceTree = "<group>"; };
		188F2AAC290BDEE70046FB65 /* OCHValueStepper.h */ = {isa = PBXFileReference; lastKnownFileType = sourcecode.c.h; path = OCHValueStepper.h; sourceTree = "<group>"; };
		188F2AAD290BDEE70046FB65 /* OCHValueStepper.m */ = {isa = PBXFileReference; lastKnownFileType = sourcecode.c.objc; path = OCHValueStepper.m; sourceTree = "<group>"; };
		1891138D2934B559008B4D7F /* UIControlEvents+OCH.m */ = {isa = PBXFileReference; fileEncoding = 4; lastKnownFileType = sourcecode.c.objc; path = "UIControlEvents+OCH.m"; sourceTree = "<group>"; };
		1891138E2934B55A008B4D7F /* UIControlEvents+OCH.h */ = {isa = PBXFileReference; fileEncoding = 4; lastKnownFileType = sourcecode.c.h; path = "UIControlEvents+OCH.h"; sourceTree = "<group>"; };
		1898F4B3291A3E4400F13718 /* ReactiveObjCDemoViewController.h */ = {isa = PBXFileReference; lastKnownFileType = sourcecode.c.h; path = ReactiveObjCDemoViewController.h; sourceTree = "<group>"; };
		1898F4B4291A3E4400F13718 /* ReactiveObjCDemoViewController.m */ = {isa = PBXFileReference; lastKnownFileType = sourcecode.c.objc; path = ReactiveObjCDemoViewController.m; sourceTree = "<group>"; };
		189AE70E2927AB140095466B /* OCHAppState.h */ = {isa = PBXFileReference; lastKnownFileType = sourcecode.c.h; path = OCHAppState.h; sourceTree = "<group>"; };
		189AE70F2927AB140095466B /* OCHAppState.m */ = {isa = PBXFileReference; lastKnownFileType = sourcecode.c.objc; path = OCHAppState.m; sourceTree = "<group>"; };
		189AE7132927AC2B0095466B /* OCHSetting.h */ = {isa = PBXFileReference; lastKnownFileType = sourcecode.c.h; path = OCHSetting.h; sourceTree = "<group>"; };
		189AE7142927AC2B0095466B /* OCHSetting.m */ = {isa = PBXFileReference; lastKnownFileType = sourcecode.c.objc; path = OCHSetting.m; sourceTree = "<group>"; };
		189AE7162927B1550095466B /* UIViewController+OCH.h */ = {isa = PBXFileReference; lastKnownFileType = sourcecode.c.h; path = "UIViewController+OCH.h"; sourceTree = "<group>"; };
		189AE7172927B1550095466B /* UIViewController+OCH.m */ = {isa = PBXFileReference; lastKnownFileType = sourcecode.c.objc; path = "UIViewController+OCH.m"; sourceTree = "<group>"; };
		189BB85C28F543C300F2B287 /* UICollectionViewDemoCell.h */ = {isa = PBXFileReference; lastKnownFileType = sourcecode.c.h; path = UICollectionViewDemoCell.h; sourceTree = "<group>"; };
		189BB85D28F543C300F2B287 /* UICollectionViewDemoCell.m */ = {isa = PBXFileReference; lastKnownFileType = sourcecode.c.objc; path = UICollectionViewDemoCell.m; sourceTree = "<group>"; };
		189BB87428F5920D00F2B287 /* UICollectionViewDemoHeaderView.h */ = {isa = PBXFileReference; lastKnownFileType = sourcecode.c.h; path = UICollectionViewDemoHeaderView.h; sourceTree = "<group>"; };
		189BB87528F5920D00F2B287 /* UICollectionViewDemoHeaderView.m */ = {isa = PBXFileReference; lastKnownFileType = sourcecode.c.objc; path = UICollectionViewDemoHeaderView.m; sourceTree = "<group>"; };
		189BB87728F595D400F2B287 /* UICollectionViewDemoFooterView.h */ = {isa = PBXFileReference; lastKnownFileType = sourcecode.c.h; path = UICollectionViewDemoFooterView.h; sourceTree = "<group>"; };
		189BB87828F595D400F2B287 /* UICollectionViewDemoFooterView.m */ = {isa = PBXFileReference; lastKnownFileType = sourcecode.c.objc; path = UICollectionViewDemoFooterView.m; sourceTree = "<group>"; };
		18A2026D2938C01E00C5B7EC /* UISearchControllerDemoController.h */ = {isa = PBXFileReference; lastKnownFileType = sourcecode.c.h; path = UISearchControllerDemoController.h; sourceTree = "<group>"; };
		18A2026E2938C01E00C5B7EC /* UISearchControllerDemoController.m */ = {isa = PBXFileReference; lastKnownFileType = sourcecode.c.objc; path = UISearchControllerDemoController.m; sourceTree = "<group>"; };
		18AAC2E0291F3B76009F49D1 /* TestA.h */ = {isa = PBXFileReference; lastKnownFileType = sourcecode.c.h; path = TestA.h; sourceTree = "<group>"; };
		18AAC2E1291F3B76009F49D1 /* TestA.m */ = {isa = PBXFileReference; lastKnownFileType = sourcecode.c.objc; path = TestA.m; sourceTree = "<group>"; };
		18AAC2E3291F3B89009F49D1 /* TestB.h */ = {isa = PBXFileReference; lastKnownFileType = sourcecode.c.h; path = TestB.h; sourceTree = "<group>"; };
		18AAC2E4291F3B89009F49D1 /* TestB.m */ = {isa = PBXFileReference; lastKnownFileType = sourcecode.c.objc; path = TestB.m; sourceTree = "<group>"; };
		18BB404F294076BB001983AD /* OCHWebViewController.h */ = {isa = PBXFileReference; lastKnownFileType = sourcecode.c.h; path = OCHWebViewController.h; sourceTree = "<group>"; };
		18BB4050294076BB001983AD /* OCHWebViewController.m */ = {isa = PBXFileReference; lastKnownFileType = sourcecode.c.objc; path = OCHWebViewController.m; sourceTree = "<group>"; };
		18CE4054290268590075C1A6 /* UIButtonDemoViewController.h */ = {isa = PBXFileReference; lastKnownFileType = sourcecode.c.h; path = UIButtonDemoViewController.h; sourceTree = "<group>"; };
		18CE4055290268590075C1A6 /* UIButtonDemoViewController.m */ = {isa = PBXFileReference; lastKnownFileType = sourcecode.c.objc; path = UIButtonDemoViewController.m; sourceTree = "<group>"; };
		18CF77EA291B807D0068CCC7 /* MJRefreshDemoViewController.h */ = {isa = PBXFileReference; lastKnownFileType = sourcecode.c.h; path = MJRefreshDemoViewController.h; sourceTree = "<group>"; };
		18CF77EB291B807D0068CCC7 /* MJRefreshDemoViewController.m */ = {isa = PBXFileReference; lastKnownFileType = sourcecode.c.objc; path = MJRefreshDemoViewController.m; sourceTree = "<group>"; };
		18CF77EE291B85980068CCC7 /* MJRefreshHeaderDemo.h */ = {isa = PBXFileReference; lastKnownFileType = sourcecode.c.h; path = MJRefreshHeaderDemo.h; sourceTree = "<group>"; };
		18CF77EF291B85980068CCC7 /* MJRefreshHeaderDemo.m */ = {isa = PBXFileReference; lastKnownFileType = sourcecode.c.objc; path = MJRefreshHeaderDemo.m; sourceTree = "<group>"; };
		18D98BBB29013453003E5533 /* UILabelDemoViewController.h */ = {isa = PBXFileReference; lastKnownFileType = sourcecode.c.h; path = UILabelDemoViewController.h; sourceTree = "<group>"; };
		18D98BBC29013453003E5533 /* UILabelDemoViewController.m */ = {isa = PBXFileReference; lastKnownFileType = sourcecode.c.objc; path = UILabelDemoViewController.m; sourceTree = "<group>"; };
		18D98BBE2901356B003E5533 /* NSAttributedString+OCH.h */ = {isa = PBXFileReference; lastKnownFileType = sourcecode.c.h; path = "NSAttributedString+OCH.h"; sourceTree = "<group>"; };
		18D98BBF2901356B003E5533 /* NSAttributedString+OCH.m */ = {isa = PBXFileReference; lastKnownFileType = sourcecode.c.objc; path = "NSAttributedString+OCH.m"; sourceTree = "<group>"; };
		18E221B02913D9F300660A7F /* OneMapKitDemoViewController.h */ = {isa = PBXFileReference; lastKnownFileType = sourcecode.c.h; path = OneMapKitDemoViewController.h; sourceTree = "<group>"; };
		18E221B12913D9F300660A7F /* OneMapKitDemoViewController.m */ = {isa = PBXFileReference; lastKnownFileType = sourcecode.c.objc; path = OneMapKitDemoViewController.m; sourceTree = "<group>"; };
		18E4173E28E44E720035BDA7 /* ObjectiveCHelper.app */ = {isa = PBXFileReference; explicitFileType = wrapper.application; includeInIndex = 0; path = ObjectiveCHelper.app; sourceTree = BUILT_PRODUCTS_DIR; };
		18E4174128E44E720035BDA7 /* AppDelegate.h */ = {isa = PBXFileReference; lastKnownFileType = sourcecode.c.h; path = AppDelegate.h; sourceTree = "<group>"; };
		18E4174228E44E720035BDA7 /* AppDelegate.m */ = {isa = PBXFileReference; lastKnownFileType = sourcecode.c.objc; path = AppDelegate.m; sourceTree = "<group>"; };
		18E4174D28E44E740035BDA7 /* Assets.xcassets */ = {isa = PBXFileReference; lastKnownFileType = folder.assetcatalog; path = Assets.xcassets; sourceTree = "<group>"; };
		18E4175028E44E740035BDA7 /* Base */ = {isa = PBXFileReference; lastKnownFileType = file.storyboard; name = Base; path = Base.lproj/LaunchScreen.storyboard; sourceTree = "<group>"; };
		18E4175228E44E740035BDA7 /* Info.plist */ = {isa = PBXFileReference; lastKnownFileType = text.plist.xml; path = Info.plist; sourceTree = "<group>"; };
		18E4175328E44E740035BDA7 /* main.m */ = {isa = PBXFileReference; lastKnownFileType = sourcecode.c.objc; path = main.m; sourceTree = "<group>"; };
		18E4175928E44E740035BDA7 /* ObjectiveCHelperTests.xctest */ = {isa = PBXFileReference; explicitFileType = wrapper.cfbundle; includeInIndex = 0; path = ObjectiveCHelperTests.xctest; sourceTree = BUILT_PRODUCTS_DIR; };
		18E4175D28E44E740035BDA7 /* ObjectiveCHelperTests.m */ = {isa = PBXFileReference; lastKnownFileType = sourcecode.c.objc; path = ObjectiveCHelperTests.m; sourceTree = "<group>"; };
		18E4176328E44E740035BDA7 /* ObjectiveCHelperUITests.xctest */ = {isa = PBXFileReference; explicitFileType = wrapper.cfbundle; includeInIndex = 0; path = ObjectiveCHelperUITests.xctest; sourceTree = BUILT_PRODUCTS_DIR; };
		18E4176728E44E740035BDA7 /* ObjectiveCHelperUITests.m */ = {isa = PBXFileReference; lastKnownFileType = sourcecode.c.objc; path = ObjectiveCHelperUITests.m; sourceTree = "<group>"; };
		18E4176928E44E740035BDA7 /* ObjectiveCHelperUITestsLaunchTests.m */ = {isa = PBXFileReference; lastKnownFileType = sourcecode.c.objc; path = ObjectiveCHelperUITestsLaunchTests.m; sourceTree = "<group>"; };
		18E94E1829431F9A000C2523 /* UINavigationBarDemoController.h */ = {isa = PBXFileReference; lastKnownFileType = sourcecode.c.h; path = UINavigationBarDemoController.h; sourceTree = "<group>"; };
		18E94E1929431F9A000C2523 /* UINavigationBarDemoController.m */ = {isa = PBXFileReference; lastKnownFileType = sourcecode.c.objc; path = UINavigationBarDemoController.m; sourceTree = "<group>"; };
		18E9AAF92914B98C00D9D614 /* OCHAppConfig.h */ = {isa = PBXFileReference; lastKnownFileType = sourcecode.c.h; path = OCHAppConfig.h; sourceTree = "<group>"; };
		18E9AAFA2914B98C00D9D614 /* OCHAppConfig.m */ = {isa = PBXFileReference; lastKnownFileType = sourcecode.c.objc; path = OCHAppConfig.m; sourceTree = "<group>"; };
		18EFE4D429485C4D00E80B20 /* OCHLinearGradientView.h */ = {isa = PBXFileReference; lastKnownFileType = sourcecode.c.h; path = OCHLinearGradientView.h; sourceTree = "<group>"; };
		18EFE4D529485C4D00E80B20 /* OCHLinearGradientView.m */ = {isa = PBXFileReference; lastKnownFileType = sourcecode.c.objc; path = OCHLinearGradientView.m; sourceTree = "<group>"; };
		18EFE4D7294862AC00E80B20 /* OCHLinearGradientViewController.h */ = {isa = PBXFileReference; lastKnownFileType = sourcecode.c.h; path = OCHLinearGradientViewController.h; sourceTree = "<group>"; };
		18EFE4D8294862AC00E80B20 /* OCHLinearGradientViewController.m */ = {isa = PBXFileReference; lastKnownFileType = sourcecode.c.objc; path = OCHLinearGradientViewController.m; sourceTree = "<group>"; };
		18FCF2FA29164595004A0CD7 /* OMKMapViewController.h */ = {isa = PBXFileReference; lastKnownFileType = sourcecode.c.h; path = OMKMapViewController.h; sourceTree = "<group>"; };
		18FCF2FB29164595004A0CD7 /* OMKMapViewController.m */ = {isa = PBXFileReference; lastKnownFileType = sourcecode.c.objc; path = OMKMapViewController.m; sourceTree = "<group>"; };
		365375EE3E48A83C249D7C5C /* Pods-ObjectiveCHelperTests.debug.xcconfig */ = {isa = PBXFileReference; includeInIndex = 1; lastKnownFileType = text.xcconfig; name = "Pods-ObjectiveCHelperTests.debug.xcconfig"; path = "Target Support Files/Pods-ObjectiveCHelperTests/Pods-ObjectiveCHelperTests.debug.xcconfig"; sourceTree = "<group>"; };
		44890BA128E8301D00C395D9 /* OCHContentViewController.h */ = {isa = PBXFileReference; lastKnownFileType = sourcecode.c.h; path = OCHContentViewController.h; sourceTree = "<group>"; };
		44890BA228E8301D00C395D9 /* OCHContentViewController.m */ = {isa = PBXFileReference; lastKnownFileType = sourcecode.c.objc; path = OCHContentViewController.m; sourceTree = "<group>"; };
		44890BA528E831C300C395D9 /* UIKitDemoViewController.h */ = {isa = PBXFileReference; lastKnownFileType = sourcecode.c.h; path = UIKitDemoViewController.h; sourceTree = "<group>"; };
		44890BA628E831C300C395D9 /* UIKitDemoViewController.m */ = {isa = PBXFileReference; lastKnownFileType = sourcecode.c.objc; path = UIKitDemoViewController.m; sourceTree = "<group>"; };
		44B9AB4228E835A400277DA0 /* OCHPreviewHelper.swift */ = {isa = PBXFileReference; lastKnownFileType = sourcecode.swift; path = OCHPreviewHelper.swift; sourceTree = "<group>"; };
		6688CD4700FD6598AE22AFDC /* Pods_ObjectiveCHelperTests.framework */ = {isa = PBXFileReference; explicitFileType = wrapper.framework; includeInIndex = 0; path = Pods_ObjectiveCHelperTests.framework; sourceTree = BUILT_PRODUCTS_DIR; };
		72160D0D716E20EEB2158EE7 /* Pods_ObjectiveCHelper.framework */ = {isa = PBXFileReference; explicitFileType = wrapper.framework; includeInIndex = 0; path = Pods_ObjectiveCHelper.framework; sourceTree = BUILT_PRODUCTS_DIR; };
		9299767C1AA87BE14B447F63 /* Pods_ObjectiveCHelper_ObjectiveCHelperUITests.framework */ = {isa = PBXFileReference; explicitFileType = wrapper.framework; includeInIndex = 0; path = Pods_ObjectiveCHelper_ObjectiveCHelperUITests.framework; sourceTree = BUILT_PRODUCTS_DIR; };
		A99D8F424D160311A5B86A3A /* Pods-ObjectiveCHelper.release.xcconfig */ = {isa = PBXFileReference; includeInIndex = 1; lastKnownFileType = text.xcconfig; name = "Pods-ObjectiveCHelper.release.xcconfig"; path = "Target Support Files/Pods-ObjectiveCHelper/Pods-ObjectiveCHelper.release.xcconfig"; sourceTree = "<group>"; };
		AB1338BD3FFDE0A3A0580670 /* Pods-ObjectiveCHelper-ObjectiveCHelperUITests.release.xcconfig */ = {isa = PBXFileReference; includeInIndex = 1; lastKnownFileType = text.xcconfig; name = "Pods-ObjectiveCHelper-ObjectiveCHelperUITests.release.xcconfig"; path = "Target Support Files/Pods-ObjectiveCHelper-ObjectiveCHelperUITests/Pods-ObjectiveCHelper-ObjectiveCHelperUITests.release.xcconfig"; sourceTree = "<group>"; };
		B3A9A30B7024EFB729FD4138 /* Pods-ObjectiveCHelper.debug.xcconfig */ = {isa = PBXFileReference; includeInIndex = 1; lastKnownFileType = text.xcconfig; name = "Pods-ObjectiveCHelper.debug.xcconfig"; path = "Target Support Files/Pods-ObjectiveCHelper/Pods-ObjectiveCHelper.debug.xcconfig"; sourceTree = "<group>"; };
		E42F9BC40553364C53236AEA /* Pods-ObjectiveCHelper-ObjectiveCHelperUITests.debug.xcconfig */ = {isa = PBXFileReference; includeInIndex = 1; lastKnownFileType = text.xcconfig; name = "Pods-ObjectiveCHelper-ObjectiveCHelperUITests.debug.xcconfig"; path = "Target Support Files/Pods-ObjectiveCHelper-ObjectiveCHelperUITests/Pods-ObjectiveCHelper-ObjectiveCHelperUITests.debug.xcconfig"; sourceTree = "<group>"; };
		F9D80E1F8D900288F2A696FE /* Pods-ObjectiveCHelperTests.release.xcconfig */ = {isa = PBXFileReference; includeInIndex = 1; lastKnownFileType = text.xcconfig; name = "Pods-ObjectiveCHelperTests.release.xcconfig"; path = "Target Support Files/Pods-ObjectiveCHelperTests/Pods-ObjectiveCHelperTests.release.xcconfig"; sourceTree = "<group>"; };
/* End PBXFileReference section */

/* Begin PBXFrameworksBuildPhase section */
		18E4173B28E44E720035BDA7 /* Frameworks */ = {
			isa = PBXFrameworksBuildPhase;
			buildActionMask = 2147483647;
			files = (
				9164520C4FA8147686A4074F /* Pods_ObjectiveCHelper.framework in Frameworks */,
			);
			runOnlyForDeploymentPostprocessing = 0;
		};
		18E4175628E44E740035BDA7 /* Frameworks */ = {
			isa = PBXFrameworksBuildPhase;
			buildActionMask = 2147483647;
			files = (
				0E50B35EF309D9DD368ECEEA /* Pods_ObjectiveCHelperTests.framework in Frameworks */,
			);
			runOnlyForDeploymentPostprocessing = 0;
		};
		18E4176028E44E740035BDA7 /* Frameworks */ = {
			isa = PBXFrameworksBuildPhase;
			buildActionMask = 2147483647;
			files = (
				3093019FEA4D19C1BB7DF45E /* Pods_ObjectiveCHelper_ObjectiveCHelperUITests.framework in Frameworks */,
			);
			runOnlyForDeploymentPostprocessing = 0;
		};
/* End PBXFrameworksBuildPhase section */

/* Begin PBXGroup section */
		183C5A052935961300D27DF8 /* Controller */ = {
			isa = PBXGroup;
			children = (
				44890BA528E831C300C395D9 /* UIKitDemoViewController.h */,
				44890BA628E831C300C395D9 /* UIKitDemoViewController.m */,
			);
			path = Controller;
			sourceTree = "<group>";
		};
		183C5A092935A8F400D27DF8 /* Demo */ = {
			isa = PBXGroup;
			children = (
				18EFE4D7294862AC00E80B20 /* OCHLinearGradientViewController.h */,
				18EFE4D8294862AC00E80B20 /* OCHLinearGradientViewController.m */,
				183C5A0A2935A93600D27DF8 /* OCHPageViewControllerDemoController.h */,
				183C5A0B2935A93600D27DF8 /* OCHPageViewControllerDemoController.m */,
				188F2AA9290BDE740046FB65 /* OCHValueStepperDemoController.h */,
				188F2AAA290BDE740046FB65 /* OCHValueStepperDemoController.m */,
			);
			path = Demo;
			sourceTree = "<group>";
		};
		18457C28292DF6DC00C34991 /* Helper */ = {
			isa = PBXGroup;
			children = (
				18457C25292DF6C400C34991 /* OCHImage.h */,
				18457C26292DF6C400C34991 /* OCHImage.m */,
			);
			path = Helper;
			sourceTree = "<group>";
		};
		185D9C322946C452005B29CB /* UIModalPresentationStyle */ = {
			isa = PBXGroup;
			children = (
				185D9C362946C489005B29CB /* UIModalPresentationStyleDemoViewController.h */,
				185D9C372946C489005B29CB /* UIModalPresentationStyleDemoViewController.m */,
				185D9C332946C47F005B29CB /* UIModalPresentationStyleViewController.h */,
				185D9C342946C47F005B29CB /* UIModalPresentationStyleViewController.m */,
			);
			path = UIModalPresentationStyle;
			sourceTree = "<group>";
		};
		1876AD2F28E450A200DA0387 /* Base */ = {
			isa = PBXGroup;
			children = (
				1811B83328F423100074418B /* OCHBaseViewController.h */,
				1811B83428F423100074418B /* OCHBaseViewController.m */,
				44890BA128E8301D00C395D9 /* OCHContentViewController.h */,
				44890BA228E8301D00C395D9 /* OCHContentViewController.m */,
				1811B83628F423DD0074418B /* OCHScrollViewController.h */,
				1811B83728F423DD0074418B /* OCHScrollViewController.m */,
				1876AD3028E450BE00DA0387 /* OCHTabbarViewController.h */,
				1876AD3128E450BE00DA0387 /* OCHTabbarViewController.m */,
			);
			path = Base;
			sourceTree = "<group>";
		};
		1876AD3728E464AE00DA0387 /* Model */ = {
			isa = PBXGroup;
			children = (
				1876AD3828E464E500DA0387 /* OCHTableSection.h */,
				1876AD3928E464E500DA0387 /* OCHTableSection.m */,
			);
			path = Model;
			sourceTree = "<group>";
		};
		1876AD4128E472A200DA0387 /* Category */ = {
			isa = PBXGroup;
			children = (
				18D98BBE2901356B003E5533 /* NSAttributedString+OCH.h */,
				18D98BBF2901356B003E5533 /* NSAttributedString+OCH.m */,
				18705AB2292B5E8C00AA1116 /* UIButton+OCH.h */,
				18705AB3292B5E8C00AA1116 /* UIButton+OCH.m */,
				1828250D28FFC50400D2E4CF /* UIColor+OCH.h */,
				1828250E28FFC50400D2E4CF /* UIColor+OCH.m */,
				1891138E2934B55A008B4D7F /* UIControlEvents+OCH.h */,
				1891138D2934B559008B4D7F /* UIControlEvents+OCH.m */,
				18457C19292DB91400C34991 /* UIImage+OCH.h */,
				18457C1A292DB91400C34991 /* UIImage+OCH.m */,
				1860276F2908CDFA001A3D2B /* UITableView+OCH.h */,
				186027702908CDFA001A3D2B /* UITableView+OCH.m */,
				1828251028FFC5F600D2E4CF /* UIView+OCH.h */,
				1828251128FFC5F600D2E4CF /* UIView+OCH.m */,
				189AE7162927B1550095466B /* UIViewController+OCH.h */,
				189AE7172927B1550095466B /* UIViewController+OCH.m */,
			);
			path = Category;
			sourceTree = "<group>";
		};
		187C8FB82927395B006E2389 /* Store */ = {
			isa = PBXGroup;
			children = (
				189AE7112927AC030095466B /* AppState */,
				187C8FB929273987006E2389 /* OCHStore.h */,
				187C8FBA29273987006E2389 /* OCHStore.m */,
			);
			path = Store;
			sourceTree = "<group>";
		};
		1885CBF228F900AB000552F7 /* UIKitCustom */ = {
			isa = PBXGroup;
			children = (
				183C5A092935A8F400D27DF8 /* Demo */,
				188F2AA8290BDE3E0046FB65 /* View */,
				1885CBF328F900BA000552F7 /* Controller */,
			);
			path = UIKitCustom;
			sourceTree = "<group>";
		};
		1885CBF328F900BA000552F7 /* Controller */ = {
			isa = PBXGroup;
			children = (
				183C5A062935963400D27DF8 /* OCHPageViewController.h */,
				183C5A072935963400D27DF8 /* OCHPageViewController.m */,
				18BB404F294076BB001983AD /* OCHWebViewController.h */,
				18BB4050294076BB001983AD /* OCHWebViewController.m */,
			);
			path = Controller;
			sourceTree = "<group>";
		};
		188CA45F28F1125E00EF106E /* UIKitDemo */ = {
			isa = PBXGroup;
			children = (
				188CA46028F1129B00EF106E /* Controller */,
				189BB85B28F543A200F2B287 /* View */,
			);
			path = UIKitDemo;
			sourceTree = "<group>";
		};
		188CA46028F1129B00EF106E /* Controller */ = {
			isa = PBXGroup;
			children = (
				185D9C322946C452005B29CB /* UIModalPresentationStyle */,
				18CE4054290268590075C1A6 /* UIButtonDemoViewController.h */,
				18CE4055290268590075C1A6 /* UIButtonDemoViewController.m */,
				1876AD3428E452A100DA0387 /* UICollectionViewDemoController.h */,
				1876AD3528E452A100DA0387 /* UICollectionViewDemoController.m */,
				1853C4EF28F3EE6C00245003 /* UIKitUISearchbarDemoViewController.h */,
				1853C4F028F3EE6C00245003 /* UIKitUISearchbarDemoViewController.m */,
				18D98BBB29013453003E5533 /* UILabelDemoViewController.h */,
				18D98BBC29013453003E5533 /* UILabelDemoViewController.m */,
				18E94E1829431F9A000C2523 /* UINavigationBarDemoController.h */,
				18E94E1929431F9A000C2523 /* UINavigationBarDemoController.m */,
				183C5A0D2935D5BE00D27DF8 /* UIPageControlDemoViewController.h */,
				183C5A0E2935D5BE00D27DF8 /* UIPageControlDemoViewController.m */,
				1876AD6428E6E2E300DA0387 /* UIScrollViewDemoController.h */,
				1876AD6528E6E2E300DA0387 /* UIScrollViewDemoController.m */,
				18A2026D2938C01E00C5B7EC /* UISearchControllerDemoController.h */,
				18A2026E2938C01E00C5B7EC /* UISearchControllerDemoController.m */,
				182824F828FF8BA400D2E4CF /* UITableViewDemoViewController.h */,
				182824F928FF8BA400D2E4CF /* UITableViewDemoViewController.m */,
			);
			path = Controller;
			sourceTree = "<group>";
		};
		188CA47E28F14F9100EF106E /* ThirdParty */ = {
			isa = PBXGroup;
			children = (
				18CF77ED291B80980068CCC7 /* DVPieChart */,
				188CA49328F262AC00EF106E /* JXCategoryView */,
				18CF77E9291B80630068CCC7 /* MJRefresh */,
				188CA48228F1502C00EF106E /* OCHThirdPartyViewController.h */,
				188CA48328F1502C00EF106E /* OCHThirdPartyViewController.m */,
				18E221B32913DB5600660A7F /* OneMapKit */,
				1898F4B2291A3E2100F13718 /* ReactiveObjC */,
			);
			path = ThirdParty;
			sourceTree = "<group>";
		};
		188CA48528F155DC00EF106E /* Preview */ = {
			isa = PBXGroup;
			children = (
				1876AD5B28E6BEF500DA0387 /* OCHPreview.h */,
				1876AD5C28E6BEF500DA0387 /* OCHPreview.m */,
				1876AD5E28E6C27D00DA0387 /* OCHPreviewController.h */,
				1876AD5F28E6C27D00DA0387 /* OCHPreviewController.m */,
				44B9AB4228E835A400277DA0 /* OCHPreviewHelper.swift */,
			);
			path = Preview;
			sourceTree = "<group>";
		};
		188CA49328F262AC00EF106E /* JXCategoryView */ = {
			isa = PBXGroup;
			children = (
				188CA49428F262D800EF106E /* JXCategoryListContentViewDemoView.h */,
				188CA49528F262D800EF106E /* JXCategoryListContentViewDemoView.m */,
				188CA47F28F1500E00EF106E /* JXCategoryViewDemoViewController.h */,
				188CA48028F1500E00EF106E /* JXCategoryViewDemoViewController.m */,
			);
			path = JXCategoryView;
			sourceTree = "<group>";
		};
		188F2AA8290BDE3E0046FB65 /* View */ = {
			isa = PBXGroup;
			children = (
				188F2AAC290BDEE70046FB65 /* OCHValueStepper.h */,
				188F2AAD290BDEE70046FB65 /* OCHValueStepper.m */,
				18EFE4D429485C4D00E80B20 /* OCHLinearGradientView.h */,
				18EFE4D529485C4D00E80B20 /* OCHLinearGradientView.m */,
			);
			path = View;
			sourceTree = "<group>";
		};
		1898F4B2291A3E2100F13718 /* ReactiveObjC */ = {
			isa = PBXGroup;
			children = (
				1898F4B3291A3E4400F13718 /* ReactiveObjCDemoViewController.h */,
				1898F4B4291A3E4400F13718 /* ReactiveObjCDemoViewController.m */,
				1862D00A293851C400037DB2 /* ReactiveObjCDemoViewModel.h */,
				1862D00B293851C400037DB2 /* ReactiveObjCDemoViewModel.m */,
			);
			path = ReactiveObjC;
			sourceTree = "<group>";
		};
		189AE7112927AC030095466B /* AppState */ = {
			isa = PBXGroup;
			children = (
				189AE70E2927AB140095466B /* OCHAppState.h */,
				189AE70F2927AB140095466B /* OCHAppState.m */,
				189AE7132927AC2B0095466B /* OCHSetting.h */,
				189AE7142927AC2B0095466B /* OCHSetting.m */,
			);
			path = AppState;
			sourceTree = "<group>";
		};
		189BB85B28F543A200F2B287 /* View */ = {
			isa = PBXGroup;
			children = (
				189BB85C28F543C300F2B287 /* UICollectionViewDemoCell.h */,
				189BB85D28F543C300F2B287 /* UICollectionViewDemoCell.m */,
				189BB87728F595D400F2B287 /* UICollectionViewDemoFooterView.h */,
				189BB87828F595D400F2B287 /* UICollectionViewDemoFooterView.m */,
				189BB87428F5920D00F2B287 /* UICollectionViewDemoHeaderView.h */,
				189BB87528F5920D00F2B287 /* UICollectionViewDemoHeaderView.m */,
				182824FB28FF8D6000D2E4CF /* UITableViewDemoTableViewCell.h */,
				182824FC28FF8D6000D2E4CF /* UITableViewDemoTableViewCell.m */,
			);
			path = View;
			sourceTree = "<group>";
		};
		18AAC2DF291F3B64009F49D1 /* TestClass */ = {
			isa = PBXGroup;
			children = (
				18AAC2E0291F3B76009F49D1 /* TestA.h */,
				18AAC2E1291F3B76009F49D1 /* TestA.m */,
				18AAC2E3291F3B89009F49D1 /* TestB.h */,
				18AAC2E4291F3B89009F49D1 /* TestB.m */,
			);
			path = TestClass;
			sourceTree = "<group>";
		};
		18CF77E9291B80630068CCC7 /* MJRefresh */ = {
			isa = PBXGroup;
			children = (
				18CF77EA291B807D0068CCC7 /* MJRefreshDemoViewController.h */,
				18CF77EB291B807D0068CCC7 /* MJRefreshDemoViewController.m */,
				18CF77EE291B85980068CCC7 /* MJRefreshHeaderDemo.h */,
				18CF77EF291B85980068CCC7 /* MJRefreshHeaderDemo.m */,
			);
			path = MJRefresh;
			sourceTree = "<group>";
		};
		18CF77ED291B80980068CCC7 /* DVPieChart */ = {
			isa = PBXGroup;
			children = (
				188CA46928F1147000EF106E /* DVFoodPieModel.h */,
				188CA46B28F1147000EF106E /* DVFoodPieModel.m */,
				188CA46A28F1147000EF106E /* DVPieCenterView.h */,
				188CA46C28F1147000EF106E /* DVPieCenterView.m */,
				188CA46728F1147000EF106E /* DVPieChart.h */,
				188CA46828F1147000EF106E /* DVPieChart.m */,
				188CA46128F112EF00EF106E /* DVPieChartDemoViewController.h */,
				188CA46228F112EF00EF106E /* DVPieChartDemoViewController.m */,
			);
			path = DVPieChart;
			sourceTree = "<group>";
		};
		18E221B32913DB5600660A7F /* OneMapKit */ = {
			isa = PBXGroup;
			children = (
				18E221B02913D9F300660A7F /* OneMapKitDemoViewController.h */,
				18E221B12913D9F300660A7F /* OneMapKitDemoViewController.m */,
				18FCF2FA29164595004A0CD7 /* OMKMapViewController.h */,
				18FCF2FB29164595004A0CD7 /* OMKMapViewController.m */,
			);
			path = OneMapKit;
			sourceTree = "<group>";
		};
		18E4173528E44E720035BDA7 = {
			isa = PBXGroup;
			children = (
				18E4174028E44E720035BDA7 /* ObjectiveCHelper */,
				18E4175C28E44E740035BDA7 /* ObjectiveCHelperTests */,
				18E4176628E44E740035BDA7 /* ObjectiveCHelperUITests */,
				18E4173F28E44E720035BDA7 /* Products */,
				6FFA460ECB5EF60DB9783B94 /* Pods */,
				F608CBDCE98C4C5B30C34649 /* Frameworks */,
			);
			sourceTree = "<group>";
		};
		18E4173F28E44E720035BDA7 /* Products */ = {
			isa = PBXGroup;
			children = (
				18E4173E28E44E720035BDA7 /* ObjectiveCHelper.app */,
				18E4175928E44E740035BDA7 /* ObjectiveCHelperTests.xctest */,
				18E4176328E44E740035BDA7 /* ObjectiveCHelperUITests.xctest */,
			);
			name = Products;
			sourceTree = "<group>";
		};
		18E4174028E44E720035BDA7 /* ObjectiveCHelper */ = {
			isa = PBXGroup;
			children = (
				18E4174128E44E720035BDA7 /* AppDelegate.h */,
				18E4174228E44E720035BDA7 /* AppDelegate.m */,
				18E4174D28E44E740035BDA7 /* Assets.xcassets */,
				1876AD2F28E450A200DA0387 /* Base */,
				1876AD4128E472A200DA0387 /* Category */,
				183C5A052935961300D27DF8 /* Controller */,
				18457C28292DF6DC00C34991 /* Helper */,
				18E4175228E44E740035BDA7 /* Info.plist */,
				18E4174F28E44E740035BDA7 /* LaunchScreen.storyboard */,
				18E4175328E44E740035BDA7 /* main.m */,
				1876AD3728E464AE00DA0387 /* Model */,
				1876AD5428E6B97500DA0387 /* ObjectiveCHelper-Bridging-Header.h */,
				18E9AAF92914B98C00D9D614 /* OCHAppConfig.h */,
				18E9AAFA2914B98C00D9D614 /* OCHAppConfig.m */,
				1876AD4828E4748A00DA0387 /* OCHPrefixHeader.pch */,
				188CA48528F155DC00EF106E /* Preview */,
				187C8FB82927395B006E2389 /* Store */,
				18AAC2DF291F3B64009F49D1 /* TestClass */,
				188CA47E28F14F9100EF106E /* ThirdParty */,
				1885CBF228F900AB000552F7 /* UIKitCustom */,
				188CA45F28F1125E00EF106E /* UIKitDemo */,
			);
			path = ObjectiveCHelper;
			sourceTree = "<group>";
		};
		18E4175C28E44E740035BDA7 /* ObjectiveCHelperTests */ = {
			isa = PBXGroup;
			children = (
				18E4175D28E44E740035BDA7 /* ObjectiveCHelperTests.m */,
			);
			path = ObjectiveCHelperTests;
			sourceTree = "<group>";
		};
		18E4176628E44E740035BDA7 /* ObjectiveCHelperUITests */ = {
			isa = PBXGroup;
			children = (
				18E4176728E44E740035BDA7 /* ObjectiveCHelperUITests.m */,
				18E4176928E44E740035BDA7 /* ObjectiveCHelperUITestsLaunchTests.m */,
			);
			path = ObjectiveCHelperUITests;
			sourceTree = "<group>";
		};
		6FFA460ECB5EF60DB9783B94 /* Pods */ = {
			isa = PBXGroup;
			children = (
				B3A9A30B7024EFB729FD4138 /* Pods-ObjectiveCHelper.debug.xcconfig */,
				A99D8F424D160311A5B86A3A /* Pods-ObjectiveCHelper.release.xcconfig */,
				E42F9BC40553364C53236AEA /* Pods-ObjectiveCHelper-ObjectiveCHelperUITests.debug.xcconfig */,
				AB1338BD3FFDE0A3A0580670 /* Pods-ObjectiveCHelper-ObjectiveCHelperUITests.release.xcconfig */,
				365375EE3E48A83C249D7C5C /* Pods-ObjectiveCHelperTests.debug.xcconfig */,
				F9D80E1F8D900288F2A696FE /* Pods-ObjectiveCHelperTests.release.xcconfig */,
			);
			path = Pods;
			sourceTree = "<group>";
		};
		F608CBDCE98C4C5B30C34649 /* Frameworks */ = {
			isa = PBXGroup;
			children = (
				72160D0D716E20EEB2158EE7 /* Pods_ObjectiveCHelper.framework */,
				9299767C1AA87BE14B447F63 /* Pods_ObjectiveCHelper_ObjectiveCHelperUITests.framework */,
				6688CD4700FD6598AE22AFDC /* Pods_ObjectiveCHelperTests.framework */,
			);
			name = Frameworks;
			sourceTree = "<group>";
		};
/* End PBXGroup section */

/* Begin PBXNativeTarget section */
		18E4173D28E44E720035BDA7 /* ObjectiveCHelper */ = {
			isa = PBXNativeTarget;
			buildConfigurationList = 18E4176D28E44E740035BDA7 /* Build configuration list for PBXNativeTarget "ObjectiveCHelper" */;
			buildPhases = (
				FB5CD7D1040917A88EE349E2 /* [CP] Check Pods Manifest.lock */,
				18E4173A28E44E720035BDA7 /* Sources */,
				18E4173B28E44E720035BDA7 /* Frameworks */,
				18E4173C28E44E720035BDA7 /* Resources */,
				700C0499FAB83BCBE009FFDA /* [CP] Embed Pods Frameworks */,
			);
			buildRules = (
			);
			dependencies = (
			);
			name = ObjectiveCHelper;
			productName = ObjectiveCHelper;
			productReference = 18E4173E28E44E720035BDA7 /* ObjectiveCHelper.app */;
			productType = "com.apple.product-type.application";
		};
		18E4175828E44E740035BDA7 /* ObjectiveCHelperTests */ = {
			isa = PBXNativeTarget;
			buildConfigurationList = 18E4177028E44E740035BDA7 /* Build configuration list for PBXNativeTarget "ObjectiveCHelperTests" */;
			buildPhases = (
				175EC839D226114CFB05DBB4 /* [CP] Check Pods Manifest.lock */,
				18E4175528E44E740035BDA7 /* Sources */,
				18E4175628E44E740035BDA7 /* Frameworks */,
				18E4175728E44E740035BDA7 /* Resources */,
			);
			buildRules = (
			);
			dependencies = (
				18E4175B28E44E740035BDA7 /* PBXTargetDependency */,
			);
			name = ObjectiveCHelperTests;
			productName = ObjectiveCHelperTests;
			productReference = 18E4175928E44E740035BDA7 /* ObjectiveCHelperTests.xctest */;
			productType = "com.apple.product-type.bundle.unit-test";
		};
		18E4176228E44E740035BDA7 /* ObjectiveCHelperUITests */ = {
			isa = PBXNativeTarget;
			buildConfigurationList = 18E4177328E44E740035BDA7 /* Build configuration list for PBXNativeTarget "ObjectiveCHelperUITests" */;
			buildPhases = (
				46BCB4F7B269BC799CCAE405 /* [CP] Check Pods Manifest.lock */,
				18E4175F28E44E740035BDA7 /* Sources */,
				18E4176028E44E740035BDA7 /* Frameworks */,
				18E4176128E44E740035BDA7 /* Resources */,
				E7C993F03AD7E61ACB44E18E /* [CP] Embed Pods Frameworks */,
			);
			buildRules = (
			);
			dependencies = (
				18E4176528E44E740035BDA7 /* PBXTargetDependency */,
			);
			name = ObjectiveCHelperUITests;
			productName = ObjectiveCHelperUITests;
			productReference = 18E4176328E44E740035BDA7 /* ObjectiveCHelperUITests.xctest */;
			productType = "com.apple.product-type.bundle.ui-testing";
		};
/* End PBXNativeTarget section */

/* Begin PBXProject section */
		18E4173628E44E720035BDA7 /* Project object */ = {
			isa = PBXProject;
			attributes = {
				BuildIndependentTargetsInParallel = 1;
				LastUpgradeCheck = 1340;
				ORGANIZATIONNAME = com.sauronpi;
				TargetAttributes = {
					18E4173D28E44E720035BDA7 = {
						CreatedOnToolsVersion = 13.4.1;
						LastSwiftMigration = 1340;
					};
					18E4175828E44E740035BDA7 = {
						CreatedOnToolsVersion = 13.4.1;
						TestTargetID = 18E4173D28E44E720035BDA7;
					};
					18E4176228E44E740035BDA7 = {
						CreatedOnToolsVersion = 13.4.1;
						TestTargetID = 18E4173D28E44E720035BDA7;
					};
				};
			};
			buildConfigurationList = 18E4173928E44E720035BDA7 /* Build configuration list for PBXProject "ObjectiveCHelper" */;
			compatibilityVersion = "Xcode 13.0";
			developmentRegion = en;
			hasScannedForEncodings = 0;
			knownRegions = (
				en,
				Base,
			);
			mainGroup = 18E4173528E44E720035BDA7;
			productRefGroup = 18E4173F28E44E720035BDA7 /* Products */;
			projectDirPath = "";
			projectRoot = "";
			targets = (
				18E4173D28E44E720035BDA7 /* ObjectiveCHelper */,
				18E4175828E44E740035BDA7 /* ObjectiveCHelperTests */,
				18E4176228E44E740035BDA7 /* ObjectiveCHelperUITests */,
			);
		};
/* End PBXProject section */

/* Begin PBXResourcesBuildPhase section */
		18E4173C28E44E720035BDA7 /* Resources */ = {
			isa = PBXResourcesBuildPhase;
			buildActionMask = 2147483647;
			files = (
				18E4175128E44E740035BDA7 /* LaunchScreen.storyboard in Resources */,
				18E4174E28E44E740035BDA7 /* Assets.xcassets in Resources */,
			);
			runOnlyForDeploymentPostprocessing = 0;
		};
		18E4175728E44E740035BDA7 /* Resources */ = {
			isa = PBXResourcesBuildPhase;
			buildActionMask = 2147483647;
			files = (
			);
			runOnlyForDeploymentPostprocessing = 0;
		};
		18E4176128E44E740035BDA7 /* Resources */ = {
			isa = PBXResourcesBuildPhase;
			buildActionMask = 2147483647;
			files = (
			);
			runOnlyForDeploymentPostprocessing = 0;
		};
/* End PBXResourcesBuildPhase section */

/* Begin PBXShellScriptBuildPhase section */
		175EC839D226114CFB05DBB4 /* [CP] Check Pods Manifest.lock */ = {
			isa = PBXShellScriptBuildPhase;
			buildActionMask = 2147483647;
			files = (
			);
			inputFileListPaths = (
			);
			inputPaths = (
				"${PODS_PODFILE_DIR_PATH}/Podfile.lock",
				"${PODS_ROOT}/Manifest.lock",
			);
			name = "[CP] Check Pods Manifest.lock";
			outputFileListPaths = (
			);
			outputPaths = (
				"$(DERIVED_FILE_DIR)/Pods-ObjectiveCHelperTests-checkManifestLockResult.txt",
			);
			runOnlyForDeploymentPostprocessing = 0;
			shellPath = /bin/sh;
			shellScript = "diff \"${PODS_PODFILE_DIR_PATH}/Podfile.lock\" \"${PODS_ROOT}/Manifest.lock\" > /dev/null\nif [ $? != 0 ] ; then\n    # print error to STDERR\n    echo \"error: The sandbox is not in sync with the Podfile.lock. Run 'pod install' or update your CocoaPods installation.\" >&2\n    exit 1\nfi\n# This output is used by Xcode 'outputs' to avoid re-running this script phase.\necho \"SUCCESS\" > \"${SCRIPT_OUTPUT_FILE_0}\"\n";
			showEnvVarsInLog = 0;
		};
		46BCB4F7B269BC799CCAE405 /* [CP] Check Pods Manifest.lock */ = {
			isa = PBXShellScriptBuildPhase;
			buildActionMask = 2147483647;
			files = (
			);
			inputFileListPaths = (
			);
			inputPaths = (
				"${PODS_PODFILE_DIR_PATH}/Podfile.lock",
				"${PODS_ROOT}/Manifest.lock",
			);
			name = "[CP] Check Pods Manifest.lock";
			outputFileListPaths = (
			);
			outputPaths = (
				"$(DERIVED_FILE_DIR)/Pods-ObjectiveCHelper-ObjectiveCHelperUITests-checkManifestLockResult.txt",
			);
			runOnlyForDeploymentPostprocessing = 0;
			shellPath = /bin/sh;
			shellScript = "diff \"${PODS_PODFILE_DIR_PATH}/Podfile.lock\" \"${PODS_ROOT}/Manifest.lock\" > /dev/null\nif [ $? != 0 ] ; then\n    # print error to STDERR\n    echo \"error: The sandbox is not in sync with the Podfile.lock. Run 'pod install' or update your CocoaPods installation.\" >&2\n    exit 1\nfi\n# This output is used by Xcode 'outputs' to avoid re-running this script phase.\necho \"SUCCESS\" > \"${SCRIPT_OUTPUT_FILE_0}\"\n";
			showEnvVarsInLog = 0;
		};
		700C0499FAB83BCBE009FFDA /* [CP] Embed Pods Frameworks */ = {
			isa = PBXShellScriptBuildPhase;
			buildActionMask = 2147483647;
			files = (
			);
			inputFileListPaths = (
				"${PODS_ROOT}/Target Support Files/Pods-ObjectiveCHelper/Pods-ObjectiveCHelper-frameworks-${CONFIGURATION}-input-files.xcfilelist",
			);
			name = "[CP] Embed Pods Frameworks";
			outputFileListPaths = (
				"${PODS_ROOT}/Target Support Files/Pods-ObjectiveCHelper/Pods-ObjectiveCHelper-frameworks-${CONFIGURATION}-output-files.xcfilelist",
			);
			runOnlyForDeploymentPostprocessing = 0;
			shellPath = /bin/sh;
			shellScript = "\"${PODS_ROOT}/Target Support Files/Pods-ObjectiveCHelper/Pods-ObjectiveCHelper-frameworks.sh\"\n";
			showEnvVarsInLog = 0;
		};
		E7C993F03AD7E61ACB44E18E /* [CP] Embed Pods Frameworks */ = {
			isa = PBXShellScriptBuildPhase;
			buildActionMask = 2147483647;
			files = (
			);
			inputFileListPaths = (
				"${PODS_ROOT}/Target Support Files/Pods-ObjectiveCHelper-ObjectiveCHelperUITests/Pods-ObjectiveCHelper-ObjectiveCHelperUITests-frameworks-${CONFIGURATION}-input-files.xcfilelist",
			);
			name = "[CP] Embed Pods Frameworks";
			outputFileListPaths = (
				"${PODS_ROOT}/Target Support Files/Pods-ObjectiveCHelper-ObjectiveCHelperUITests/Pods-ObjectiveCHelper-ObjectiveCHelperUITests-frameworks-${CONFIGURATION}-output-files.xcfilelist",
			);
			runOnlyForDeploymentPostprocessing = 0;
			shellPath = /bin/sh;
			shellScript = "\"${PODS_ROOT}/Target Support Files/Pods-ObjectiveCHelper-ObjectiveCHelperUITests/Pods-ObjectiveCHelper-ObjectiveCHelperUITests-frameworks.sh\"\n";
			showEnvVarsInLog = 0;
		};
		FB5CD7D1040917A88EE349E2 /* [CP] Check Pods Manifest.lock */ = {
			isa = PBXShellScriptBuildPhase;
			buildActionMask = 2147483647;
			files = (
			);
			inputFileListPaths = (
			);
			inputPaths = (
				"${PODS_PODFILE_DIR_PATH}/Podfile.lock",
				"${PODS_ROOT}/Manifest.lock",
			);
			name = "[CP] Check Pods Manifest.lock";
			outputFileListPaths = (
			);
			outputPaths = (
				"$(DERIVED_FILE_DIR)/Pods-ObjectiveCHelper-checkManifestLockResult.txt",
			);
			runOnlyForDeploymentPostprocessing = 0;
			shellPath = /bin/sh;
			shellScript = "diff \"${PODS_PODFILE_DIR_PATH}/Podfile.lock\" \"${PODS_ROOT}/Manifest.lock\" > /dev/null\nif [ $? != 0 ] ; then\n    # print error to STDERR\n    echo \"error: The sandbox is not in sync with the Podfile.lock. Run 'pod install' or update your CocoaPods installation.\" >&2\n    exit 1\nfi\n# This output is used by Xcode 'outputs' to avoid re-running this script phase.\necho \"SUCCESS\" > \"${SCRIPT_OUTPUT_FILE_0}\"\n";
			showEnvVarsInLog = 0;
		};
/* End PBXShellScriptBuildPhase section */

/* Begin PBXSourcesBuildPhase section */
		18E4173A28E44E720035BDA7 /* Sources */ = {
			isa = PBXSourcesBuildPhase;
			buildActionMask = 2147483647;
			files = (
				188CA48428F1502C00EF106E /* OCHThirdPartyViewController.m in Sources */,
				18D98BC02901356B003E5533 /* NSAttributedString+OCH.m in Sources */,
				189BB85E28F543C300F2B287 /* UICollectionViewDemoCell.m in Sources */,
				187C8FBB29273987006E2389 /* OCHStore.m in Sources */,
				186027712908CDFA001A3D2B /* UITableView+OCH.m in Sources */,
				188CA46F28F1147000EF106E /* DVPieCenterView.m in Sources */,
				1876AD3628E452A100DA0387 /* UICollectionViewDemoController.m in Sources */,
				18E4174328E44E720035BDA7 /* AppDelegate.m in Sources */,
				1876AD6028E6C27D00DA0387 /* OCHPreviewController.m in Sources */,
				18CF77EC291B807D0068CCC7 /* MJRefreshDemoViewController.m in Sources */,
				18EFE4D9294862AC00E80B20 /* OCHLinearGradientViewController.m in Sources */,
				18D98BBD29013453003E5533 /* UILabelDemoViewController.m in Sources */,
				1811B83528F423100074418B /* OCHBaseViewController.m in Sources */,
				189AE7152927AC2B0095466B /* OCHSetting.m in Sources */,
				44B9AB4328E835A400277DA0 /* OCHPreviewHelper.swift in Sources */,
				1876AD6628E6E2E300DA0387 /* UIScrollViewDemoController.m in Sources */,
				18AAC2E5291F3B89009F49D1 /* TestB.m in Sources */,
				189BB87628F5920D00F2B287 /* UICollectionViewDemoHeaderView.m in Sources */,
				18FCF2FC29164595004A0CD7 /* OMKMapViewController.m in Sources */,
				18CF77F0291B85980068CCC7 /* MJRefreshHeaderDemo.m in Sources */,
				1876AD3A28E464E500DA0387 /* OCHTableSection.m in Sources */,
				189AE7102927AB140095466B /* OCHAppState.m in Sources */,
				185D9C382946C489005B29CB /* UIModalPresentationStyleDemoViewController.m in Sources */,
				1898F4B5291A3E4400F13718 /* ReactiveObjCDemoViewController.m in Sources */,
				1828250F28FFC50400D2E4CF /* UIColor+OCH.m in Sources */,
				18705AB4292B5E8C00AA1116 /* UIButton+OCH.m in Sources */,
				1876AD3228E450BE00DA0387 /* OCHTabbarViewController.m in Sources */,
				182824FD28FF8D6000D2E4CF /* UITableViewDemoTableViewCell.m in Sources */,
				188CA48128F1500E00EF106E /* JXCategoryViewDemoViewController.m in Sources */,
				18EFE4D629485C4D00E80B20 /* OCHLinearGradientView.m in Sources */,
				1876AD5D28E6BEF500DA0387 /* OCHPreview.m in Sources */,
				188CA49628F262D800EF106E /* JXCategoryListContentViewDemoView.m in Sources */,
				189BB87928F595D400F2B287 /* UICollectionViewDemoFooterView.m in Sources */,
				44890BA328E8301D00C395D9 /* OCHContentViewController.m in Sources */,
				18457C27292DF6C400C34991 /* OCHImage.m in Sources */,
				18457C1B292DB91400C34991 /* UIImage+OCH.m in Sources */,
				183C5A0F2935D5BE00D27DF8 /* UIPageControlDemoViewController.m in Sources */,
				1828251228FFC5F600D2E4CF /* UIView+OCH.m in Sources */,
				188F2AAE290BDEE70046FB65 /* OCHValueStepper.m in Sources */,
				1862D00C293851C400037DB2 /* ReactiveObjCDemoViewModel.m in Sources */,
				183C5A082935963400D27DF8 /* OCHPageViewController.m in Sources */,
				188CA46328F112EF00EF106E /* DVPieChartDemoViewController.m in Sources */,
				188F2AAB290BDE740046FB65 /* OCHValueStepperDemoController.m in Sources */,
				18BB4051294076BB001983AD /* OCHWebViewController.m in Sources */,
				18CE4056290268590075C1A6 /* UIButtonDemoViewController.m in Sources */,
				18E94E1A29431F9A000C2523 /* UINavigationBarDemoController.m in Sources */,
				183C5A0C2935A93600D27DF8 /* OCHPageViewControllerDemoController.m in Sources */,
				188CA46E28F1147000EF106E /* DVFoodPieModel.m in Sources */,
				188CA46D28F1147000EF106E /* DVPieChart.m in Sources */,
				185D9C352946C47F005B29CB /* UIModalPresentationStyleViewController.m in Sources */,
				18E4175428E44E740035BDA7 /* main.m in Sources */,
				189AE7182927B1550095466B /* UIViewController+OCH.m in Sources */,
				18AAC2E2291F3B76009F49D1 /* TestA.m in Sources */,
				18E9AAFB2914B98C00D9D614 /* OCHAppConfig.m in Sources */,
				182824FA28FF8BA400D2E4CF /* UITableViewDemoViewController.m in Sources */,
				1811B83828F423DD0074418B /* OCHScrollViewController.m in Sources */,
				1853C4F128F3EE6C00245003 /* UIKitUISearchbarDemoViewController.m in Sources */,
				18A2026F2938C01E00C5B7EC /* UISearchControllerDemoController.m in Sources */,
				18E221B22913D9F300660A7F /* OneMapKitDemoViewController.m in Sources */,
				44890BA728E831C300C395D9 /* UIKitDemoViewController.m in Sources */,
				1891138F2934B55A008B4D7F /* UIControlEvents+OCH.m in Sources */,
			);
			runOnlyForDeploymentPostprocessing = 0;
		};
		18E4175528E44E740035BDA7 /* Sources */ = {
			isa = PBXSourcesBuildPhase;
			buildActionMask = 2147483647;
			files = (
				18E4175E28E44E740035BDA7 /* ObjectiveCHelperTests.m in Sources */,
			);
			runOnlyForDeploymentPostprocessing = 0;
		};
		18E4175F28E44E740035BDA7 /* Sources */ = {
			isa = PBXSourcesBuildPhase;
			buildActionMask = 2147483647;
			files = (
				18E4176A28E44E740035BDA7 /* ObjectiveCHelperUITestsLaunchTests.m in Sources */,
				18E4176828E44E740035BDA7 /* ObjectiveCHelperUITests.m in Sources */,
			);
			runOnlyForDeploymentPostprocessing = 0;
		};
/* End PBXSourcesBuildPhase section */

/* Begin PBXTargetDependency section */
		18E4175B28E44E740035BDA7 /* PBXTargetDependency */ = {
			isa = PBXTargetDependency;
			target = 18E4173D28E44E720035BDA7 /* ObjectiveCHelper */;
			targetProxy = 18E4175A28E44E740035BDA7 /* PBXContainerItemProxy */;
		};
		18E4176528E44E740035BDA7 /* PBXTargetDependency */ = {
			isa = PBXTargetDependency;
			target = 18E4173D28E44E720035BDA7 /* ObjectiveCHelper */;
			targetProxy = 18E4176428E44E740035BDA7 /* PBXContainerItemProxy */;
		};
/* End PBXTargetDependency section */

/* Begin PBXVariantGroup section */
		18E4174F28E44E740035BDA7 /* LaunchScreen.storyboard */ = {
			isa = PBXVariantGroup;
			children = (
				18E4175028E44E740035BDA7 /* Base */,
			);
			name = LaunchScreen.storyboard;
			sourceTree = "<group>";
		};
/* End PBXVariantGroup section */

/* Begin XCBuildConfiguration section */
		18E4176B28E44E740035BDA7 /* Debug */ = {
			isa = XCBuildConfiguration;
			buildSettings = {
				ALWAYS_SEARCH_USER_PATHS = NO;
				CLANG_ANALYZER_NONNULL = YES;
				CLANG_ANALYZER_NUMBER_OBJECT_CONVERSION = YES_AGGRESSIVE;
				CLANG_CXX_LANGUAGE_STANDARD = "gnu++17";
				CLANG_ENABLE_MODULES = YES;
				CLANG_ENABLE_OBJC_ARC = YES;
				CLANG_ENABLE_OBJC_WEAK = YES;
				CLANG_WARN_BLOCK_CAPTURE_AUTORELEASING = YES;
				CLANG_WARN_BOOL_CONVERSION = YES;
				CLANG_WARN_COMMA = YES;
				CLANG_WARN_CONSTANT_CONVERSION = YES;
				CLANG_WARN_DEPRECATED_OBJC_IMPLEMENTATIONS = YES;
				CLANG_WARN_DIRECT_OBJC_ISA_USAGE = YES_ERROR;
				CLANG_WARN_DOCUMENTATION_COMMENTS = YES;
				CLANG_WARN_EMPTY_BODY = YES;
				CLANG_WARN_ENUM_CONVERSION = YES;
				CLANG_WARN_INFINITE_RECURSION = YES;
				CLANG_WARN_INT_CONVERSION = YES;
				CLANG_WARN_NON_LITERAL_NULL_CONVERSION = YES;
				CLANG_WARN_OBJC_IMPLICIT_RETAIN_SELF = YES;
				CLANG_WARN_OBJC_LITERAL_CONVERSION = YES;
				CLANG_WARN_OBJC_ROOT_CLASS = YES_ERROR;
				CLANG_WARN_QUOTED_INCLUDE_IN_FRAMEWORK_HEADER = YES;
				CLANG_WARN_RANGE_LOOP_ANALYSIS = YES;
				CLANG_WARN_STRICT_PROTOTYPES = YES;
				CLANG_WARN_SUSPICIOUS_MOVE = YES;
				CLANG_WARN_UNGUARDED_AVAILABILITY = YES_AGGRESSIVE;
				CLANG_WARN_UNREACHABLE_CODE = YES;
				CLANG_WARN__DUPLICATE_METHOD_MATCH = YES;
				COPY_PHASE_STRIP = NO;
				DEBUG_INFORMATION_FORMAT = dwarf;
				ENABLE_STRICT_OBJC_MSGSEND = YES;
				ENABLE_TESTABILITY = YES;
				GCC_C_LANGUAGE_STANDARD = gnu11;
				GCC_DYNAMIC_NO_PIC = NO;
				GCC_NO_COMMON_BLOCKS = YES;
				GCC_OPTIMIZATION_LEVEL = 0;
				GCC_PREPROCESSOR_DEFINITIONS = (
					"DEBUG=1",
					"$(inherited)",
				);
				GCC_WARN_64_TO_32_BIT_CONVERSION = YES;
				GCC_WARN_ABOUT_RETURN_TYPE = YES_ERROR;
				GCC_WARN_UNDECLARED_SELECTOR = YES;
				GCC_WARN_UNINITIALIZED_AUTOS = YES_AGGRESSIVE;
				GCC_WARN_UNUSED_FUNCTION = YES;
				GCC_WARN_UNUSED_VARIABLE = YES;
				IPHONEOS_DEPLOYMENT_TARGET = 11.0;
				MTL_ENABLE_DEBUG_INFO = INCLUDE_SOURCE;
				MTL_FAST_MATH = YES;
				ONLY_ACTIVE_ARCH = YES;
				SDKROOT = iphoneos;
			};
			name = Debug;
		};
		18E4176C28E44E740035BDA7 /* Release */ = {
			isa = XCBuildConfiguration;
			buildSettings = {
				ALWAYS_SEARCH_USER_PATHS = NO;
				CLANG_ANALYZER_NONNULL = YES;
				CLANG_ANALYZER_NUMBER_OBJECT_CONVERSION = YES_AGGRESSIVE;
				CLANG_CXX_LANGUAGE_STANDARD = "gnu++17";
				CLANG_ENABLE_MODULES = YES;
				CLANG_ENABLE_OBJC_ARC = YES;
				CLANG_ENABLE_OBJC_WEAK = YES;
				CLANG_WARN_BLOCK_CAPTURE_AUTORELEASING = YES;
				CLANG_WARN_BOOL_CONVERSION = YES;
				CLANG_WARN_COMMA = YES;
				CLANG_WARN_CONSTANT_CONVERSION = YES;
				CLANG_WARN_DEPRECATED_OBJC_IMPLEMENTATIONS = YES;
				CLANG_WARN_DIRECT_OBJC_ISA_USAGE = YES_ERROR;
				CLANG_WARN_DOCUMENTATION_COMMENTS = YES;
				CLANG_WARN_EMPTY_BODY = YES;
				CLANG_WARN_ENUM_CONVERSION = YES;
				CLANG_WARN_INFINITE_RECURSION = YES;
				CLANG_WARN_INT_CONVERSION = YES;
				CLANG_WARN_NON_LITERAL_NULL_CONVERSION = YES;
				CLANG_WARN_OBJC_IMPLICIT_RETAIN_SELF = YES;
				CLANG_WARN_OBJC_LITERAL_CONVERSION = YES;
				CLANG_WARN_OBJC_ROOT_CLASS = YES_ERROR;
				CLANG_WARN_QUOTED_INCLUDE_IN_FRAMEWORK_HEADER = YES;
				CLANG_WARN_RANGE_LOOP_ANALYSIS = YES;
				CLANG_WARN_STRICT_PROTOTYPES = YES;
				CLANG_WARN_SUSPICIOUS_MOVE = YES;
				CLANG_WARN_UNGUARDED_AVAILABILITY = YES_AGGRESSIVE;
				CLANG_WARN_UNREACHABLE_CODE = YES;
				CLANG_WARN__DUPLICATE_METHOD_MATCH = YES;
				COPY_PHASE_STRIP = NO;
				DEBUG_INFORMATION_FORMAT = "dwarf-with-dsym";
				ENABLE_NS_ASSERTIONS = NO;
				ENABLE_STRICT_OBJC_MSGSEND = YES;
				GCC_C_LANGUAGE_STANDARD = gnu11;
				GCC_NO_COMMON_BLOCKS = YES;
				GCC_WARN_64_TO_32_BIT_CONVERSION = YES;
				GCC_WARN_ABOUT_RETURN_TYPE = YES_ERROR;
				GCC_WARN_UNDECLARED_SELECTOR = YES;
				GCC_WARN_UNINITIALIZED_AUTOS = YES_AGGRESSIVE;
				GCC_WARN_UNUSED_FUNCTION = YES;
				GCC_WARN_UNUSED_VARIABLE = YES;
				IPHONEOS_DEPLOYMENT_TARGET = 11.0;
				MTL_ENABLE_DEBUG_INFO = NO;
				MTL_FAST_MATH = YES;
				SDKROOT = iphoneos;
				VALIDATE_PRODUCT = YES;
			};
			name = Release;
		};
		18E4176E28E44E740035BDA7 /* Debug */ = {
			isa = XCBuildConfiguration;
			baseConfigurationReference = B3A9A30B7024EFB729FD4138 /* Pods-ObjectiveCHelper.debug.xcconfig */;
			buildSettings = {
				ASSETCATALOG_COMPILER_APPICON_NAME = AppIcon;
				ASSETCATALOG_COMPILER_GLOBAL_ACCENT_COLOR_NAME = AccentColor;
				CLANG_ENABLE_MODULES = YES;
				CODE_SIGN_STYLE = Automatic;
				CURRENT_PROJECT_VERSION = 1;
				DEVELOPMENT_TEAM = D6NGHAR2FG;
				GCC_PRECOMPILE_PREFIX_HEADER = YES;
				GCC_PREFIX_HEADER = "$(SRCROOT)/ObjectiveCHelper/OCHPrefixHeader.pch";
				GENERATE_INFOPLIST_FILE = YES;
				INFOPLIST_FILE = ObjectiveCHelper/Info.plist;
				INFOPLIST_KEY_CFBundleDisplayName = ObjectiveCHelper;
				INFOPLIST_KEY_NSLocationAlwaysUsageDescription = "Location Always Usage Description";
				INFOPLIST_KEY_NSLocationWhenInUseUsageDescription = "Location When In Use Usage Description";
				INFOPLIST_KEY_UIApplicationSupportsIndirectInputEvents = YES;
				INFOPLIST_KEY_UILaunchStoryboardName = LaunchScreen;
				INFOPLIST_KEY_UISupportedInterfaceOrientations_iPad = "UIInterfaceOrientationPortrait UIInterfaceOrientationPortraitUpsideDown UIInterfaceOrientationLandscapeLeft UIInterfaceOrientationLandscapeRight";
				INFOPLIST_KEY_UISupportedInterfaceOrientations_iPhone = "UIInterfaceOrientationPortrait UIInterfaceOrientationLandscapeLeft UIInterfaceOrientationLandscapeRight";
				IPHONEOS_DEPLOYMENT_TARGET = 14.0;
				LD_RUNPATH_SEARCH_PATHS = (
					"$(inherited)",
					"@executable_path/Frameworks",
				);
				MARKETING_VERSION = 1.0;
				PRODUCT_BUNDLE_IDENTIFIER = com.sauronpi.ObjectiveCHelper;
				PRODUCT_NAME = "$(TARGET_NAME)";
				SWIFT_EMIT_LOC_STRINGS = YES;
				SWIFT_OBJC_BRIDGING_HEADER = "ObjectiveCHelper/ObjectiveCHelper-Bridging-Header.h";
				SWIFT_OPTIMIZATION_LEVEL = "-Onone";
				SWIFT_VERSION = 5.0;
				TARGETED_DEVICE_FAMILY = "1,2";
			};
			name = Debug;
		};
		18E4176F28E44E740035BDA7 /* Release */ = {
			isa = XCBuildConfiguration;
			baseConfigurationReference = A99D8F424D160311A5B86A3A /* Pods-ObjectiveCHelper.release.xcconfig */;
			buildSettings = {
				ASSETCATALOG_COMPILER_APPICON_NAME = AppIcon;
				ASSETCATALOG_COMPILER_GLOBAL_ACCENT_COLOR_NAME = AccentColor;
				CLANG_ENABLE_MODULES = YES;
				CODE_SIGN_STYLE = Automatic;
				CURRENT_PROJECT_VERSION = 1;
				DEVELOPMENT_TEAM = D6NGHAR2FG;
				GCC_PRECOMPILE_PREFIX_HEADER = YES;
				GCC_PREFIX_HEADER = "$(SRCROOT)/ObjectiveCHelper/OCHPrefixHeader.pch";
				GENERATE_INFOPLIST_FILE = YES;
				INFOPLIST_FILE = ObjectiveCHelper/Info.plist;
				INFOPLIST_KEY_CFBundleDisplayName = ObjectiveCHelper;
				INFOPLIST_KEY_NSLocationAlwaysUsageDescription = "Location Always Usage Description";
				INFOPLIST_KEY_NSLocationWhenInUseUsageDescription = "Location When In Use Usage Description";
				INFOPLIST_KEY_UIApplicationSupportsIndirectInputEvents = YES;
				INFOPLIST_KEY_UILaunchStoryboardName = LaunchScreen;
				INFOPLIST_KEY_UISupportedInterfaceOrientations_iPad = "UIInterfaceOrientationPortrait UIInterfaceOrientationPortraitUpsideDown UIInterfaceOrientationLandscapeLeft UIInterfaceOrientationLandscapeRight";
				INFOPLIST_KEY_UISupportedInterfaceOrientations_iPhone = "UIInterfaceOrientationPortrait UIInterfaceOrientationLandscapeLeft UIInterfaceOrientationLandscapeRight";
				IPHONEOS_DEPLOYMENT_TARGET = 11.0;
				LD_RUNPATH_SEARCH_PATHS = (
					"$(inherited)",
					"@executable_path/Frameworks",
				);
				MARKETING_VERSION = 1.0;
				PRODUCT_BUNDLE_IDENTIFIER = com.sauronpi.ObjectiveCHelper;
				PRODUCT_NAME = "$(TARGET_NAME)";
				SWIFT_EMIT_LOC_STRINGS = YES;
				SWIFT_OBJC_BRIDGING_HEADER = "ObjectiveCHelper/ObjectiveCHelper-Bridging-Header.h";
				SWIFT_VERSION = 5.0;
				TARGETED_DEVICE_FAMILY = "1,2";
			};
			name = Release;
		};
		18E4177128E44E740035BDA7 /* Debug */ = {
			isa = XCBuildConfiguration;
			baseConfigurationReference = 365375EE3E48A83C249D7C5C /* Pods-ObjectiveCHelperTests.debug.xcconfig */;
			buildSettings = {
				ALWAYS_EMBED_SWIFT_STANDARD_LIBRARIES = YES;
				BUNDLE_LOADER = "$(TEST_HOST)";
				CODE_SIGN_STYLE = Automatic;
				CURRENT_PROJECT_VERSION = 1;
				GENERATE_INFOPLIST_FILE = YES;
				IPHONEOS_DEPLOYMENT_TARGET = 15.5;
				MARKETING_VERSION = 1.0;
				PRODUCT_BUNDLE_IDENTIFIER = com.sauronpi.ObjectiveCHelperTests;
				PRODUCT_NAME = "$(TARGET_NAME)";
				SWIFT_EMIT_LOC_STRINGS = NO;
				TARGETED_DEVICE_FAMILY = "1,2";
				TEST_HOST = "$(BUILT_PRODUCTS_DIR)/ObjectiveCHelper.app/ObjectiveCHelper";
			};
			name = Debug;
		};
		18E4177228E44E740035BDA7 /* Release */ = {
			isa = XCBuildConfiguration;
			baseConfigurationReference = F9D80E1F8D900288F2A696FE /* Pods-ObjectiveCHelperTests.release.xcconfig */;
			buildSettings = {
				ALWAYS_EMBED_SWIFT_STANDARD_LIBRARIES = YES;
				BUNDLE_LOADER = "$(TEST_HOST)";
				CODE_SIGN_STYLE = Automatic;
				CURRENT_PROJECT_VERSION = 1;
				GENERATE_INFOPLIST_FILE = YES;
				IPHONEOS_DEPLOYMENT_TARGET = 15.5;
				MARKETING_VERSION = 1.0;
				PRODUCT_BUNDLE_IDENTIFIER = com.sauronpi.ObjectiveCHelperTests;
				PRODUCT_NAME = "$(TARGET_NAME)";
				SWIFT_EMIT_LOC_STRINGS = NO;
				TARGETED_DEVICE_FAMILY = "1,2";
				TEST_HOST = "$(BUILT_PRODUCTS_DIR)/ObjectiveCHelper.app/ObjectiveCHelper";
			};
			name = Release;
		};
		18E4177428E44E740035BDA7 /* Debug */ = {
			isa = XCBuildConfiguration;
			baseConfigurationReference = E42F9BC40553364C53236AEA /* Pods-ObjectiveCHelper-ObjectiveCHelperUITests.debug.xcconfig */;
			buildSettings = {
				ALWAYS_EMBED_SWIFT_STANDARD_LIBRARIES = YES;
				CODE_SIGN_STYLE = Automatic;
				CURRENT_PROJECT_VERSION = 1;
				GENERATE_INFOPLIST_FILE = YES;
				MARKETING_VERSION = 1.0;
				PRODUCT_BUNDLE_IDENTIFIER = com.sauronpi.ObjectiveCHelperUITests;
				PRODUCT_NAME = "$(TARGET_NAME)";
				SWIFT_EMIT_LOC_STRINGS = NO;
				TARGETED_DEVICE_FAMILY = "1,2";
				TEST_TARGET_NAME = ObjectiveCHelper;
			};
			name = Debug;
		};
		18E4177528E44E740035BDA7 /* Release */ = {
			isa = XCBuildConfiguration;
			baseConfigurationReference = AB1338BD3FFDE0A3A0580670 /* Pods-ObjectiveCHelper-ObjectiveCHelperUITests.release.xcconfig */;
			buildSettings = {
				ALWAYS_EMBED_SWIFT_STANDARD_LIBRARIES = YES;
				CODE_SIGN_STYLE = Automatic;
				CURRENT_PROJECT_VERSION = 1;
				GENERATE_INFOPLIST_FILE = YES;
				MARKETING_VERSION = 1.0;
				PRODUCT_BUNDLE_IDENTIFIER = com.sauronpi.ObjectiveCHelperUITests;
				PRODUCT_NAME = "$(TARGET_NAME)";
				SWIFT_EMIT_LOC_STRINGS = NO;
				TARGETED_DEVICE_FAMILY = "1,2";
				TEST_TARGET_NAME = ObjectiveCHelper;
			};
			name = Release;
		};
/* End XCBuildConfiguration section */

/* Begin XCConfigurationList section */
		18E4173928E44E720035BDA7 /* Build configuration list for PBXProject "ObjectiveCHelper" */ = {
			isa = XCConfigurationList;
			buildConfigurations = (
				18E4176B28E44E740035BDA7 /* Debug */,
				18E4176C28E44E740035BDA7 /* Release */,
			);
			defaultConfigurationIsVisible = 0;
			defaultConfigurationName = Release;
		};
		18E4176D28E44E740035BDA7 /* Build configuration list for PBXNativeTarget "ObjectiveCHelper" */ = {
			isa = XCConfigurationList;
			buildConfigurations = (
				18E4176E28E44E740035BDA7 /* Debug */,
				18E4176F28E44E740035BDA7 /* Release */,
			);
			defaultConfigurationIsVisible = 0;
			defaultConfigurationName = Release;
		};
		18E4177028E44E740035BDA7 /* Build configuration list for PBXNativeTarget "ObjectiveCHelperTests" */ = {
			isa = XCConfigurationList;
			buildConfigurations = (
				18E4177128E44E740035BDA7 /* Debug */,
				18E4177228E44E740035BDA7 /* Release */,
			);
			defaultConfigurationIsVisible = 0;
			defaultConfigurationName = Release;
		};
		18E4177328E44E740035BDA7 /* Build configuration list for PBXNativeTarget "ObjectiveCHelperUITests" */ = {
			isa = XCConfigurationList;
			buildConfigurations = (
				18E4177428E44E740035BDA7 /* Debug */,
				18E4177528E44E740035BDA7 /* Release */,
			);
			defaultConfigurationIsVisible = 0;
			defaultConfigurationName = Release;
		};
/* End XCConfigurationList section */
	};
	rootObject = 18E4173628E44E720035BDA7 /* Project object */;
}
